// !$*UTF8*$!
{
	archiveVersion = 1;
	classes = {
	};
	objectVersion = 46;
	objects = {

/* Begin PBXBuildFile section */
		F814F1021A3F53BD00A5D4AA /* PostViewController.m in Sources */ = {isa = PBXBuildFile; fileRef = F814F1011A3F53BD00A5D4AA /* PostViewController.m */; };
		F8750ED31B2F5D98005C86BE /* LoginRadius.framework in Frameworks */ = {isa = PBXBuildFile; fileRef = F8750ED21B2F5D98005C86BE /* LoginRadius.framework */; };
		F8AF1D351A3204E400FD33E1 /* main.m in Sources */ = {isa = PBXBuildFile; fileRef = F8AF1D341A3204E400FD33E1 /* main.m */; };
		F8AF1D381A3204E400FD33E1 /* AppDelegate.m in Sources */ = {isa = PBXBuildFile; fileRef = F8AF1D371A3204E400FD33E1 /* AppDelegate.m */; };
		F8AF1D3E1A3204E400FD33E1 /* DetailViewController.m in Sources */ = {isa = PBXBuildFile; fileRef = F8AF1D3D1A3204E400FD33E1 /* DetailViewController.m */; };
		F8AF1D411A3204E400FD33E1 /* Main.storyboard in Resources */ = {isa = PBXBuildFile; fileRef = F8AF1D3F1A3204E400FD33E1 /* Main.storyboard */; };
		F8AF1D431A3204E400FD33E1 /* Images.xcassets in Resources */ = {isa = PBXBuildFile; fileRef = F8AF1D421A3204E400FD33E1 /* Images.xcassets */; };
		F8AF1D461A3204E400FD33E1 /* LaunchScreen.xib in Resources */ = {isa = PBXBuildFile; fileRef = F8AF1D441A3204E400FD33E1 /* LaunchScreen.xib */; };
		F8AF1D521A3204E500FD33E1 /* BasicDemo2_0Tests.m in Sources */ = {isa = PBXBuildFile; fileRef = F8AF1D511A3204E500FD33E1 /* BasicDemo2_0Tests.m */; };
		F8E91FB51B25F358005F988D /* FBSDKLoginKit.framework in Frameworks */ = {isa = PBXBuildFile; fileRef = F8E91FB41B25F358005F988D /* FBSDKLoginKit.framework */; };
		F8E91FB91B25F585005F988D /* FBSDKCoreKit.framework in Frameworks */ = {isa = PBXBuildFile; fileRef = F8E91FB81B25F585005F988D /* FBSDKCoreKit.framework */; };
/* End PBXBuildFile section */

/* Begin PBXContainerItemProxy section */
		F8AF1D4C1A3204E400FD33E1 /* PBXContainerItemProxy */ = {
			isa = PBXContainerItemProxy;
			containerPortal = F8AF1D271A3204E400FD33E1 /* Project object */;
			proxyType = 1;
			remoteGlobalIDString = F8AF1D2E1A3204E400FD33E1;
			remoteInfo = BasicDemo2.0;
		};
/* End PBXContainerItemProxy section */

/* Begin PBXFileReference section */
		F814F1001A3F53BD00A5D4AA /* PostViewController.h */ = {isa = PBXFileReference; fileEncoding = 4; lastKnownFileType = sourcecode.c.h; path = PostViewController.h; sourceTree = "<group>"; };
		F814F1011A3F53BD00A5D4AA /* PostViewController.m */ = {isa = PBXFileReference; fileEncoding = 4; lastKnownFileType = sourcecode.c.objc; path = PostViewController.m; sourceTree = "<group>"; };
		F8750ED21B2F5D98005C86BE /* LoginRadius.framework */ = {isa = PBXFileReference; lastKnownFileType = wrapper.framework; path = LoginRadius.framework; sourceTree = "<group>"; };
		F8AF1D2F1A3204E400FD33E1 /* SocialLogin.app */ = {isa = PBXFileReference; explicitFileType = wrapper.application; includeInIndex = 0; path = SocialLogin.app; sourceTree = BUILT_PRODUCTS_DIR; };
		F8AF1D331A3204E400FD33E1 /* Info.plist */ = {isa = PBXFileReference; lastKnownFileType = text.plist.xml; path = Info.plist; sourceTree = "<group>"; };
		F8AF1D341A3204E400FD33E1 /* main.m */ = {isa = PBXFileReference; lastKnownFileType = sourcecode.c.objc; path = main.m; sourceTree = "<group>"; };
		F8AF1D361A3204E400FD33E1 /* AppDelegate.h */ = {isa = PBXFileReference; lastKnownFileType = sourcecode.c.h; path = AppDelegate.h; sourceTree = "<group>"; };
		F8AF1D371A3204E400FD33E1 /* AppDelegate.m */ = {isa = PBXFileReference; lastKnownFileType = sourcecode.c.objc; path = AppDelegate.m; sourceTree = "<group>"; };
		F8AF1D3C1A3204E400FD33E1 /* DetailViewController.h */ = {isa = PBXFileReference; lastKnownFileType = sourcecode.c.h; path = DetailViewController.h; sourceTree = "<group>"; };
		F8AF1D3D1A3204E400FD33E1 /* DetailViewController.m */ = {isa = PBXFileReference; lastKnownFileType = sourcecode.c.objc; path = DetailViewController.m; sourceTree = "<group>"; };
		F8AF1D401A3204E400FD33E1 /* Base */ = {isa = PBXFileReference; lastKnownFileType = file.storyboard; name = Base; path = Base.lproj/Main.storyboard; sourceTree = "<group>"; };
		F8AF1D421A3204E400FD33E1 /* Images.xcassets */ = {isa = PBXFileReference; lastKnownFileType = folder.assetcatalog; path = Images.xcassets; sourceTree = "<group>"; };
		F8AF1D451A3204E400FD33E1 /* Base */ = {isa = PBXFileReference; lastKnownFileType = file.xib; name = Base; path = Base.lproj/LaunchScreen.xib; sourceTree = "<group>"; };
		F8AF1D4B1A3204E400FD33E1 /* SocialLoginTests.xctest */ = {isa = PBXFileReference; explicitFileType = wrapper.cfbundle; includeInIndex = 0; path = SocialLoginTests.xctest; sourceTree = BUILT_PRODUCTS_DIR; };
		F8AF1D501A3204E500FD33E1 /* Info.plist */ = {isa = PBXFileReference; lastKnownFileType = text.plist.xml; path = Info.plist; sourceTree = "<group>"; };
		F8AF1D511A3204E500FD33E1 /* BasicDemo2_0Tests.m */ = {isa = PBXFileReference; lastKnownFileType = sourcecode.c.objc; path = BasicDemo2_0Tests.m; sourceTree = "<group>"; };
		F8AF1D881A32090F00FD33E1 /* LoginRadiusConfiguration.h */ = {isa = PBXFileReference; lastKnownFileType = sourcecode.c.h; path = LoginRadiusConfiguration.h; sourceTree = "<group>"; };
		F8E91FB41B25F358005F988D /* FBSDKLoginKit.framework */ = {isa = PBXFileReference; lastKnownFileType = wrapper.framework; path = FBSDKLoginKit.framework; sourceTree = "<group>"; };
		F8E91FB81B25F585005F988D /* FBSDKCoreKit.framework */ = {isa = PBXFileReference; lastKnownFileType = wrapper.framework; path = FBSDKCoreKit.framework; sourceTree = "<group>"; };
/* End PBXFileReference section */

/* Begin PBXFrameworksBuildPhase section */
		F8AF1D2C1A3204E400FD33E1 /* Frameworks */ = {
			isa = PBXFrameworksBuildPhase;
			buildActionMask = 2147483647;
			files = (
				F8750ED31B2F5D98005C86BE /* LoginRadius.framework in Frameworks */,
				F8E91FB91B25F585005F988D /* FBSDKCoreKit.framework in Frameworks */,
				F8E91FB51B25F358005F988D /* FBSDKLoginKit.framework in Frameworks */,
			);
			runOnlyForDeploymentPostprocessing = 0;
		};
		F8AF1D481A3204E400FD33E1 /* Frameworks */ = {
			isa = PBXFrameworksBuildPhase;
			buildActionMask = 2147483647;
			files = (
			);
			runOnlyForDeploymentPostprocessing = 0;
		};
/* End PBXFrameworksBuildPhase section */

/* Begin PBXGroup section */
		F81A0C611B2A5AF7001B267E /* Frameworks */ = {
			isa = PBXGroup;
			children = (
				F8750ED21B2F5D98005C86BE /* LoginRadius.framework */,
				F8E91FB41B25F358005F988D /* FBSDKLoginKit.framework */,
				F8E91FB81B25F585005F988D /* FBSDKCoreKit.framework */,
			);
			name = Frameworks;
			sourceTree = "<group>";
		};
		F8AF1D261A3204E400FD33E1 = {
			isa = PBXGroup;
			children = (
				F8AF1D311A3204E400FD33E1 /* BasicDemo2.0 */,
				F8AF1D4E1A3204E500FD33E1 /* BasicDemo2.0Tests */,
				F8AF1D301A3204E400FD33E1 /* Products */,
				F81A0C611B2A5AF7001B267E /* Frameworks */,
			);
			sourceTree = "<group>";
		};
		F8AF1D301A3204E400FD33E1 /* Products */ = {
			isa = PBXGroup;
			children = (
				F8AF1D2F1A3204E400FD33E1 /* SocialLogin.app */,
				F8AF1D4B1A3204E400FD33E1 /* SocialLoginTests.xctest */,
			);
			name = Products;
			sourceTree = "<group>";
		};
		F8AF1D311A3204E400FD33E1 /* BasicDemo2.0 */ = {
			isa = PBXGroup;
			children = (
				F8AF1D321A3204E400FD33E1 /* Supporting Files */,
				F8AF1D421A3204E400FD33E1 /* Images.xcassets */,
				F8AF1D3F1A3204E400FD33E1 /* Main.storyboard */,
				F8AF1D441A3204E400FD33E1 /* LaunchScreen.xib */,
				F8AF1D881A32090F00FD33E1 /* LoginRadiusConfiguration.h */,
				F8AF1D361A3204E400FD33E1 /* AppDelegate.h */,
				F8AF1D371A3204E400FD33E1 /* AppDelegate.m */,
				F8AF1D3C1A3204E400FD33E1 /* DetailViewController.h */,
				F8AF1D3D1A3204E400FD33E1 /* DetailViewController.m */,
				F814F1001A3F53BD00A5D4AA /* PostViewController.h */,
				F814F1011A3F53BD00A5D4AA /* PostViewController.m */,
			);
			path = BasicDemo2.0;
			sourceTree = "<group>";
		};
		F8AF1D321A3204E400FD33E1 /* Supporting Files */ = {
			isa = PBXGroup;
			children = (
				F8AF1D331A3204E400FD33E1 /* Info.plist */,
				F8AF1D341A3204E400FD33E1 /* main.m */,
			);
			name = "Supporting Files";
			sourceTree = "<group>";
		};
		F8AF1D4E1A3204E500FD33E1 /* BasicDemo2.0Tests */ = {
			isa = PBXGroup;
			children = (
				F8AF1D511A3204E500FD33E1 /* BasicDemo2_0Tests.m */,
				F8AF1D4F1A3204E500FD33E1 /* Supporting Files */,
			);
			path = BasicDemo2.0Tests;
			sourceTree = "<group>";
		};
		F8AF1D4F1A3204E500FD33E1 /* Supporting Files */ = {
			isa = PBXGroup;
			children = (
				F8AF1D501A3204E500FD33E1 /* Info.plist */,
			);
			name = "Supporting Files";
			sourceTree = "<group>";
		};
/* End PBXGroup section */

/* Begin PBXNativeTarget section */
		F8AF1D2E1A3204E400FD33E1 /* SocialLogin */ = {
			isa = PBXNativeTarget;
			buildConfigurationList = F8AF1D551A3204E500FD33E1 /* Build configuration list for PBXNativeTarget "SocialLogin" */;
			buildPhases = (
				F8AF1D2B1A3204E400FD33E1 /* Sources */,
				F8AF1D2C1A3204E400FD33E1 /* Frameworks */,
				F8AF1D2D1A3204E400FD33E1 /* Resources */,
			);
			buildRules = (
			);
			dependencies = (
			);
			name = SocialLogin;
			productName = BasicDemo2.0;
			productReference = F8AF1D2F1A3204E400FD33E1 /* SocialLogin.app */;
			productType = "com.apple.product-type.application";
		};
		F8AF1D4A1A3204E400FD33E1 /* SocialLoginTests */ = {
			isa = PBXNativeTarget;
			buildConfigurationList = F8AF1D581A3204E500FD33E1 /* Build configuration list for PBXNativeTarget "SocialLoginTests" */;
			buildPhases = (
				F8AF1D471A3204E400FD33E1 /* Sources */,
				F8AF1D481A3204E400FD33E1 /* Frameworks */,
				F8AF1D491A3204E400FD33E1 /* Resources */,
			);
			buildRules = (
			);
			dependencies = (
				F8AF1D4D1A3204E400FD33E1 /* PBXTargetDependency */,
			);
			name = SocialLoginTests;
			productName = BasicDemo2.0Tests;
			productReference = F8AF1D4B1A3204E400FD33E1 /* SocialLoginTests.xctest */;
			productType = "com.apple.product-type.bundle.unit-test";
		};
/* End PBXNativeTarget section */

/* Begin PBXProject section */
		F8AF1D271A3204E400FD33E1 /* Project object */ = {
			isa = PBXProject;
			attributes = {
				LastUpgradeCheck = 0610;
				ORGANIZATIONNAME = LoginRadius;
				TargetAttributes = {
					F8AF1D2E1A3204E400FD33E1 = {
						CreatedOnToolsVersion = 6.1;
						DevelopmentTeam = ALKGCW9CD6;
					};
					F8AF1D4A1A3204E400FD33E1 = {
						CreatedOnToolsVersion = 6.1;
						TestTargetID = F8AF1D2E1A3204E400FD33E1;
					};
				};
			};
			buildConfigurationList = F8AF1D2A1A3204E400FD33E1 /* Build configuration list for PBXProject "SocialLogin" */;
			compatibilityVersion = "Xcode 3.2";
			developmentRegion = English;
			hasScannedForEncodings = 0;
			knownRegions = (
				en,
				Base,
			);
			mainGroup = F8AF1D261A3204E400FD33E1;
			productRefGroup = F8AF1D301A3204E400FD33E1 /* Products */;
			projectDirPath = "";
			projectRoot = "";
			targets = (
				F8AF1D2E1A3204E400FD33E1 /* SocialLogin */,
				F8AF1D4A1A3204E400FD33E1 /* SocialLoginTests */,
			);
		};
/* End PBXProject section */

/* Begin PBXResourcesBuildPhase section */
		F8AF1D2D1A3204E400FD33E1 /* Resources */ = {
			isa = PBXResourcesBuildPhase;
			buildActionMask = 2147483647;
			files = (
				F8AF1D411A3204E400FD33E1 /* Main.storyboard in Resources */,
				F8AF1D461A3204E400FD33E1 /* LaunchScreen.xib in Resources */,
				F8AF1D431A3204E400FD33E1 /* Images.xcassets in Resources */,
			);
			runOnlyForDeploymentPostprocessing = 0;
		};
		F8AF1D491A3204E400FD33E1 /* Resources */ = {
			isa = PBXResourcesBuildPhase;
			buildActionMask = 2147483647;
			files = (
			);
			runOnlyForDeploymentPostprocessing = 0;
		};
/* End PBXResourcesBuildPhase section */

/* Begin PBXSourcesBuildPhase section */
		F8AF1D2B1A3204E400FD33E1 /* Sources */ = {
			isa = PBXSourcesBuildPhase;
			buildActionMask = 2147483647;
			files = (
				F8AF1D381A3204E400FD33E1 /* AppDelegate.m in Sources */,
				F8AF1D351A3204E400FD33E1 /* main.m in Sources */,
				F8AF1D3E1A3204E400FD33E1 /* DetailViewController.m in Sources */,
				F814F1021A3F53BD00A5D4AA /* PostViewController.m in Sources */,
			);
			runOnlyForDeploymentPostprocessing = 0;
		};
		F8AF1D471A3204E400FD33E1 /* Sources */ = {
			isa = PBXSourcesBuildPhase;
			buildActionMask = 2147483647;
			files = (
				F8AF1D521A3204E500FD33E1 /* BasicDemo2_0Tests.m in Sources */,
			);
			runOnlyForDeploymentPostprocessing = 0;
		};
/* End PBXSourcesBuildPhase section */

/* Begin PBXTargetDependency section */
		F8AF1D4D1A3204E400FD33E1 /* PBXTargetDependency */ = {
			isa = PBXTargetDependency;
			target = F8AF1D2E1A3204E400FD33E1 /* SocialLogin */;
			targetProxy = F8AF1D4C1A3204E400FD33E1 /* PBXContainerItemProxy */;
		};
/* End PBXTargetDependency section */

/* Begin PBXVariantGroup section */
		F8AF1D3F1A3204E400FD33E1 /* Main.storyboard */ = {
			isa = PBXVariantGroup;
			children = (
				F8AF1D401A3204E400FD33E1 /* Base */,
			);
			name = Main.storyboard;
			sourceTree = "<group>";
		};
		F8AF1D441A3204E400FD33E1 /* LaunchScreen.xib */ = {
			isa = PBXVariantGroup;
			children = (
				F8AF1D451A3204E400FD33E1 /* Base */,
			);
			name = LaunchScreen.xib;
			sourceTree = "<group>";
		};
/* End PBXVariantGroup section */

/* Begin XCBuildConfiguration section */
		F8AF1D531A3204E500FD33E1 /* Debug */ = {
			isa = XCBuildConfiguration;
			buildSettings = {
				ALWAYS_SEARCH_USER_PATHS = NO;
				CLANG_CXX_LANGUAGE_STANDARD = "gnu++0x";
				CLANG_CXX_LIBRARY = "libc++";
				CLANG_ENABLE_MODULES = YES;
				CLANG_ENABLE_OBJC_ARC = YES;
				CLANG_WARN_BOOL_CONVERSION = YES;
				CLANG_WARN_CONSTANT_CONVERSION = YES;
				CLANG_WARN_DIRECT_OBJC_ISA_USAGE = YES_ERROR;
				CLANG_WARN_EMPTY_BODY = YES;
				CLANG_WARN_ENUM_CONVERSION = YES;
				CLANG_WARN_INT_CONVERSION = YES;
				CLANG_WARN_OBJC_ROOT_CLASS = YES_ERROR;
				CLANG_WARN_UNREACHABLE_CODE = YES;
				CLANG_WARN__DUPLICATE_METHOD_MATCH = YES;
				"CODE_SIGN_IDENTITY[sdk=iphoneos*]" = "iPhone Developer";
				COPY_PHASE_STRIP = NO;
				ENABLE_STRICT_OBJC_MSGSEND = YES;
				GCC_C_LANGUAGE_STANDARD = gnu99;
				GCC_DYNAMIC_NO_PIC = NO;
				GCC_OPTIMIZATION_LEVEL = 0;
				GCC_PREPROCESSOR_DEFINITIONS = (
					"DEBUG=1",
					"$(inherited)",
				);
				GCC_SYMBOLS_PRIVATE_EXTERN = NO;
				GCC_WARN_64_TO_32_BIT_CONVERSION = YES;
				GCC_WARN_ABOUT_RETURN_TYPE = YES_ERROR;
				GCC_WARN_UNDECLARED_SELECTOR = YES;
				GCC_WARN_UNINITIALIZED_AUTOS = YES_AGGRESSIVE;
				GCC_WARN_UNUSED_FUNCTION = YES;
				GCC_WARN_UNUSED_VARIABLE = YES;
				IPHONEOS_DEPLOYMENT_TARGET = 8.1;
				MTL_ENABLE_DEBUG_INFO = YES;
				ONLY_ACTIVE_ARCH = YES;
				SDKROOT = iphoneos;
			};
			name = Debug;
		};
		F8AF1D541A3204E500FD33E1 /* Release */ = {
			isa = XCBuildConfiguration;
			buildSettings = {
				ALWAYS_SEARCH_USER_PATHS = NO;
				CLANG_CXX_LANGUAGE_STANDARD = "gnu++0x";
				CLANG_CXX_LIBRARY = "libc++";
				CLANG_ENABLE_MODULES = YES;
				CLANG_ENABLE_OBJC_ARC = YES;
				CLANG_WARN_BOOL_CONVERSION = YES;
				CLANG_WARN_CONSTANT_CONVERSION = YES;
				CLANG_WARN_DIRECT_OBJC_ISA_USAGE = YES_ERROR;
				CLANG_WARN_EMPTY_BODY = YES;
				CLANG_WARN_ENUM_CONVERSION = YES;
				CLANG_WARN_INT_CONVERSION = YES;
				CLANG_WARN_OBJC_ROOT_CLASS = YES_ERROR;
				CLANG_WARN_UNREACHABLE_CODE = YES;
				CLANG_WARN__DUPLICATE_METHOD_MATCH = YES;
				"CODE_SIGN_IDENTITY[sdk=iphoneos*]" = "iPhone Developer";
				COPY_PHASE_STRIP = YES;
				ENABLE_NS_ASSERTIONS = NO;
				ENABLE_STRICT_OBJC_MSGSEND = YES;
				GCC_C_LANGUAGE_STANDARD = gnu99;
				GCC_WARN_64_TO_32_BIT_CONVERSION = YES;
				GCC_WARN_ABOUT_RETURN_TYPE = YES_ERROR;
				GCC_WARN_UNDECLARED_SELECTOR = YES;
				GCC_WARN_UNINITIALIZED_AUTOS = YES_AGGRESSIVE;
				GCC_WARN_UNUSED_FUNCTION = YES;
				GCC_WARN_UNUSED_VARIABLE = YES;
				IPHONEOS_DEPLOYMENT_TARGET = 8.1;
				MTL_ENABLE_DEBUG_INFO = NO;
				ONLY_ACTIVE_ARCH = NO;
				SDKROOT = iphoneos;
				VALIDATE_PRODUCT = YES;
			};
			name = Release;
		};
		F8AF1D561A3204E500FD33E1 /* Debug */ = {
			isa = XCBuildConfiguration;
			buildSettings = {
				ASSETCATALOG_COMPILER_APPICON_NAME = AppIcon;
				CODE_SIGN_IDENTITY = "iPhone Developer";
				"CODE_SIGN_IDENTITY[sdk=iphoneos*]" = "iPhone Developer";
				COPY_PHASE_STRIP = NO;
				FRAMEWORK_SEARCH_PATHS = "$(PROJECT_DIR)";
				"GCC_PREPROCESSOR_DEFINITIONS[arch=*]" = (
					"LRDEBUG=1",
					"$(inherited)",
				);
				HEADER_SEARCH_PATHS = (
					"$(inherited)",
					/Applications/Xcode.app/Contents/Developer/Toolchains/XcodeDefault.xctoolchain/usr/include,
				);
				INFOPLIST_FILE = BasicDemo2.0/Info.plist;
				LD_RUNPATH_SEARCH_PATHS = "$(inherited) @executable_path/Frameworks";
				LIBRARY_SEARCH_PATHS = "$(PROJECT_DIR)";
				ONLY_ACTIVE_ARCH = YES;
				OTHER_LDFLAGS = (
					"-ObjC",
					"-all_load",
				);
				PRODUCT_NAME = SocialLogin;
				PROVISIONING_PROFILE = "";
				STRIP_STYLE = all;
				USER_HEADER_SEARCH_PATHS = "";
			};
			name = Debug;
		};
		F8AF1D571A3204E500FD33E1 /* Release */ = {
			isa = XCBuildConfiguration;
			buildSettings = {
				ASSETCATALOG_COMPILER_APPICON_NAME = AppIcon;
				CODE_SIGN_IDENTITY = "iPhone Developer";
				"CODE_SIGN_IDENTITY[sdk=iphoneos*]" = "iPhone Developer";
				COPY_PHASE_STRIP = YES;
				FRAMEWORK_SEARCH_PATHS = "$(PROJECT_DIR)";
				HEADER_SEARCH_PATHS = (
					"$(inherited)",
					/Applications/Xcode.app/Contents/Developer/Toolchains/XcodeDefault.xctoolchain/usr/include,
				);
				INFOPLIST_FILE = BasicDemo2.0/Info.plist;
				LD_RUNPATH_SEARCH_PATHS = "$(inherited) @executable_path/Frameworks";
				LIBRARY_SEARCH_PATHS = "$(PROJECT_DIR)";
				ONLY_ACTIVE_ARCH = NO;
				OTHER_LDFLAGS = (
					"-ObjC",
					"-all_load",
				);
				PRODUCT_NAME = SocialLogin;
				PROVISIONING_PROFILE = "";
				STRIP_STYLE = all;
				USER_HEADER_SEARCH_PATHS = "";
			};
			name = Release;
		};
		F8AF1D591A3204E500FD33E1 /* Debug */ = {
			isa = XCBuildConfiguration;
			buildSettings = {
				BUNDLE_LOADER = "$(TEST_HOST)";
				FRAMEWORK_SEARCH_PATHS = (
					"$(SDKROOT)/Developer/Library/Frameworks",
					"$(inherited)",
				);
				GCC_PREPROCESSOR_DEFINITIONS = (
					"DEBUG=1",
					"$(inherited)",
				);
				INFOPLIST_FILE = BasicDemo2.0Tests/Info.plist;
				LD_RUNPATH_SEARCH_PATHS = "$(inherited) @executable_path/Frameworks @loader_path/Frameworks";
				PRODUCT_NAME = SocialLoginTests;
				TEST_HOST = "$(BUILT_PRODUCTS_DIR)/BasicDemo2.0.app/BasicDemo2.0";
			};
			name = Debug;
		};
		F8AF1D5A1A3204E500FD33E1 /* Release */ = {
			isa = XCBuildConfiguration;
			buildSettings = {
				BUNDLE_LOADER = "$(TEST_HOST)";
				FRAMEWORK_SEARCH_PATHS = (
					"$(SDKROOT)/Developer/Library/Frameworks",
					"$(inherited)",
				);
				INFOPLIST_FILE = BasicDemo2.0Tests/Info.plist;
				LD_RUNPATH_SEARCH_PATHS = "$(inherited) @executable_path/Frameworks @loader_path/Frameworks";
				PRODUCT_NAME = SocialLoginTests;
				TEST_HOST = "$(BUILT_PRODUCTS_DIR)/BasicDemo2.0.app/BasicDemo2.0";
			};
			name = Release;
		};
/* End XCBuildConfiguration section */

/* Begin XCConfigurationList section */
		F8AF1D2A1A3204E400FD33E1 /* Build configuration list for PBXProject "SocialLogin" */ = {
			isa = XCConfigurationList;
			buildConfigurations = (
				F8AF1D531A3204E500FD33E1 /* Debug */,
				F8AF1D541A3204E500FD33E1 /* Release */,
			);
			defaultConfigurationIsVisible = 0;
			defaultConfigurationName = Release;
		};
		F8AF1D551A3204E500FD33E1 /* Build configuration list for PBXNativeTarget "SocialLogin" */ = {
			isa = XCConfigurationList;
			buildConfigurations = (
				F8AF1D561A3204E500FD33E1 /* Debug */,
				F8AF1D571A3204E500FD33E1 /* Release */,
			);
			defaultConfigurationIsVisible = 0;
			defaultConfigurationName = Release;
		};
		F8AF1D581A3204E500FD33E1 /* Build configuration list for PBXNativeTarget "SocialLoginTests" */ = {
			isa = XCConfigurationList;
			buildConfigurations = (
				F8AF1D591A3204E500FD33E1 /* Debug */,
				F8AF1D5A1A3204E500FD33E1 /* Release */,
			);
			defaultConfigurationIsVisible = 0;
			defaultConfigurationName = Release;
		};
/* End XCConfigurationList section */
	};
	rootObject = F8AF1D271A3204E400FD33E1 /* Project object */;
}
