// !$*UTF8*$!
{
	archiveVersion = 1;
	classes = {
	};
	objectVersion = 46;
	objects = {

/* Begin PBXAggregateTarget section */
		6884DF8F1CCA063B0071EFFB /* LoginRadius */ = {
			isa = PBXAggregateTarget;
			buildConfigurationList = 6884DF901CCA063C0071EFFB /* Build configuration list for PBXAggregateTarget "LoginRadius" */;
			buildPhases = (
				6884DF931CCA06610071EFFB /* ShellScript */,
			);
			dependencies = (
				68E7ACC01CD9F61300A9E73E /* PBXTargetDependency */,
			);
			name = LoginRadius;
			productName = LoginRadius;
		};
/* End PBXAggregateTarget section */

/* Begin PBXBuildFile section */
		6884DF3C1CC9FC8A0071EFFB /* LRSDK.h in Headers */ = {isa = PBXBuildFile; fileRef = 6884DF3B1CC9FC8A0071EFFB /* LRSDK.h */; settings = {ATTRIBUTES = (Public, ); }; };
		6884DF431CC9FC8A0071EFFB /* LRSDK.framework in Frameworks */ = {isa = PBXBuildFile; fileRef = 6884DF381CC9FC8A0071EFFB /* LRSDK.framework */; };
		6884DF481CC9FC8A0071EFFB /* LRSDKTests.m in Sources */ = {isa = PBXBuildFile; fileRef = 6884DF471CC9FC8A0071EFFB /* LRSDKTests.m */; };
		6884DF8D1CCA04580071EFFB /* LoginRadiusSDK.h in Headers */ = {isa = PBXBuildFile; fileRef = 6884DF8B1CCA04580071EFFB /* LoginRadiusSDK.h */; settings = {ATTRIBUTES = (Public, ); }; };
		6884DF8E1CCA04580071EFFB /* LoginRadiusSDK.m in Sources */ = {isa = PBXBuildFile; fileRef = 6884DF8C1CCA04580071EFFB /* LoginRadiusSDK.m */; };
		6884DF961CCA09110071EFFB /* LoginRadiusREST.h in Headers */ = {isa = PBXBuildFile; fileRef = 6884DF941CCA09110071EFFB /* LoginRadiusREST.h */; settings = {ATTRIBUTES = (Public, ); }; };
		6884DF971CCA09110071EFFB /* LoginRadiusREST.m in Sources */ = {isa = PBXBuildFile; fileRef = 6884DF951CCA09110071EFFB /* LoginRadiusREST.m */; };
		6884DF9C1CCA09720071EFFB /* NSDictionary+LRDictionary.h in Headers */ = {isa = PBXBuildFile; fileRef = 6884DF9A1CCA09720071EFFB /* NSDictionary+LRDictionary.h */; };
		6884DF9D1CCA09720071EFFB /* NSDictionary+LRDictionary.m in Sources */ = {isa = PBXBuildFile; fileRef = 6884DF9B1CCA09720071EFFB /* NSDictionary+LRDictionary.m */; };
		6884DFA01CCA0DAB0071EFFB /* LoginRadiusSocialLoginManager.h in Headers */ = {isa = PBXBuildFile; fileRef = 6884DF9E1CCA0DAB0071EFFB /* LoginRadiusSocialLoginManager.h */; };
		6884DFA11CCA0DAB0071EFFB /* LoginRadiusSocialLoginManager.m in Sources */ = {isa = PBXBuildFile; fileRef = 6884DF9F1CCA0DAB0071EFFB /* LoginRadiusSocialLoginManager.m */; };
		6884DFA51CCA0E850071EFFB /* LoginRadiusTwitterLogin.h in Headers */ = {isa = PBXBuildFile; fileRef = 6884DFA31CCA0E850071EFFB /* LoginRadiusTwitterLogin.h */; };
		6884DFA61CCA0E850071EFFB /* LoginRadiusTwitterLogin.m in Sources */ = {isa = PBXBuildFile; fileRef = 6884DFA41CCA0E850071EFFB /* LoginRadiusTwitterLogin.m */; };
		6884DFAD1CCA0E930071EFFB /* IDTwitterAccountChooserViewController.h in Headers */ = {isa = PBXBuildFile; fileRef = 6884DFA71CCA0E930071EFFB /* IDTwitterAccountChooserViewController.h */; };
		6884DFAE1CCA0E930071EFFB /* IDTwitterAccountChooserViewController.m in Sources */ = {isa = PBXBuildFile; fileRef = 6884DFA81CCA0E930071EFFB /* IDTwitterAccountChooserViewController.m */; };
		6884DFAF1CCA0E930071EFFB /* LoginRadiusFacebookLogin.h in Headers */ = {isa = PBXBuildFile; fileRef = 6884DFA91CCA0E930071EFFB /* LoginRadiusFacebookLogin.h */; };
		6884DFB01CCA0E930071EFFB /* LoginRadiusFacebookLogin.m in Sources */ = {isa = PBXBuildFile; fileRef = 6884DFAA1CCA0E930071EFFB /* LoginRadiusFacebookLogin.m */; };
		6884DFB11CCA0E930071EFFB /* LoginRadiusWebLoginViewController.h in Headers */ = {isa = PBXBuildFile; fileRef = 6884DFAB1CCA0E930071EFFB /* LoginRadiusWebLoginViewController.h */; };
		6884DFB21CCA0E930071EFFB /* LoginRadiusWebLoginViewController.m in Sources */ = {isa = PBXBuildFile; fileRef = 6884DFAC1CCA0E930071EFFB /* LoginRadiusWebLoginViewController.m */; };
		6884DFB61CCA0F0E0071EFFB /* LoginRadiusUtilities.h in Headers */ = {isa = PBXBuildFile; fileRef = 6884DFB41CCA0F0E0071EFFB /* LoginRadiusUtilities.h */; };
		6884DFB71CCA0F0E0071EFFB /* LoginRadiusUtilities.m in Sources */ = {isa = PBXBuildFile; fileRef = 6884DFB51CCA0F0E0071EFFB /* LoginRadiusUtilities.m */; };
		6884DFC31CCA10100071EFFB /* NSMutableDictionary+LRMutableDictionary.h in Headers */ = {isa = PBXBuildFile; fileRef = 6884DFC11CCA10100071EFFB /* NSMutableDictionary+LRMutableDictionary.h */; };
		6884DFC41CCA10100071EFFB /* NSMutableDictionary+LRMutableDictionary.m in Sources */ = {isa = PBXBuildFile; fileRef = 6884DFC21CCA10100071EFFB /* NSMutableDictionary+LRMutableDictionary.m */; };
		6884DFCC1CCA14CC0071EFFB /* FBSDKCoreKit.framework in Frameworks */ = {isa = PBXBuildFile; fileRef = 6884DFCA1CCA14CC0071EFFB /* FBSDKCoreKit.framework */; };
		6884DFCD1CCA14CC0071EFFB /* FBSDKLoginKit.framework in Frameworks */ = {isa = PBXBuildFile; fileRef = 6884DFCB1CCA14CC0071EFFB /* FBSDKLoginKit.framework */; };
		6884DFD41CCA295F0071EFFB /* LoginRadiusRSViewController.h in Headers */ = {isa = PBXBuildFile; fileRef = 6884DFD01CCA295F0071EFFB /* LoginRadiusRSViewController.h */; };
		6884DFD51CCA295F0071EFFB /* LoginRadiusRSViewController.m in Sources */ = {isa = PBXBuildFile; fileRef = 6884DFD11CCA295F0071EFFB /* LoginRadiusRSViewController.m */; };
		6884DFD61CCA295F0071EFFB /* LoginRadiusRegistrationManager.h in Headers */ = {isa = PBXBuildFile; fileRef = 6884DFD21CCA295F0071EFFB /* LoginRadiusRegistrationManager.h */; };
		6884DFD71CCA295F0071EFFB /* LoginRadiusRegistrationManager.m in Sources */ = {isa = PBXBuildFile; fileRef = 6884DFD31CCA295F0071EFFB /* LoginRadiusRegistrationManager.m */; };
		688A20181CD33D770052CEA4 /* LRErrorCode.h in Headers */ = {isa = PBXBuildFile; fileRef = 688A20151CD33D770052CEA4 /* LRErrorCode.h */; settings = {ATTRIBUTES = (Public, ); }; };
		688A20191CD33D770052CEA4 /* NSError+LRError.h in Headers */ = {isa = PBXBuildFile; fileRef = 688A20161CD33D770052CEA4 /* NSError+LRError.h */; };
		688A201A1CD33D770052CEA4 /* NSError+LRError.m in Sources */ = {isa = PBXBuildFile; fileRef = 688A20171CD33D770052CEA4 /* NSError+LRError.m */; };
		68E7ACC91CD9F73600A9E73E /* TWTAPIManager.h in Headers */ = {isa = PBXBuildFile; fileRef = 68E7ACC11CD9F73600A9E73E /* TWTAPIManager.h */; };
		68E7ACCA1CD9F73600A9E73E /* TWTAPIManager.m in Sources */ = {isa = PBXBuildFile; fileRef = 68E7ACC21CD9F73600A9E73E /* TWTAPIManager.m */; };
		68E7ACCD1CD9F73600A9E73E /* TWTSignedRequest.h in Headers */ = {isa = PBXBuildFile; fileRef = 68E7ACC51CD9F73600A9E73E /* TWTSignedRequest.h */; };
		68E7ACCE1CD9F73600A9E73E /* TWTSignedRequest.m in Sources */ = {isa = PBXBuildFile; fileRef = 68E7ACC61CD9F73600A9E73E /* TWTSignedRequest.m */; };
		68E7ACD51CD9F74A00A9E73E /* OAuth+Additions.h in Headers */ = {isa = PBXBuildFile; fileRef = 68E7ACD11CD9F74A00A9E73E /* OAuth+Additions.h */; };
		68E7ACD61CD9F74A00A9E73E /* OAuth+Additions.m in Sources */ = {isa = PBXBuildFile; fileRef = 68E7ACD21CD9F74A00A9E73E /* OAuth+Additions.m */; settings = {COMPILER_FLAGS = "-fno-objc-arc"; }; };
		68E7ACD71CD9F74A00A9E73E /* OAuthCore.h in Headers */ = {isa = PBXBuildFile; fileRef = 68E7ACD31CD9F74A00A9E73E /* OAuthCore.h */; };
		68E7ACD81CD9F74A00A9E73E /* OAuthCore.m in Sources */ = {isa = PBXBuildFile; fileRef = 68E7ACD41CD9F74A00A9E73E /* OAuthCore.m */; settings = {COMPILER_FLAGS = "-fno-objc-arc"; }; };
		68E7ACDB1CD9F75100A9E73E /* NSData+Base64.h in Headers */ = {isa = PBXBuildFile; fileRef = 68E7ACD91CD9F75100A9E73E /* NSData+Base64.h */; };
		68E7ACDC1CD9F75100A9E73E /* NSData+Base64.m in Sources */ = {isa = PBXBuildFile; fileRef = 68E7ACDA1CD9F75100A9E73E /* NSData+Base64.m */; settings = {COMPILER_FLAGS = "-fno-objc-arc"; }; };
		68E7AD201CDA3A7F00A9E73E /* NSString+LRString.h in Headers */ = {isa = PBXBuildFile; fileRef = 68E7AD1E1CDA3A7F00A9E73E /* NSString+LRString.h */; };
		68E7AD211CDA3A7F00A9E73E /* NSString+LRString.m in Sources */ = {isa = PBXBuildFile; fileRef = 68E7AD1F1CDA3A7F00A9E73E /* NSString+LRString.m */; };
		68E7AD271CDB640200A9E73E /* LRErrors.h in Headers */ = {isa = PBXBuildFile; fileRef = 68E7AD251CDB640100A9E73E /* LRErrors.h */; settings = {ATTRIBUTES = (Public, ); }; };
		68E7AD281CDB640200A9E73E /* LRErrors.m in Sources */ = {isa = PBXBuildFile; fileRef = 68E7AD261CDB640200A9E73E /* LRErrors.m */; };
/* End PBXBuildFile section */

/* Begin PBXContainerItemProxy section */
		6884DF441CC9FC8A0071EFFB /* PBXContainerItemProxy */ = {
			isa = PBXContainerItemProxy;
			containerPortal = 6884DF2F1CC9FC8A0071EFFB /* Project object */;
			proxyType = 1;
			remoteGlobalIDString = 6884DF371CC9FC8A0071EFFB;
			remoteInfo = LRSDK;
		};
		68E7ACBF1CD9F61300A9E73E /* PBXContainerItemProxy */ = {
			isa = PBXContainerItemProxy;
			containerPortal = 6884DF2F1CC9FC8A0071EFFB /* Project object */;
			proxyType = 1;
			remoteGlobalIDString = 6884DF371CC9FC8A0071EFFB;
			remoteInfo = LRSDK;
		};
/* End PBXContainerItemProxy section */

/* Begin PBXFileReference section */
		6884DF381CC9FC8A0071EFFB /* LRSDK.framework */ = {isa = PBXFileReference; explicitFileType = wrapper.framework; includeInIndex = 0; path = LRSDK.framework; sourceTree = BUILT_PRODUCTS_DIR; };
		6884DF3B1CC9FC8A0071EFFB /* LRSDK.h */ = {isa = PBXFileReference; lastKnownFileType = sourcecode.c.h; path = LRSDK.h; sourceTree = "<group>"; };
		6884DF3D1CC9FC8A0071EFFB /* Info.plist */ = {isa = PBXFileReference; lastKnownFileType = text.plist.xml; path = Info.plist; sourceTree = "<group>"; };
		6884DF421CC9FC8A0071EFFB /* LRSDKTests.xctest */ = {isa = PBXFileReference; explicitFileType = wrapper.cfbundle; includeInIndex = 0; path = LRSDKTests.xctest; sourceTree = BUILT_PRODUCTS_DIR; };
		6884DF471CC9FC8A0071EFFB /* LRSDKTests.m */ = {isa = PBXFileReference; lastKnownFileType = sourcecode.c.objc; path = LRSDKTests.m; sourceTree = "<group>"; };
		6884DF491CC9FC8A0071EFFB /* Info.plist */ = {isa = PBXFileReference; lastKnownFileType = text.plist.xml; path = Info.plist; sourceTree = "<group>"; };
		6884DF8B1CCA04580071EFFB /* LoginRadiusSDK.h */ = {isa = PBXFileReference; fileEncoding = 4; lastKnownFileType = sourcecode.c.h; path = LoginRadiusSDK.h; sourceTree = "<group>"; };
		6884DF8C1CCA04580071EFFB /* LoginRadiusSDK.m */ = {isa = PBXFileReference; fileEncoding = 4; lastKnownFileType = sourcecode.c.objc; path = LoginRadiusSDK.m; sourceTree = "<group>"; };
		6884DF941CCA09110071EFFB /* LoginRadiusREST.h */ = {isa = PBXFileReference; fileEncoding = 4; lastKnownFileType = sourcecode.c.h; path = LoginRadiusREST.h; sourceTree = "<group>"; };
		6884DF951CCA09110071EFFB /* LoginRadiusREST.m */ = {isa = PBXFileReference; fileEncoding = 4; lastKnownFileType = sourcecode.c.objc; path = LoginRadiusREST.m; sourceTree = "<group>"; };
		6884DF9A1CCA09720071EFFB /* NSDictionary+LRDictionary.h */ = {isa = PBXFileReference; fileEncoding = 4; lastKnownFileType = sourcecode.c.h; path = "NSDictionary+LRDictionary.h"; sourceTree = "<group>"; };
		6884DF9B1CCA09720071EFFB /* NSDictionary+LRDictionary.m */ = {isa = PBXFileReference; fileEncoding = 4; lastKnownFileType = sourcecode.c.objc; path = "NSDictionary+LRDictionary.m"; sourceTree = "<group>"; };
		6884DF9E1CCA0DAB0071EFFB /* LoginRadiusSocialLoginManager.h */ = {isa = PBXFileReference; fileEncoding = 4; lastKnownFileType = sourcecode.c.h; path = LoginRadiusSocialLoginManager.h; sourceTree = "<group>"; };
		6884DF9F1CCA0DAB0071EFFB /* LoginRadiusSocialLoginManager.m */ = {isa = PBXFileReference; fileEncoding = 4; lastKnownFileType = sourcecode.c.objc; path = LoginRadiusSocialLoginManager.m; sourceTree = "<group>"; };
		6884DFA31CCA0E850071EFFB /* LoginRadiusTwitterLogin.h */ = {isa = PBXFileReference; fileEncoding = 4; lastKnownFileType = sourcecode.c.h; path = LoginRadiusTwitterLogin.h; sourceTree = "<group>"; };
		6884DFA41CCA0E850071EFFB /* LoginRadiusTwitterLogin.m */ = {isa = PBXFileReference; fileEncoding = 4; lastKnownFileType = sourcecode.c.objc; path = LoginRadiusTwitterLogin.m; sourceTree = "<group>"; };
		6884DFA71CCA0E930071EFFB /* IDTwitterAccountChooserViewController.h */ = {isa = PBXFileReference; fileEncoding = 4; lastKnownFileType = sourcecode.c.h; path = IDTwitterAccountChooserViewController.h; sourceTree = "<group>"; };
		6884DFA81CCA0E930071EFFB /* IDTwitterAccountChooserViewController.m */ = {isa = PBXFileReference; fileEncoding = 4; lastKnownFileType = sourcecode.c.objc; path = IDTwitterAccountChooserViewController.m; sourceTree = "<group>"; };
		6884DFA91CCA0E930071EFFB /* LoginRadiusFacebookLogin.h */ = {isa = PBXFileReference; fileEncoding = 4; lastKnownFileType = sourcecode.c.h; path = LoginRadiusFacebookLogin.h; sourceTree = "<group>"; };
		6884DFAA1CCA0E930071EFFB /* LoginRadiusFacebookLogin.m */ = {isa = PBXFileReference; fileEncoding = 4; lastKnownFileType = sourcecode.c.objc; path = LoginRadiusFacebookLogin.m; sourceTree = "<group>"; };
		6884DFAB1CCA0E930071EFFB /* LoginRadiusWebLoginViewController.h */ = {isa = PBXFileReference; fileEncoding = 4; lastKnownFileType = sourcecode.c.h; path = LoginRadiusWebLoginViewController.h; sourceTree = "<group>"; };
		6884DFAC1CCA0E930071EFFB /* LoginRadiusWebLoginViewController.m */ = {isa = PBXFileReference; fileEncoding = 4; lastKnownFileType = sourcecode.c.objc; path = LoginRadiusWebLoginViewController.m; sourceTree = "<group>"; };
		6884DFB41CCA0F0E0071EFFB /* LoginRadiusUtilities.h */ = {isa = PBXFileReference; fileEncoding = 4; lastKnownFileType = sourcecode.c.h; path = LoginRadiusUtilities.h; sourceTree = "<group>"; };
		6884DFB51CCA0F0E0071EFFB /* LoginRadiusUtilities.m */ = {isa = PBXFileReference; fileEncoding = 4; lastKnownFileType = sourcecode.c.objc; path = LoginRadiusUtilities.m; sourceTree = "<group>"; };
		6884DFC11CCA10100071EFFB /* NSMutableDictionary+LRMutableDictionary.h */ = {isa = PBXFileReference; fileEncoding = 4; lastKnownFileType = sourcecode.c.h; path = "NSMutableDictionary+LRMutableDictionary.h"; sourceTree = "<group>"; };
		6884DFC21CCA10100071EFFB /* NSMutableDictionary+LRMutableDictionary.m */ = {isa = PBXFileReference; fileEncoding = 4; lastKnownFileType = sourcecode.c.objc; path = "NSMutableDictionary+LRMutableDictionary.m"; sourceTree = "<group>"; };
		6884DFCA1CCA14CC0071EFFB /* FBSDKCoreKit.framework */ = {isa = PBXFileReference; lastKnownFileType = wrapper.framework; path = FBSDKCoreKit.framework; sourceTree = "<group>"; };
		6884DFCB1CCA14CC0071EFFB /* FBSDKLoginKit.framework */ = {isa = PBXFileReference; lastKnownFileType = wrapper.framework; path = FBSDKLoginKit.framework; sourceTree = "<group>"; };
		6884DFD01CCA295F0071EFFB /* LoginRadiusRSViewController.h */ = {isa = PBXFileReference; fileEncoding = 4; lastKnownFileType = sourcecode.c.h; path = LoginRadiusRSViewController.h; sourceTree = "<group>"; };
		6884DFD11CCA295F0071EFFB /* LoginRadiusRSViewController.m */ = {isa = PBXFileReference; fileEncoding = 4; lastKnownFileType = sourcecode.c.objc; path = LoginRadiusRSViewController.m; sourceTree = "<group>"; };
		6884DFD21CCA295F0071EFFB /* LoginRadiusRegistrationManager.h */ = {isa = PBXFileReference; fileEncoding = 4; lastKnownFileType = sourcecode.c.h; path = LoginRadiusRegistrationManager.h; sourceTree = "<group>"; };
		6884DFD31CCA295F0071EFFB /* LoginRadiusRegistrationManager.m */ = {isa = PBXFileReference; fileEncoding = 4; lastKnownFileType = sourcecode.c.objc; path = LoginRadiusRegistrationManager.m; sourceTree = "<group>"; };
		688A20151CD33D770052CEA4 /* LRErrorCode.h */ = {isa = PBXFileReference; fileEncoding = 4; lastKnownFileType = sourcecode.c.h; path = LRErrorCode.h; sourceTree = "<group>"; };
		688A20161CD33D770052CEA4 /* NSError+LRError.h */ = {isa = PBXFileReference; fileEncoding = 4; lastKnownFileType = sourcecode.c.h; path = "NSError+LRError.h"; sourceTree = "<group>"; };
		688A20171CD33D770052CEA4 /* NSError+LRError.m */ = {isa = PBXFileReference; fileEncoding = 4; lastKnownFileType = sourcecode.c.objc; path = "NSError+LRError.m"; sourceTree = "<group>"; };
		68E7ACC11CD9F73600A9E73E /* TWTAPIManager.h */ = {isa = PBXFileReference; fileEncoding = 4; lastKnownFileType = sourcecode.c.h; path = TWTAPIManager.h; sourceTree = "<group>"; };
		68E7ACC21CD9F73600A9E73E /* TWTAPIManager.m */ = {isa = PBXFileReference; fileEncoding = 4; lastKnownFileType = sourcecode.c.objc; path = TWTAPIManager.m; sourceTree = "<group>"; };
		68E7ACC51CD9F73600A9E73E /* TWTSignedRequest.h */ = {isa = PBXFileReference; fileEncoding = 4; lastKnownFileType = sourcecode.c.h; path = TWTSignedRequest.h; sourceTree = "<group>"; };
		68E7ACC61CD9F73600A9E73E /* TWTSignedRequest.m */ = {isa = PBXFileReference; fileEncoding = 4; lastKnownFileType = sourcecode.c.objc; path = TWTSignedRequest.m; sourceTree = "<group>"; };
		68E7ACD11CD9F74A00A9E73E /* OAuth+Additions.h */ = {isa = PBXFileReference; fileEncoding = 4; lastKnownFileType = sourcecode.c.h; path = "OAuth+Additions.h"; sourceTree = "<group>"; };
		68E7ACD21CD9F74A00A9E73E /* OAuth+Additions.m */ = {isa = PBXFileReference; fileEncoding = 4; lastKnownFileType = sourcecode.c.objc; path = "OAuth+Additions.m"; sourceTree = "<group>"; };
		68E7ACD31CD9F74A00A9E73E /* OAuthCore.h */ = {isa = PBXFileReference; fileEncoding = 4; lastKnownFileType = sourcecode.c.h; path = OAuthCore.h; sourceTree = "<group>"; };
		68E7ACD41CD9F74A00A9E73E /* OAuthCore.m */ = {isa = PBXFileReference; fileEncoding = 4; lastKnownFileType = sourcecode.c.objc; path = OAuthCore.m; sourceTree = "<group>"; };
		68E7ACD91CD9F75100A9E73E /* NSData+Base64.h */ = {isa = PBXFileReference; fileEncoding = 4; lastKnownFileType = sourcecode.c.h; path = "NSData+Base64.h"; sourceTree = "<group>"; };
		68E7ACDA1CD9F75100A9E73E /* NSData+Base64.m */ = {isa = PBXFileReference; fileEncoding = 4; lastKnownFileType = sourcecode.c.objc; path = "NSData+Base64.m"; sourceTree = "<group>"; };
		68E7AD1E1CDA3A7F00A9E73E /* NSString+LRString.h */ = {isa = PBXFileReference; fileEncoding = 4; lastKnownFileType = sourcecode.c.h; path = "NSString+LRString.h"; sourceTree = "<group>"; };
		68E7AD1F1CDA3A7F00A9E73E /* NSString+LRString.m */ = {isa = PBXFileReference; fileEncoding = 4; lastKnownFileType = sourcecode.c.objc; path = "NSString+LRString.m"; sourceTree = "<group>"; };
		68E7AD251CDB640100A9E73E /* LRErrors.h */ = {isa = PBXFileReference; fileEncoding = 4; lastKnownFileType = sourcecode.c.h; path = LRErrors.h; sourceTree = "<group>"; };
		68E7AD261CDB640200A9E73E /* LRErrors.m */ = {isa = PBXFileReference; fileEncoding = 4; lastKnownFileType = sourcecode.c.objc; path = LRErrors.m; sourceTree = "<group>"; };
/* End PBXFileReference section */

/* Begin PBXFrameworksBuildPhase section */
		6884DF341CC9FC8A0071EFFB /* Frameworks */ = {
			isa = PBXFrameworksBuildPhase;
			buildActionMask = 2147483647;
			files = (
				6884DFCD1CCA14CC0071EFFB /* FBSDKLoginKit.framework in Frameworks */,
				6884DFCC1CCA14CC0071EFFB /* FBSDKCoreKit.framework in Frameworks */,
			);
			runOnlyForDeploymentPostprocessing = 0;
		};
		6884DF3F1CC9FC8A0071EFFB /* Frameworks */ = {
			isa = PBXFrameworksBuildPhase;
			buildActionMask = 2147483647;
			files = (
				6884DF431CC9FC8A0071EFFB /* LRSDK.framework in Frameworks */,
			);
			runOnlyForDeploymentPostprocessing = 0;
		};
/* End PBXFrameworksBuildPhase section */

/* Begin PBXGroup section */
		6884DF2E1CC9FC8A0071EFFB = {
			isa = PBXGroup;
			children = (
				6884DF3A1CC9FC8A0071EFFB /* LRSDK */,
				6884DF461CC9FC8A0071EFFB /* LRSDKTests */,
				6884DF391CC9FC8A0071EFFB /* Products */,
			);
			sourceTree = "<group>";
		};
		6884DF391CC9FC8A0071EFFB /* Products */ = {
			isa = PBXGroup;
			children = (
				6884DF381CC9FC8A0071EFFB /* LRSDK.framework */,
				6884DF421CC9FC8A0071EFFB /* LRSDKTests.xctest */,
			);
			name = Products;
			sourceTree = "<group>";
		};
		6884DF3A1CC9FC8A0071EFFB /* LRSDK */ = {
			isa = PBXGroup;
			children = (
				6884DF3B1CC9FC8A0071EFFB /* LRSDK.h */,
				6884DF8B1CCA04580071EFFB /* LoginRadiusSDK.h */,
				6884DF8C1CCA04580071EFFB /* LoginRadiusSDK.m */,
				6884DFD81CCA29640071EFFB /* Registration Service */,
				6884DFA21CCA0DAF0071EFFB /* Social Login */,
				6884DF981CCA09170071EFFB /* Network */,
				6884DFB81CCA0F160071EFFB /* Util */,
				6884DFB31CCA0EA60071EFFB /* Vendor */,
				6884DF991CCA09550071EFFB /* Categories */,
				6884DF3D1CC9FC8A0071EFFB /* Info.plist */,
			);
			path = LRSDK;
			sourceTree = "<group>";
		};
		6884DF461CC9FC8A0071EFFB /* LRSDKTests */ = {
			isa = PBXGroup;
			children = (
				6884DF471CC9FC8A0071EFFB /* LRSDKTests.m */,
				6884DF491CC9FC8A0071EFFB /* Info.plist */,
			);
			path = LRSDKTests;
			sourceTree = "<group>";
		};
		6884DF981CCA09170071EFFB /* Network */ = {
			isa = PBXGroup;
			children = (
				6884DF941CCA09110071EFFB /* LoginRadiusREST.h */,
				6884DF951CCA09110071EFFB /* LoginRadiusREST.m */,
			);
			name = Network;
			sourceTree = "<group>";
		};
		6884DF991CCA09550071EFFB /* Categories */ = {
			isa = PBXGroup;
			children = (
				688A20161CD33D770052CEA4 /* NSError+LRError.h */,
				688A20171CD33D770052CEA4 /* NSError+LRError.m */,
				6884DFC11CCA10100071EFFB /* NSMutableDictionary+LRMutableDictionary.h */,
				6884DFC21CCA10100071EFFB /* NSMutableDictionary+LRMutableDictionary.m */,
				6884DF9A1CCA09720071EFFB /* NSDictionary+LRDictionary.h */,
				6884DF9B1CCA09720071EFFB /* NSDictionary+LRDictionary.m */,
				68E7AD1E1CDA3A7F00A9E73E /* NSString+LRString.h */,
				68E7AD1F1CDA3A7F00A9E73E /* NSString+LRString.m */,
			);
			name = Categories;
			sourceTree = "<group>";
		};
		6884DFA21CCA0DAF0071EFFB /* Social Login */ = {
			isa = PBXGroup;
			children = (
				6884DFCA1CCA14CC0071EFFB /* FBSDKCoreKit.framework */,
				6884DFCB1CCA14CC0071EFFB /* FBSDKLoginKit.framework */,
				6884DF9E1CCA0DAB0071EFFB /* LoginRadiusSocialLoginManager.h */,
				6884DF9F1CCA0DAB0071EFFB /* LoginRadiusSocialLoginManager.m */,
				6884DFA31CCA0E850071EFFB /* LoginRadiusTwitterLogin.h */,
				6884DFA41CCA0E850071EFFB /* LoginRadiusTwitterLogin.m */,
				6884DFA91CCA0E930071EFFB /* LoginRadiusFacebookLogin.h */,
				6884DFAA1CCA0E930071EFFB /* LoginRadiusFacebookLogin.m */,
				6884DFAB1CCA0E930071EFFB /* LoginRadiusWebLoginViewController.h */,
				6884DFAC1CCA0E930071EFFB /* LoginRadiusWebLoginViewController.m */,
			);
			name = "Social Login";
			sourceTree = "<group>";
		};
		6884DFB31CCA0EA60071EFFB /* Vendor */ = {
			isa = PBXGroup;
			children = (
				68E7ACD11CD9F74A00A9E73E /* OAuth+Additions.h */,
				68E7ACD21CD9F74A00A9E73E /* OAuth+Additions.m */,
				68E7ACD31CD9F74A00A9E73E /* OAuthCore.h */,
				68E7ACD41CD9F74A00A9E73E /* OAuthCore.m */,
				68E7ACD91CD9F75100A9E73E /* NSData+Base64.h */,
				68E7ACDA1CD9F75100A9E73E /* NSData+Base64.m */,
				68E7AD1D1CDA152F00A9E73E /* Twitter Reverse OAuth */,
			);
			name = Vendor;
			sourceTree = "<group>";
		};
		6884DFB81CCA0F160071EFFB /* Util */ = {
			isa = PBXGroup;
			children = (
				688A20151CD33D770052CEA4 /* LRErrorCode.h */,
				6884DFB41CCA0F0E0071EFFB /* LoginRadiusUtilities.h */,
				6884DFB51CCA0F0E0071EFFB /* LoginRadiusUtilities.m */,
				68E7AD251CDB640100A9E73E /* LRErrors.h */,
				68E7AD261CDB640200A9E73E /* LRErrors.m */,
			);
			name = Util;
			sourceTree = "<group>";
		};
		6884DFD81CCA29640071EFFB /* Registration Service */ = {
			isa = PBXGroup;
			children = (
				6884DFD01CCA295F0071EFFB /* LoginRadiusRSViewController.h */,
				6884DFD11CCA295F0071EFFB /* LoginRadiusRSViewController.m */,
				6884DFD21CCA295F0071EFFB /* LoginRadiusRegistrationManager.h */,
				6884DFD31CCA295F0071EFFB /* LoginRadiusRegistrationManager.m */,
			);
			name = "Registration Service";
			sourceTree = "<group>";
		};
		68E7AD1D1CDA152F00A9E73E /* Twitter Reverse OAuth */ = {
			isa = PBXGroup;
			children = (
				68E7ACC11CD9F73600A9E73E /* TWTAPIManager.h */,
				68E7ACC21CD9F73600A9E73E /* TWTAPIManager.m */,
				68E7ACC51CD9F73600A9E73E /* TWTSignedRequest.h */,
				68E7ACC61CD9F73600A9E73E /* TWTSignedRequest.m */,
				6884DFA71CCA0E930071EFFB /* IDTwitterAccountChooserViewController.h */,
				6884DFA81CCA0E930071EFFB /* IDTwitterAccountChooserViewController.m */,
			);
			name = "Twitter Reverse OAuth";
			sourceTree = "<group>";
		};
/* End PBXGroup section */

/* Begin PBXHeadersBuildPhase section */
		6884DF351CC9FC8A0071EFFB /* Headers */ = {
			isa = PBXHeadersBuildPhase;
			buildActionMask = 2147483647;
			files = (
				68E7ACD71CD9F74A00A9E73E /* OAuthCore.h in Headers */,
				6884DF961CCA09110071EFFB /* LoginRadiusREST.h in Headers */,
				68E7AD271CDB640200A9E73E /* LRErrors.h in Headers */,
				688A20181CD33D770052CEA4 /* LRErrorCode.h in Headers */,
				6884DFA51CCA0E850071EFFB /* LoginRadiusTwitterLogin.h in Headers */,
				6884DF8D1CCA04580071EFFB /* LoginRadiusSDK.h in Headers */,
				6884DFB61CCA0F0E0071EFFB /* LoginRadiusUtilities.h in Headers */,
				6884DFB11CCA0E930071EFFB /* LoginRadiusWebLoginViewController.h in Headers */,
				6884DF3C1CC9FC8A0071EFFB /* LRSDK.h in Headers */,
				68E7ACCD1CD9F73600A9E73E /* TWTSignedRequest.h in Headers */,
				6884DFD41CCA295F0071EFFB /* LoginRadiusRSViewController.h in Headers */,
				6884DFA01CCA0DAB0071EFFB /* LoginRadiusSocialLoginManager.h in Headers */,
				6884DFAF1CCA0E930071EFFB /* LoginRadiusFacebookLogin.h in Headers */,
				6884DFC31CCA10100071EFFB /* NSMutableDictionary+LRMutableDictionary.h in Headers */,
				68E7ACC91CD9F73600A9E73E /* TWTAPIManager.h in Headers */,
				6884DFAD1CCA0E930071EFFB /* IDTwitterAccountChooserViewController.h in Headers */,
				68E7ACDB1CD9F75100A9E73E /* NSData+Base64.h in Headers */,
				6884DF9C1CCA09720071EFFB /* NSDictionary+LRDictionary.h in Headers */,
				688A20191CD33D770052CEA4 /* NSError+LRError.h in Headers */,
				68E7AD201CDA3A7F00A9E73E /* NSString+LRString.h in Headers */,
				68E7ACD51CD9F74A00A9E73E /* OAuth+Additions.h in Headers */,
				6884DFD61CCA295F0071EFFB /* LoginRadiusRegistrationManager.h in Headers */,
			);
			runOnlyForDeploymentPostprocessing = 0;
		};
/* End PBXHeadersBuildPhase section */

/* Begin PBXNativeTarget section */
		6884DF371CC9FC8A0071EFFB /* LRSDK */ = {
			isa = PBXNativeTarget;
			buildConfigurationList = 6884DF4C1CC9FC8A0071EFFB /* Build configuration list for PBXNativeTarget "LRSDK" */;
			buildPhases = (
				6884DF331CC9FC8A0071EFFB /* Sources */,
				6884DF341CC9FC8A0071EFFB /* Frameworks */,
				6884DF351CC9FC8A0071EFFB /* Headers */,
				6884DF361CC9FC8A0071EFFB /* Resources */,
				6884DFC91CCA12E40071EFFB /* ShellScript */,
			);
			buildRules = (
			);
			dependencies = (
			);
			name = LRSDK;
			productName = LRSDK;
			productReference = 6884DF381CC9FC8A0071EFFB /* LRSDK.framework */;
			productType = "com.apple.product-type.framework";
		};
		6884DF411CC9FC8A0071EFFB /* LRSDKTests */ = {
			isa = PBXNativeTarget;
			buildConfigurationList = 6884DF4F1CC9FC8A0071EFFB /* Build configuration list for PBXNativeTarget "LRSDKTests" */;
			buildPhases = (
				6884DF3E1CC9FC8A0071EFFB /* Sources */,
				6884DF3F1CC9FC8A0071EFFB /* Frameworks */,
				6884DF401CC9FC8A0071EFFB /* Resources */,
			);
			buildRules = (
			);
			dependencies = (
				6884DF451CC9FC8A0071EFFB /* PBXTargetDependency */,
			);
			name = LRSDKTests;
			productName = LRSDKTests;
			productReference = 6884DF421CC9FC8A0071EFFB /* LRSDKTests.xctest */;
			productType = "com.apple.product-type.bundle.unit-test";
		};
/* End PBXNativeTarget section */

/* Begin PBXProject section */
		6884DF2F1CC9FC8A0071EFFB /* Project object */ = {
			isa = PBXProject;
			attributes = {
				LastUpgradeCheck = 0720;
				ORGANIZATIONNAME = "LoginRadius Inc";
				TargetAttributes = {
					6884DF371CC9FC8A0071EFFB = {
						CreatedOnToolsVersion = 7.2;
						DevelopmentTeam = ALKGCW9CD6;
					};
					6884DF411CC9FC8A0071EFFB = {
						CreatedOnToolsVersion = 7.2;
					};
					6884DF8F1CCA063B0071EFFB = {
						CreatedOnToolsVersion = 7.2;
					};
				};
			};
			buildConfigurationList = 6884DF321CC9FC8A0071EFFB /* Build configuration list for PBXProject "LRSDK" */;
			compatibilityVersion = "Xcode 3.2";
			developmentRegion = English;
			hasScannedForEncodings = 0;
			knownRegions = (
				en,
			);
			mainGroup = 6884DF2E1CC9FC8A0071EFFB;
			productRefGroup = 6884DF391CC9FC8A0071EFFB /* Products */;
			projectDirPath = "";
			projectRoot = "";
			targets = (
				6884DF371CC9FC8A0071EFFB /* LRSDK */,
				6884DF411CC9FC8A0071EFFB /* LRSDKTests */,
				6884DF8F1CCA063B0071EFFB /* LoginRadius */,
			);
		};
/* End PBXProject section */

/* Begin PBXResourcesBuildPhase section */
		6884DF361CC9FC8A0071EFFB /* Resources */ = {
			isa = PBXResourcesBuildPhase;
			buildActionMask = 2147483647;
			files = (
			);
			runOnlyForDeploymentPostprocessing = 0;
		};
		6884DF401CC9FC8A0071EFFB /* Resources */ = {
			isa = PBXResourcesBuildPhase;
			buildActionMask = 2147483647;
			files = (
			);
			runOnlyForDeploymentPostprocessing = 0;
		};
/* End PBXResourcesBuildPhase section */

/* Begin PBXShellScriptBuildPhase section */
		6884DF931CCA06610071EFFB /* ShellScript */ = {
			isa = PBXShellScriptBuildPhase;
			buildActionMask = 2147483647;
			files = (
			);
			inputPaths = (
			);
			outputPaths = (
			);
			runOnlyForDeploymentPostprocessing = 0;
			shellPath = /bin/sh;
			shellScript = "# This script is based on Jacob Van Order's answer on apple dev forums https://devforums.apple.com/message/971277\n# See also http://spin.atomicobject.com/2011/12/13/building-a-universal-framework-for-ios/ for the start\n\n\n# To get this to work with a Xcode 6 Cocoa Touch Framework, create Framework\n# Then create a new Aggregate Target. Throw this script into a Build Script Phrase on the Aggregate\n\n\n######################\n# Options\n######################\n\nREVEAL_ARCHIVE_IN_FINDER=true\n\nFRAMEWORK_NAME=\"${PROJECT_NAME}\"\n\nSIMULATOR_LIBRARY_PATH=\"${BUILD_DIR}/${CONFIGURATION}-iphonesimulator/${FRAMEWORK_NAME}.framework\"\n\nDEVICE_LIBRARY_PATH=\"${BUILD_DIR}/${CONFIGURATION}-iphoneos/${FRAMEWORK_NAME}.framework\"\n\nUNIVERSAL_LIBRARY_DIR=\"${BUILD_DIR}/${CONFIGURATION}-iphoneuniversal\"\n\nFRAMEWORK=\"${UNIVERSAL_LIBRARY_DIR}/${FRAMEWORK_NAME}.framework\"\n\n\n######################\n# Build Frameworks\n######################\n\nxcodebuild -project ${PROJECT_NAME}.xcodeproj -sdk iphonesimulator -target ${PROJECT_NAME} -configuration ${CONFIGURATION} clean build CONFIGURATION_BUILD_DIR=${BUILD_DIR}/${CONFIGURATION}-iphonesimulator | echo\n\nxcodebuild -project ${PROJECT_NAME}.xcodeproj -sdk iphoneos -target ${PROJECT_NAME} -configuration ${CONFIGURATION} clean build CONFIGURATION_BUILD_DIR=${BUILD_DIR}/${CONFIGURATION}-iphoneos | echo\n\n#xcodebuild -target ${PROJECT_NAME} ONLY_ACTIVE_ARCH=NO -configuration ${CONFIGURATION} -sdk iphoneos  BUILD_DIR=\"${BUILD_DIR}\" BUILD_ROOT=\"${BUILD_ROOT}\" | echo\n\n#xcodebuild -target ${PROJECT_NAME} ONLY_ACTIVE_ARCH=NO -configuration ${CONFIGURATION} -sdk iphonesimulator  BUILD_DIR=\"${BUILD_DIR}\" BUILD_ROOT=\"${BUILD_ROOT}\" | echo\n\n\n######################\n# Create directory for universal\n######################\n\nrm -rf \"${UNIVERSAL_LIBRARY_DIR}\"\n\nmkdir \"${UNIVERSAL_LIBRARY_DIR}\"\n\nmkdir \"${FRAMEWORK}\"\n\n\n######################\n# Copy files Framework\n######################\n\ncp -r \"${DEVICE_LIBRARY_PATH}/.\" \"${FRAMEWORK}\"\n\n\n######################\n# Make fat universal binary\n######################\n\nlipo \"${SIMULATOR_LIBRARY_PATH}/${FRAMEWORK_NAME}\" \"${DEVICE_LIBRARY_PATH}/${FRAMEWORK_NAME}\" -create -output \"${FRAMEWORK}/${FRAMEWORK_NAME}\" | echo\n\n\n######################\n# On Release, copy the result to desktop folder\n######################\n\n\nif [ \"${CONFIGURATION}\" == \"Release\" ]; then\nDIR=\"${HOME}/Desktop/${FRAMEWORK_NAME}-${CONFIGURATION}-iphoneuniversal/\"\nif [ -d \"$DIR\" ]; then\nprintf '%s\\n' \"Removing Lock ($DIR)\"\nrm -rf \"$DIR\"\nfi\nmkdir \"$DIR\"\ncp -r \"${FRAMEWORK}\" \"$DIR\"\nfi\n\n\n######################\n# If needed, open the Framework folder\n######################\n\nif [ ${REVEAL_ARCHIVE_IN_FINDER} = true ]; then\nif [ \"${CONFIGURATION}\" == \"Release\" ]; then\nopen \"${HOME}/Desktop/${FRAMEWORK_NAME}-${CONFIGURATION}-iphoneuniversal/\"\nelse\nopen \"${UNIVERSAL_LIBRARY_DIR}/\"\nfi\nfi";
		};
		6884DFC91CCA12E40071EFFB /* ShellScript */ = {
			isa = PBXShellScriptBuildPhase;
			buildActionMask = 2147483647;
			files = (
			);
			inputPaths = (
			);
			outputPaths = (
			);
			runOnlyForDeploymentPostprocessing = 0;
			shellPath = /bin/sh;
			shellScript = "cd $BUILT_PRODUCTS_DIR\n\nmkdir $PROJECT_NAME.framework/Frameworks &>/dev/null\n\nfor framework in *.framework; do\nif [ $framework != $PROJECT_NAME.framework ]; then\ncp -r $framework $PROJECT_NAME.framework/Frameworks/ &>/dev/null\nfi\ndone";
		};
/* End PBXShellScriptBuildPhase section */

/* Begin PBXSourcesBuildPhase section */
		6884DF331CC9FC8A0071EFFB /* Sources */ = {
			isa = PBXSourcesBuildPhase;
			buildActionMask = 2147483647;
			files = (
				6884DFD71CCA295F0071EFFB /* LoginRadiusRegistrationManager.m in Sources */,
				6884DFA61CCA0E850071EFFB /* LoginRadiusTwitterLogin.m in Sources */,
				6884DF9D1CCA09720071EFFB /* NSDictionary+LRDictionary.m in Sources */,
				6884DFB71CCA0F0E0071EFFB /* LoginRadiusUtilities.m in Sources */,
				6884DF8E1CCA04580071EFFB /* LoginRadiusSDK.m in Sources */,
				688A201A1CD33D770052CEA4 /* NSError+LRError.m in Sources */,
				68E7ACCA1CD9F73600A9E73E /* TWTAPIManager.m in Sources */,
				68E7AD211CDA3A7F00A9E73E /* NSString+LRString.m in Sources */,
				68E7AD281CDB640200A9E73E /* LRErrors.m in Sources */,
				68E7ACD61CD9F74A00A9E73E /* OAuth+Additions.m in Sources */,
				6884DFC41CCA10100071EFFB /* NSMutableDictionary+LRMutableDictionary.m in Sources */,
				6884DFD51CCA295F0071EFFB /* LoginRadiusRSViewController.m in Sources */,
				6884DFA11CCA0DAB0071EFFB /* LoginRadiusSocialLoginManager.m in Sources */,
				6884DF971CCA09110071EFFB /* LoginRadiusREST.m in Sources */,
				6884DFB21CCA0E930071EFFB /* LoginRadiusWebLoginViewController.m in Sources */,
				68E7ACD81CD9F74A00A9E73E /* OAuthCore.m in Sources */,
				6884DFB01CCA0E930071EFFB /* LoginRadiusFacebookLogin.m in Sources */,
				68E7ACDC1CD9F75100A9E73E /* NSData+Base64.m in Sources */,
				6884DFAE1CCA0E930071EFFB /* IDTwitterAccountChooserViewController.m in Sources */,
				68E7ACCE1CD9F73600A9E73E /* TWTSignedRequest.m in Sources */,
			);
			runOnlyForDeploymentPostprocessing = 0;
		};
		6884DF3E1CC9FC8A0071EFFB /* Sources */ = {
			isa = PBXSourcesBuildPhase;
			buildActionMask = 2147483647;
			files = (
				6884DF481CC9FC8A0071EFFB /* LRSDKTests.m in Sources */,
			);
			runOnlyForDeploymentPostprocessing = 0;
		};
/* End PBXSourcesBuildPhase section */

/* Begin PBXTargetDependency section */
		6884DF451CC9FC8A0071EFFB /* PBXTargetDependency */ = {
			isa = PBXTargetDependency;
			target = 6884DF371CC9FC8A0071EFFB /* LRSDK */;
			targetProxy = 6884DF441CC9FC8A0071EFFB /* PBXContainerItemProxy */;
		};
		68E7ACC01CD9F61300A9E73E /* PBXTargetDependency */ = {
			isa = PBXTargetDependency;
			target = 6884DF371CC9FC8A0071EFFB /* LRSDK */;
			targetProxy = 68E7ACBF1CD9F61300A9E73E /* PBXContainerItemProxy */;
		};
/* End PBXTargetDependency section */

/* Begin XCBuildConfiguration section */
		6884DF4A1CC9FC8A0071EFFB /* Debug */ = {
			isa = XCBuildConfiguration;
			buildSettings = {
				ALWAYS_SEARCH_USER_PATHS = NO;
				CLANG_CXX_LANGUAGE_STANDARD = "gnu++0x";
				CLANG_CXX_LIBRARY = "libc++";
				CLANG_ENABLE_MODULES = YES;
				CLANG_ENABLE_OBJC_ARC = YES;
				CLANG_WARN_BOOL_CONVERSION = YES;
				CLANG_WARN_CONSTANT_CONVERSION = YES;
				CLANG_WARN_DIRECT_OBJC_ISA_USAGE = YES_ERROR;
				CLANG_WARN_EMPTY_BODY = YES;
				CLANG_WARN_ENUM_CONVERSION = YES;
				CLANG_WARN_INT_CONVERSION = YES;
				CLANG_WARN_OBJC_ROOT_CLASS = YES_ERROR;
				CLANG_WARN_UNREACHABLE_CODE = YES;
				CLANG_WARN__DUPLICATE_METHOD_MATCH = YES;
				"CODE_SIGN_IDENTITY[sdk=iphoneos*]" = "iPhone Developer";
				COPY_PHASE_STRIP = NO;
				CURRENT_PROJECT_VERSION = 1;
				DEBUG_INFORMATION_FORMAT = dwarf;
				ENABLE_STRICT_OBJC_MSGSEND = YES;
				ENABLE_TESTABILITY = YES;
				GCC_C_LANGUAGE_STANDARD = gnu99;
				GCC_DYNAMIC_NO_PIC = NO;
				GCC_NO_COMMON_BLOCKS = YES;
				GCC_OPTIMIZATION_LEVEL = 0;
				GCC_PREPROCESSOR_DEFINITIONS = (
					"DEBUG=1",
					"$(inherited)",
				);
				GCC_WARN_64_TO_32_BIT_CONVERSION = YES;
				GCC_WARN_ABOUT_RETURN_TYPE = YES_ERROR;
				GCC_WARN_UNDECLARED_SELECTOR = YES;
				GCC_WARN_UNINITIALIZED_AUTOS = YES_AGGRESSIVE;
				GCC_WARN_UNUSED_FUNCTION = YES;
				GCC_WARN_UNUSED_VARIABLE = YES;
				IPHONEOS_DEPLOYMENT_TARGET = 9.2;
				MTL_ENABLE_DEBUG_INFO = YES;
				ONLY_ACTIVE_ARCH = YES;
				SDKROOT = iphoneos;
				TARGETED_DEVICE_FAMILY = "1,2";
				VERSIONING_SYSTEM = "apple-generic";
				VERSION_INFO_PREFIX = "";
			};
			name = Debug;
		};
		6884DF4B1CC9FC8A0071EFFB /* Release */ = {
			isa = XCBuildConfiguration;
			buildSettings = {
				ALWAYS_SEARCH_USER_PATHS = NO;
				CLANG_CXX_LANGUAGE_STANDARD = "gnu++0x";
				CLANG_CXX_LIBRARY = "libc++";
				CLANG_ENABLE_MODULES = YES;
				CLANG_ENABLE_OBJC_ARC = YES;
				CLANG_WARN_BOOL_CONVERSION = YES;
				CLANG_WARN_CONSTANT_CONVERSION = YES;
				CLANG_WARN_DIRECT_OBJC_ISA_USAGE = YES_ERROR;
				CLANG_WARN_EMPTY_BODY = YES;
				CLANG_WARN_ENUM_CONVERSION = YES;
				CLANG_WARN_INT_CONVERSION = YES;
				CLANG_WARN_OBJC_ROOT_CLASS = YES_ERROR;
				CLANG_WARN_UNREACHABLE_CODE = YES;
				CLANG_WARN__DUPLICATE_METHOD_MATCH = YES;
				"CODE_SIGN_IDENTITY[sdk=iphoneos*]" = "iPhone Developer";
				COPY_PHASE_STRIP = NO;
				CURRENT_PROJECT_VERSION = 1;
				DEBUG_INFORMATION_FORMAT = "dwarf-with-dsym";
				ENABLE_NS_ASSERTIONS = NO;
				ENABLE_STRICT_OBJC_MSGSEND = YES;
				GCC_C_LANGUAGE_STANDARD = gnu99;
				GCC_NO_COMMON_BLOCKS = YES;
				GCC_WARN_64_TO_32_BIT_CONVERSION = YES;
				GCC_WARN_ABOUT_RETURN_TYPE = YES_ERROR;
				GCC_WARN_UNDECLARED_SELECTOR = YES;
				GCC_WARN_UNINITIALIZED_AUTOS = YES_AGGRESSIVE;
				GCC_WARN_UNUSED_FUNCTION = YES;
				GCC_WARN_UNUSED_VARIABLE = YES;
				IPHONEOS_DEPLOYMENT_TARGET = 9.2;
				MTL_ENABLE_DEBUG_INFO = NO;
				SDKROOT = iphoneos;
				TARGETED_DEVICE_FAMILY = "1,2";
				VALIDATE_PRODUCT = YES;
				VERSIONING_SYSTEM = "apple-generic";
				VERSION_INFO_PREFIX = "";
			};
			name = Release;
		};
		6884DF4D1CC9FC8A0071EFFB /* Debug */ = {
			isa = XCBuildConfiguration;
			buildSettings = {
				CODE_SIGN_IDENTITY = "iPhone Developer";
				DEFINES_MODULE = YES;
				DYLIB_COMPATIBILITY_VERSION = 1;
				DYLIB_CURRENT_VERSION = 1;
				DYLIB_INSTALL_NAME_BASE = "@rpath";
				FRAMEWORK_SEARCH_PATHS = (
					"$(inherited)",
					"$(PROJECT_DIR)/LRSDK",
				);
				INFOPLIST_FILE = LRSDK/Info.plist;
				INSTALL_PATH = "$(LOCAL_LIBRARY_DIR)/Frameworks";
				IPHONEOS_DEPLOYMENT_TARGET = 8.0;
				LD_RUNPATH_SEARCH_PATHS = "$(inherited) @executable_path/Frameworks @loader_path/Frameworks";
				ONLY_ACTIVE_ARCH = YES;
				PRODUCT_BUNDLE_IDENTIFIER = com.loginradius.LRSDK;
				PRODUCT_NAME = "$(TARGET_NAME)";
				SKIP_INSTALL = YES;
			};
			name = Debug;
		};
		6884DF4E1CC9FC8A0071EFFB /* Release */ = {
			isa = XCBuildConfiguration;
			buildSettings = {
				CODE_SIGN_IDENTITY = "iPhone Developer";
				DEFINES_MODULE = YES;
				DYLIB_COMPATIBILITY_VERSION = 1;
				DYLIB_CURRENT_VERSION = 1;
				DYLIB_INSTALL_NAME_BASE = "@rpath";
				FRAMEWORK_SEARCH_PATHS = (
					"$(inherited)",
					"$(PROJECT_DIR)/LRSDK",
				);
				INFOPLIST_FILE = LRSDK/Info.plist;
				INSTALL_PATH = "$(LOCAL_LIBRARY_DIR)/Frameworks";
				IPHONEOS_DEPLOYMENT_TARGET = 8.0;
				LD_RUNPATH_SEARCH_PATHS = "$(inherited) @executable_path/Frameworks @loader_path/Frameworks";
				PRODUCT_BUNDLE_IDENTIFIER = com.loginradius.LRSDK;
				PRODUCT_NAME = "$(TARGET_NAME)";
				SKIP_INSTALL = YES;
			};
			name = Release;
		};
		6884DF501CC9FC8A0071EFFB /* Debug */ = {
			isa = XCBuildConfiguration;
			buildSettings = {
				INFOPLIST_FILE = LRSDKTests/Info.plist;
				LD_RUNPATH_SEARCH_PATHS = "$(inherited) @executable_path/Frameworks @loader_path/Frameworks";
				PRODUCT_BUNDLE_IDENTIFIER = com.loginradius.LRSDKTests;
				PRODUCT_NAME = "$(TARGET_NAME)";
			};
			name = Debug;
		};
		6884DF511CC9FC8A0071EFFB /* Release */ = {
			isa = XCBuildConfiguration;
			buildSettings = {
				INFOPLIST_FILE = LRSDKTests/Info.plist;
				LD_RUNPATH_SEARCH_PATHS = "$(inherited) @executable_path/Frameworks @loader_path/Frameworks";
				PRODUCT_BUNDLE_IDENTIFIER = com.loginradius.LRSDKTests;
				PRODUCT_NAME = "$(TARGET_NAME)";
			};
			name = Release;
		};
		6884DF911CCA063C0071EFFB /* Debug */ = {
			isa = XCBuildConfiguration;
			buildSettings = {
				PRODUCT_NAME = "$(TARGET_NAME)";
			};
			name = Debug;
		};
		6884DF921CCA063C0071EFFB /* Release */ = {
			isa = XCBuildConfiguration;
			buildSettings = {
				PRODUCT_NAME = "$(TARGET_NAME)";
			};
			name = Release;
		};
/* End XCBuildConfiguration section */

/* Begin XCConfigurationList section */
		6884DF321CC9FC8A0071EFFB /* Build configuration list for PBXProject "LRSDK" */ = {
			isa = XCConfigurationList;
			buildConfigurations = (
				6884DF4A1CC9FC8A0071EFFB /* Debug */,
				6884DF4B1CC9FC8A0071EFFB /* Release */,
			);
			defaultConfigurationIsVisible = 0;
			defaultConfigurationName = Release;
		};
		6884DF4C1CC9FC8A0071EFFB /* Build configuration list for PBXNativeTarget "LRSDK" */ = {
			isa = XCConfigurationList;
			buildConfigurations = (
				6884DF4D1CC9FC8A0071EFFB /* Debug */,
				6884DF4E1CC9FC8A0071EFFB /* Release */,
			);
			defaultConfigurationIsVisible = 0;
			defaultConfigurationName = Release;
		};
		6884DF4F1CC9FC8A0071EFFB /* Build configuration list for PBXNativeTarget "LRSDKTests" */ = {
			isa = XCConfigurationList;
			buildConfigurations = (
				6884DF501CC9FC8A0071EFFB /* Debug */,
				6884DF511CC9FC8A0071EFFB /* Release */,
			);
			defaultConfigurationIsVisible = 0;
			defaultConfigurationName = Release;
		};
		6884DF901CCA063C0071EFFB /* Build configuration list for PBXAggregateTarget "LoginRadius" */ = {
			isa = XCConfigurationList;
			buildConfigurations = (
				6884DF911CCA063C0071EFFB /* Debug */,
				6884DF921CCA063C0071EFFB /* Release */,
			);
			defaultConfigurationIsVisible = 0;
			defaultConfigurationName = Release;
		};
/* End XCConfigurationList section */
	};
	rootObject = 6884DF2F1CC9FC8A0071EFFB /* Project object */;
}
