PODS:
  - Bolts (1.7.0):
    - Bolts/AppLinks (= 1.7.0)
    - Bolts/Tasks (= 1.7.0)
  - Bolts/AppLinks (1.7.0):
    - Bolts/Tasks
  - Bolts/Tasks (1.7.0)
  - FBSDKCoreKit (4.13.1):
    - Bolts (~> 1.7)
  - FBSDKLoginKit (4.13.1):
    - FBSDKCoreKit
  - LRSDK (3.0.1):
    - FBSDKLoginKit (~> 4.13)

DEPENDENCIES:
  - LRSDK (from `./`)

EXTERNAL SOURCES:
  LRSDK:
    :path: "./"

SPEC CHECKSUMS:
  Bolts: a0058fa3b331c5a1e4402d534f2dae36dbff31e4
  FBSDKCoreKit: 2807fe0da2ddb49a1469da6d6ff597f99912980f
  FBSDKLoginKit: 6d350cb6a22d6956e9d078885de6ee8a0ebc51b4
  LRSDK: c4bdba73eeea17d7b9f3f011d1e49d44103af426

PODFILE CHECKSUM: 7c7bee75ba8dfcdfc2e5c21f8a192108720bceae

COCOAPODS: 1.0.1
