PODS:
  - FBSDKCoreKit (6.0.0):
    - FBSDKCoreKit/Basics (= 6.0.0)
    - FBSDKCoreKit/Core (= 6.0.0)
  - FBSDKCoreKit/Basics (6.0.0)
  - FBSDKCoreKit/Core (6.0.0):
    - FBSDKCoreKit/Basics
  - FBSDKLoginKit (6.0.0):
    - FBSDKLoginKit/Login (= 6.0.0)
  - FBSDKLoginKit/Login (6.0.0):
    - FBSDKCoreKit (~> 6.0.0)
  - SimpleKeychain (0.8.1)

DEPENDENCIES:
  - FBSDKLoginKit
  - SimpleKeychain

SPEC REPOS:
  trunk:
    - FBSDKCoreKit
    - FBSDKLoginKit
    - SimpleKeychain

SPEC CHECKSUMS:
  FBSDKCoreKit: fe738b172590e622c86735b45e20d196848b54df
  FBSDKLoginKit: fa57df1b967fe0e147b25bede6ea4e9cdf4d64be
  SimpleKeychain: e2485c28d82fcece35e9e41faeac42ebfe614815

PODFILE CHECKSUM: 38dd20d885d9540da71334fd3397fcd8ab38233b

COCOAPODS: 1.9.1
