// !$*UTF8*$!
{
	archiveVersion = 1;
	classes = {
	};
	objectVersion = 46;
	objects = {

/* Begin PBXBuildFile section */
		6884DF601CC9FCAF0071EFFB /* main.m in Sources */ = {isa = PBXBuildFile; fileRef = 6884DF5F1CC9FCAF0071EFFB /* main.m */; };
		6884DF631CC9FCAF0071EFFB /* AppDelegate.m in Sources */ = {isa = PBXBuildFile; fileRef = 6884DF621CC9FCAF0071EFFB /* AppDelegate.m */; };
		6884DF661CC9FCAF0071EFFB /* ViewController.m in Sources */ = {isa = PBXBuildFile; fileRef = 6884DF651CC9FCAF0071EFFB /* ViewController.m */; };
		6884DF691CC9FCAF0071EFFB /* Main.storyboard in Resources */ = {isa = PBXBuildFile; fileRef = 6884DF671CC9FCAF0071EFFB /* Main.storyboard */; };
		6884DF6B1CC9FCAF0071EFFB /* Assets.xcassets in Resources */ = {isa = PBXBuildFile; fileRef = 6884DF6A1CC9FCAF0071EFFB /* Assets.xcassets */; };
		6884DF6E1CC9FCAF0071EFFB /* LaunchScreen.storyboard in Resources */ = {isa = PBXBuildFile; fileRef = 6884DF6C1CC9FCAF0071EFFB /* LaunchScreen.storyboard */; };
		6884DF791CC9FCAF0071EFFB /* Social_LoginTests.m in Sources */ = {isa = PBXBuildFile; fileRef = 6884DF781CC9FCAF0071EFFB /* Social_LoginTests.m */; };
/* End PBXBuildFile section */

/* Begin PBXContainerItemProxy section */
		6884DF751CC9FCAF0071EFFB /* PBXContainerItemProxy */ = {
			isa = PBXContainerItemProxy;
			containerPortal = 6884DF531CC9FCAF0071EFFB /* Project object */;
			proxyType = 1;
			remoteGlobalIDString = 6884DF5A1CC9FCAF0071EFFB;
			remoteInfo = "Social Login";
		};
/* End PBXContainerItemProxy section */

/* Begin PBXFileReference section */
		6884DF5B1CC9FCAF0071EFFB /* Social Login.app */ = {isa = PBXFileReference; explicitFileType = wrapper.application; includeInIndex = 0; path = "Social Login.app"; sourceTree = BUILT_PRODUCTS_DIR; };
		6884DF5F1CC9FCAF0071EFFB /* main.m */ = {isa = PBXFileReference; lastKnownFileType = sourcecode.c.objc; path = main.m; sourceTree = "<group>"; };
		6884DF611CC9FCAF0071EFFB /* AppDelegate.h */ = {isa = PBXFileReference; lastKnownFileType = sourcecode.c.h; path = AppDelegate.h; sourceTree = "<group>"; };
		6884DF621CC9FCAF0071EFFB /* AppDelegate.m */ = {isa = PBXFileReference; lastKnownFileType = sourcecode.c.objc; path = AppDelegate.m; sourceTree = "<group>"; };
		6884DF641CC9FCAF0071EFFB /* ViewController.h */ = {isa = PBXFileReference; lastKnownFileType = sourcecode.c.h; path = ViewController.h; sourceTree = "<group>"; };
		6884DF651CC9FCAF0071EFFB /* ViewController.m */ = {isa = PBXFileReference; lastKnownFileType = sourcecode.c.objc; path = ViewController.m; sourceTree = "<group>"; };
		6884DF681CC9FCAF0071EFFB /* Base */ = {isa = PBXFileReference; lastKnownFileType = file.storyboard; name = Base; path = Base.lproj/Main.storyboard; sourceTree = "<group>"; };
		6884DF6A1CC9FCAF0071EFFB /* Assets.xcassets */ = {isa = PBXFileReference; lastKnownFileType = folder.assetcatalog; path = Assets.xcassets; sourceTree = "<group>"; };
		6884DF6D1CC9FCAF0071EFFB /* Base */ = {isa = PBXFileReference; lastKnownFileType = file.storyboard; name = Base; path = Base.lproj/LaunchScreen.storyboard; sourceTree = "<group>"; };
		6884DF6F1CC9FCAF0071EFFB /* Info.plist */ = {isa = PBXFileReference; lastKnownFileType = text.plist.xml; path = Info.plist; sourceTree = "<group>"; };
		6884DF741CC9FCAF0071EFFB /* Social LoginTests.xctest */ = {isa = PBXFileReference; explicitFileType = wrapper.cfbundle; includeInIndex = 0; path = "Social LoginTests.xctest"; sourceTree = BUILT_PRODUCTS_DIR; };
		6884DF781CC9FCAF0071EFFB /* Social_LoginTests.m */ = {isa = PBXFileReference; lastKnownFileType = sourcecode.c.objc; path = Social_LoginTests.m; sourceTree = "<group>"; };
		6884DF7A1CC9FCAF0071EFFB /* Info.plist */ = {isa = PBXFileReference; lastKnownFileType = text.plist.xml; path = Info.plist; sourceTree = "<group>"; };
/* End PBXFileReference section */

/* Begin PBXFrameworksBuildPhase section */
		6884DF581CC9FCAF0071EFFB /* Frameworks */ = {
			isa = PBXFrameworksBuildPhase;
			buildActionMask = 2147483647;
			files = (
			);
			runOnlyForDeploymentPostprocessing = 0;
		};
		6884DF711CC9FCAF0071EFFB /* Frameworks */ = {
			isa = PBXFrameworksBuildPhase;
			buildActionMask = 2147483647;
			files = (
			);
			runOnlyForDeploymentPostprocessing = 0;
		};
/* End PBXFrameworksBuildPhase section */

/* Begin PBXGroup section */
		6884DF521CC9FCAF0071EFFB = {
			isa = PBXGroup;
			children = (
				6884DF5D1CC9FCAF0071EFFB /* Social Login */,
				6884DF771CC9FCAF0071EFFB /* Social LoginTests */,
				6884DF5C1CC9FCAF0071EFFB /* Products */,
			);
			sourceTree = "<group>";
		};
		6884DF5C1CC9FCAF0071EFFB /* Products */ = {
			isa = PBXGroup;
			children = (
				6884DF5B1CC9FCAF0071EFFB /* Social Login.app */,
				6884DF741CC9FCAF0071EFFB /* Social LoginTests.xctest */,
			);
			name = Products;
			sourceTree = "<group>";
		};
		6884DF5D1CC9FCAF0071EFFB /* Social Login */ = {
			isa = PBXGroup;
			children = (
				6884DF611CC9FCAF0071EFFB /* AppDelegate.h */,
				6884DF621CC9FCAF0071EFFB /* AppDelegate.m */,
				6884DF641CC9FCAF0071EFFB /* ViewController.h */,
				6884DF651CC9FCAF0071EFFB /* ViewController.m */,
				6884DF671CC9FCAF0071EFFB /* Main.storyboard */,
				6884DF6A1CC9FCAF0071EFFB /* Assets.xcassets */,
				6884DF6C1CC9FCAF0071EFFB /* LaunchScreen.storyboard */,
				6884DF6F1CC9FCAF0071EFFB /* Info.plist */,
				6884DF5E1CC9FCAF0071EFFB /* Supporting Files */,
			);
			path = "Social Login";
			sourceTree = "<group>";
		};
		6884DF5E1CC9FCAF0071EFFB /* Supporting Files */ = {
			isa = PBXGroup;
			children = (
				6884DF5F1CC9FCAF0071EFFB /* main.m */,
			);
			name = "Supporting Files";
			sourceTree = "<group>";
		};
		6884DF771CC9FCAF0071EFFB /* Social LoginTests */ = {
			isa = PBXGroup;
			children = (
				6884DF781CC9FCAF0071EFFB /* Social_LoginTests.m */,
				6884DF7A1CC9FCAF0071EFFB /* Info.plist */,
			);
			path = "Social LoginTests";
			sourceTree = "<group>";
		};
/* End PBXGroup section */

/* Begin PBXNativeTarget section */
		6884DF5A1CC9FCAF0071EFFB /* Social Login */ = {
			isa = PBXNativeTarget;
			buildConfigurationList = 6884DF7D1CC9FCAF0071EFFB /* Build configuration list for PBXNativeTarget "Social Login" */;
			buildPhases = (
				6884DF571CC9FCAF0071EFFB /* Sources */,
				6884DF581CC9FCAF0071EFFB /* Frameworks */,
				6884DF591CC9FCAF0071EFFB /* Resources */,
			);
			buildRules = (
			);
			dependencies = (
			);
			name = "Social Login";
			productName = "Social Login";
			productReference = 6884DF5B1CC9FCAF0071EFFB /* Social Login.app */;
			productType = "com.apple.product-type.application";
		};
		6884DF731CC9FCAF0071EFFB /* Social LoginTests */ = {
			isa = PBXNativeTarget;
			buildConfigurationList = 6884DF801CC9FCAF0071EFFB /* Build configuration list for PBXNativeTarget "Social LoginTests" */;
			buildPhases = (
				6884DF701CC9FCAF0071EFFB /* Sources */,
				6884DF711CC9FCAF0071EFFB /* Frameworks */,
				6884DF721CC9FCAF0071EFFB /* Resources */,
			);
			buildRules = (
			);
			dependencies = (
				6884DF761CC9FCAF0071EFFB /* PBXTargetDependency */,
			);
			name = "Social LoginTests";
			productName = "Social LoginTests";
			productReference = 6884DF741CC9FCAF0071EFFB /* Social LoginTests.xctest */;
			productType = "com.apple.product-type.bundle.unit-test";
		};
/* End PBXNativeTarget section */

/* Begin PBXProject section */
		6884DF531CC9FCAF0071EFFB /* Project object */ = {
			isa = PBXProject;
			attributes = {
				LastUpgradeCheck = 0720;
				ORGANIZATIONNAME = "LoginRadius Inc";
				TargetAttributes = {
					6884DF5A1CC9FCAF0071EFFB = {
						CreatedOnToolsVersion = 7.2;
					};
					6884DF731CC9FCAF0071EFFB = {
						CreatedOnToolsVersion = 7.2;
						TestTargetID = 6884DF5A1CC9FCAF0071EFFB;
					};
				};
			};
			buildConfigurationList = 6884DF561CC9FCAF0071EFFB /* Build configuration list for PBXProject "Social Login" */;
			compatibilityVersion = "Xcode 3.2";
			developmentRegion = English;
			hasScannedForEncodings = 0;
			knownRegions = (
				en,
				Base,
			);
			mainGroup = 6884DF521CC9FCAF0071EFFB;
			productRefGroup = 6884DF5C1CC9FCAF0071EFFB /* Products */;
			projectDirPath = "";
			projectRoot = "";
			targets = (
				6884DF5A1CC9FCAF0071EFFB /* Social Login */,
				6884DF731CC9FCAF0071EFFB /* Social LoginTests */,
			);
		};
/* End PBXProject section */

/* Begin PBXResourcesBuildPhase section */
		6884DF591CC9FCAF0071EFFB /* Resources */ = {
			isa = PBXResourcesBuildPhase;
			buildActionMask = 2147483647;
			files = (
				6884DF6E1CC9FCAF0071EFFB /* LaunchScreen.storyboard in Resources */,
				6884DF6B1CC9FCAF0071EFFB /* Assets.xcassets in Resources */,
				6884DF691CC9FCAF0071EFFB /* Main.storyboard in Resources */,
			);
			runOnlyForDeploymentPostprocessing = 0;
		};
		6884DF721CC9FCAF0071EFFB /* Resources */ = {
			isa = PBXResourcesBuildPhase;
			buildActionMask = 2147483647;
			files = (
			);
			runOnlyForDeploymentPostprocessing = 0;
		};
/* End PBXResourcesBuildPhase section */

/* Begin PBXSourcesBuildPhase section */
		6884DF571CC9FCAF0071EFFB /* Sources */ = {
			isa = PBXSourcesBuildPhase;
			buildActionMask = 2147483647;
			files = (
				6884DF661CC9FCAF0071EFFB /* ViewController.m in Sources */,
				6884DF631CC9FCAF0071EFFB /* AppDelegate.m in Sources */,
				6884DF601CC9FCAF0071EFFB /* main.m in Sources */,
			);
			runOnlyForDeploymentPostprocessing = 0;
		};
		6884DF701CC9FCAF0071EFFB /* Sources */ = {
			isa = PBXSourcesBuildPhase;
			buildActionMask = 2147483647;
			files = (
				6884DF791CC9FCAF0071EFFB /* Social_LoginTests.m in Sources */,
			);
			runOnlyForDeploymentPostprocessing = 0;
		};
/* End PBXSourcesBuildPhase section */

/* Begin PBXTargetDependency section */
		6884DF761CC9FCAF0071EFFB /* PBXTargetDependency */ = {
			isa = PBXTargetDependency;
			target = 6884DF5A1CC9FCAF0071EFFB /* Social Login */;
			targetProxy = 6884DF751CC9FCAF0071EFFB /* PBXContainerItemProxy */;
		};
/* End PBXTargetDependency section */

/* Begin PBXVariantGroup section */
		6884DF671CC9FCAF0071EFFB /* Main.storyboard */ = {
			isa = PBXVariantGroup;
			children = (
				6884DF681CC9FCAF0071EFFB /* Base */,
			);
			name = Main.storyboard;
			sourceTree = "<group>";
		};
		6884DF6C1CC9FCAF0071EFFB /* LaunchScreen.storyboard */ = {
			isa = PBXVariantGroup;
			children = (
				6884DF6D1CC9FCAF0071EFFB /* Base */,
			);
			name = LaunchScreen.storyboard;
			sourceTree = "<group>";
		};
/* End PBXVariantGroup section */

/* Begin XCBuildConfiguration section */
		6884DF7B1CC9FCAF0071EFFB /* Debug */ = {
			isa = XCBuildConfiguration;
			buildSettings = {
				ALWAYS_SEARCH_USER_PATHS = NO;
				CLANG_CXX_LANGUAGE_STANDARD = "gnu++0x";
				CLANG_CXX_LIBRARY = "libc++";
				CLANG_ENABLE_MODULES = YES;
				CLANG_ENABLE_OBJC_ARC = YES;
				CLANG_WARN_BOOL_CONVERSION = YES;
				CLANG_WARN_CONSTANT_CONVERSION = YES;
				CLANG_WARN_DIRECT_OBJC_ISA_USAGE = YES_ERROR;
				CLANG_WARN_EMPTY_BODY = YES;
				CLANG_WARN_ENUM_CONVERSION = YES;
				CLANG_WARN_INT_CONVERSION = YES;
				CLANG_WARN_OBJC_ROOT_CLASS = YES_ERROR;
				CLANG_WARN_UNREACHABLE_CODE = YES;
				CLANG_WARN__DUPLICATE_METHOD_MATCH = YES;
				"CODE_SIGN_IDENTITY[sdk=iphoneos*]" = "iPhone Developer";
				COPY_PHASE_STRIP = NO;
				DEBUG_INFORMATION_FORMAT = dwarf;
				ENABLE_STRICT_OBJC_MSGSEND = YES;
				ENABLE_TESTABILITY = YES;
				GCC_C_LANGUAGE_STANDARD = gnu99;
				GCC_DYNAMIC_NO_PIC = NO;
				GCC_NO_COMMON_BLOCKS = YES;
				GCC_OPTIMIZATION_LEVEL = 0;
				GCC_PREPROCESSOR_DEFINITIONS = (
					"DEBUG=1",
					"$(inherited)",
				);
				GCC_WARN_64_TO_32_BIT_CONVERSION = YES;
				GCC_WARN_ABOUT_RETURN_TYPE = YES_ERROR;
				GCC_WARN_UNDECLARED_SELECTOR = YES;
				GCC_WARN_UNINITIALIZED_AUTOS = YES_AGGRESSIVE;
				GCC_WARN_UNUSED_FUNCTION = YES;
				GCC_WARN_UNUSED_VARIABLE = YES;
				IPHONEOS_DEPLOYMENT_TARGET = 9.2;
				MTL_ENABLE_DEBUG_INFO = YES;
				ONLY_ACTIVE_ARCH = YES;
				SDKROOT = iphoneos;
			};
			name = Debug;
		};
		6884DF7C1CC9FCAF0071EFFB /* Release */ = {
			isa = XCBuildConfiguration;
			buildSettings = {
				ALWAYS_SEARCH_USER_PATHS = NO;
				CLANG_CXX_LANGUAGE_STANDARD = "gnu++0x";
				CLANG_CXX_LIBRARY = "libc++";
				CLANG_ENABLE_MODULES = YES;
				CLANG_ENABLE_OBJC_ARC = YES;
				CLANG_WARN_BOOL_CONVERSION = YES;
				CLANG_WARN_CONSTANT_CONVERSION = YES;
				CLANG_WARN_DIRECT_OBJC_ISA_USAGE = YES_ERROR;
				CLANG_WARN_EMPTY_BODY = YES;
				CLANG_WARN_ENUM_CONVERSION = YES;
				CLANG_WARN_INT_CONVERSION = YES;
				CLANG_WARN_OBJC_ROOT_CLASS = YES_ERROR;
				CLANG_WARN_UNREACHABLE_CODE = YES;
				CLANG_WARN__DUPLICATE_METHOD_MATCH = YES;
				"CODE_SIGN_IDENTITY[sdk=iphoneos*]" = "iPhone Developer";
				COPY_PHASE_STRIP = NO;
				DEBUG_INFORMATION_FORMAT = "dwarf-with-dsym";
				ENABLE_NS_ASSERTIONS = NO;
				ENABLE_STRICT_OBJC_MSGSEND = YES;
				GCC_C_LANGUAGE_STANDARD = gnu99;
				GCC_NO_COMMON_BLOCKS = YES;
				GCC_WARN_64_TO_32_BIT_CONVERSION = YES;
				GCC_WARN_ABOUT_RETURN_TYPE = YES_ERROR;
				GCC_WARN_UNDECLARED_SELECTOR = YES;
				GCC_WARN_UNINITIALIZED_AUTOS = YES_AGGRESSIVE;
				GCC_WARN_UNUSED_FUNCTION = YES;
				GCC_WARN_UNUSED_VARIABLE = YES;
				IPHONEOS_DEPLOYMENT_TARGET = 9.2;
				MTL_ENABLE_DEBUG_INFO = NO;
				SDKROOT = iphoneos;
				VALIDATE_PRODUCT = YES;
			};
			name = Release;
		};
		6884DF7E1CC9FCAF0071EFFB /* Debug */ = {
			isa = XCBuildConfiguration;
			buildSettings = {
				ASSETCATALOG_COMPILER_APPICON_NAME = AppIcon;
				INFOPLIST_FILE = "Social Login/Info.plist";
				LD_RUNPATH_SEARCH_PATHS = "$(inherited) @executable_path/Frameworks";
				PRODUCT_BUNDLE_IDENTIFIER = "com.loginradius.Social-Login";
				PRODUCT_NAME = "$(TARGET_NAME)";
			};
			name = Debug;
		};
		6884DF7F1CC9FCAF0071EFFB /* Release */ = {
			isa = XCBuildConfiguration;
			buildSettings = {
				ASSETCATALOG_COMPILER_APPICON_NAME = AppIcon;
				INFOPLIST_FILE = "Social Login/Info.plist";
				LD_RUNPATH_SEARCH_PATHS = "$(inherited) @executable_path/Frameworks";
				PRODUCT_BUNDLE_IDENTIFIER = "com.loginradius.Social-Login";
				PRODUCT_NAME = "$(TARGET_NAME)";
			};
			name = Release;
		};
		6884DF811CC9FCAF0071EFFB /* Debug */ = {
			isa = XCBuildConfiguration;
			buildSettings = {
				BUNDLE_LOADER = "$(TEST_HOST)";
				INFOPLIST_FILE = "Social LoginTests/Info.plist";
				LD_RUNPATH_SEARCH_PATHS = "$(inherited) @executable_path/Frameworks @loader_path/Frameworks";
				PRODUCT_BUNDLE_IDENTIFIER = "com.loginradius.Social-LoginTests";
				PRODUCT_NAME = "$(TARGET_NAME)";
				TEST_HOST = "$(BUILT_PRODUCTS_DIR)/Social Login.app/Social Login";
			};
			name = Debug;
		};
		6884DF821CC9FCAF0071EFFB /* Release */ = {
			isa = XCBuildConfiguration;
			buildSettings = {
				BUNDLE_LOADER = "$(TEST_HOST)";
				INFOPLIST_FILE = "Social LoginTests/Info.plist";
				LD_RUNPATH_SEARCH_PATHS = "$(inherited) @executable_path/Frameworks @loader_path/Frameworks";
				PRODUCT_BUNDLE_IDENTIFIER = "com.loginradius.Social-LoginTests";
				PRODUCT_NAME = "$(TARGET_NAME)";
				TEST_HOST = "$(BUILT_PRODUCTS_DIR)/Social Login.app/Social Login";
			};
			name = Release;
		};
/* End XCBuildConfiguration section */

/* Begin XCConfigurationList section */
		6884DF561CC9FCAF0071EFFB /* Build configuration list for PBXProject "Social Login" */ = {
			isa = XCConfigurationList;
			buildConfigurations = (
				6884DF7B1CC9FCAF0071EFFB /* Debug */,
				6884DF7C1CC9FCAF0071EFFB /* Release */,
			);
			defaultConfigurationIsVisible = 0;
			defaultConfigurationName = Release;
		};
		6884DF7D1CC9FCAF0071EFFB /* Build configuration list for PBXNativeTarget "Social Login" */ = {
			isa = XCConfigurationList;
			buildConfigurations = (
				6884DF7E1CC9FCAF0071EFFB /* Debug */,
				6884DF7F1CC9FCAF0071EFFB /* Release */,
			);
			defaultConfigurationIsVisible = 0;
		};
		6884DF801CC9FCAF0071EFFB /* Build configuration list for PBXNativeTarget "Social LoginTests" */ = {
			isa = XCConfigurationList;
			buildConfigurations = (
				6884DF811CC9FCAF0071EFFB /* Debug */,
				6884DF821CC9FCAF0071EFFB /* Release */,
			);
			defaultConfigurationIsVisible = 0;
		};
/* End XCConfigurationList section */
	};
	rootObject = 6884DF531CC9FCAF0071EFFB /* Project object */;
}
