// !$*UTF8*$!
{
	archiveVersion = 1;
	classes = {
	};
	objectVersion = 46;
	objects = {

/* Begin PBXBuildFile section */
		1535D61F1EFC7E3B005DDAD0 /* SocialProvidersPickerRow.swift in Sources */ = {isa = PBXBuildFile; fileRef = 1535D61C1EFC7E3B005DDAD0 /* SocialProvidersPickerRow.swift */; };
		1535D6201EFC7E3B005DDAD0 /* SocialProviderIconCell.swift in Sources */ = {isa = PBXBuildFile; fileRef = 1535D61D1EFC7E3B005DDAD0 /* SocialProviderIconCell.swift */; };
		1535D6211EFC7E3B005DDAD0 /* SocialProvider.swift in Sources */ = {isa = PBXBuildFile; fileRef = 1535D61E1EFC7E3B005DDAD0 /* SocialProvider.swift */; };
		15AFFD8F1ECF4C73006C6485 /* FullDetailViewController.swift in Sources */ = {isa = PBXBuildFile; fileRef = 15AFFD8E1ECF4C73006C6485 /* FullDetailViewController.swift */; };
		15AFFD931ECF8F3F006C6485 /* DetailViewControllerUISetup.swift in Sources */ = {isa = PBXBuildFile; fileRef = 15AFFD921ECF8F3F006C6485 /* DetailViewControllerUISetup.swift */; };
		15DF477E1EE621240074CD92 /* FormViewControllerExtension.swift in Sources */ = {isa = PBXBuildFile; fileRef = 15DF477D1EE621240074CD92 /* FormViewControllerExtension.swift */; };
		15DF47831EE8A80A0074CD92 /* MissingFieldsViewController.swift in Sources */ = {isa = PBXBuildFile; fileRef = 15DF47821EE8A80A0074CD92 /* MissingFieldsViewController.swift */; };
		6802EC941CED883400D3BF22 /* AppDelegate.swift in Sources */ = {isa = PBXBuildFile; fileRef = 6802EC691CED883400D3BF22 /* AppDelegate.swift */; };
		681005671E5C47160097BE26 /* LoginRadius.plist in Resources */ = {isa = PBXBuildFile; fileRef = 681005661E5C47160097BE26 /* LoginRadius.plist */; };
		682D11631CEC5314009274E2 /* ViewController.swift in Sources */ = {isa = PBXBuildFile; fileRef = 682D11621CEC5314009274E2 /* ViewController.swift */; };
		682D11661CEC5314009274E2 /* Main.storyboard in Resources */ = {isa = PBXBuildFile; fileRef = 682D11641CEC5314009274E2 /* Main.storyboard */; };
		682D11681CEC5314009274E2 /* Assets.xcassets in Resources */ = {isa = PBXBuildFile; fileRef = 682D11671CEC5314009274E2 /* Assets.xcassets */; };
		682D116B1CEC5314009274E2 /* LaunchScreen.storyboard in Resources */ = {isa = PBXBuildFile; fileRef = 682D11691CEC5314009274E2 /* LaunchScreen.storyboard */; };
		6830081F1CECF78A000E43DC /* DetailViewController.swift in Sources */ = {isa = PBXBuildFile; fileRef = 6830081E1CECF78A000E43DC /* DetailViewController.swift */; };
		C97F1F10CFF589D1288DC327 /* Pods_SwiftDemo.framework in Frameworks */ = {isa = PBXBuildFile; fileRef = B1154E97D2B33DDB11D6CF44 /* Pods_SwiftDemo.framework */; };
/* End PBXBuildFile section */

/* Begin PBXCopyFilesBuildPhase section */
		682D11781CEC5383009274E2 /* Embed Frameworks */ = {
			isa = PBXCopyFilesBuildPhase;
			buildActionMask = 2147483647;
			dstPath = "";
			dstSubfolderSpec = 10;
			files = (
			);
			name = "Embed Frameworks";
			runOnlyForDeploymentPostprocessing = 0;
		};
/* End PBXCopyFilesBuildPhase section */

/* Begin PBXFileReference section */
		10072D0034C6538C39D5F2D1 /* Pods-SwiftDemo.release.xcconfig */ = {isa = PBXFileReference; includeInIndex = 1; lastKnownFileType = text.xcconfig; name = "Pods-SwiftDemo.release.xcconfig"; path = "../../Pods/Target Support Files/Pods-SwiftDemo/Pods-SwiftDemo.release.xcconfig"; sourceTree = "<group>"; };
		1535D61C1EFC7E3B005DDAD0 /* SocialProvidersPickerRow.swift */ = {isa = PBXFileReference; fileEncoding = 4; lastKnownFileType = sourcecode.swift; path = SocialProvidersPickerRow.swift; sourceTree = "<group>"; };
		1535D61D1EFC7E3B005DDAD0 /* SocialProviderIconCell.swift */ = {isa = PBXFileReference; fileEncoding = 4; lastKnownFileType = sourcecode.swift; path = SocialProviderIconCell.swift; sourceTree = "<group>"; };
		1535D61E1EFC7E3B005DDAD0 /* SocialProvider.swift */ = {isa = PBXFileReference; fileEncoding = 4; lastKnownFileType = sourcecode.swift; path = SocialProvider.swift; sourceTree = "<group>"; };
		15AAE7BB1EDCA4AC009F66F0 /* SwiftDemo.entitlements */ = {isa = PBXFileReference; lastKnownFileType = text.plist.entitlements; path = SwiftDemo.entitlements; sourceTree = "<group>"; };
		15AFFD8E1ECF4C73006C6485 /* FullDetailViewController.swift */ = {isa = PBXFileReference; fileEncoding = 4; lastKnownFileType = sourcecode.swift; path = FullDetailViewController.swift; sourceTree = "<group>"; };
		15AFFD921ECF8F3F006C6485 /* DetailViewControllerUISetup.swift */ = {isa = PBXFileReference; fileEncoding = 4; lastKnownFileType = sourcecode.swift; path = DetailViewControllerUISetup.swift; sourceTree = "<group>"; };
		15DF477D1EE621240074CD92 /* FormViewControllerExtension.swift */ = {isa = PBXFileReference; fileEncoding = 4; lastKnownFileType = sourcecode.swift; path = FormViewControllerExtension.swift; sourceTree = "<group>"; };
		15DF47821EE8A80A0074CD92 /* MissingFieldsViewController.swift */ = {isa = PBXFileReference; fileEncoding = 4; lastKnownFileType = sourcecode.swift; path = MissingFieldsViewController.swift; sourceTree = "<group>"; };
		35A981D5162E3808D1245BEB /* Pods-SwiftDemo.debug.xcconfig */ = {isa = PBXFileReference; includeInIndex = 1; lastKnownFileType = text.xcconfig; name = "Pods-SwiftDemo.debug.xcconfig"; path = "../../Pods/Target Support Files/Pods-SwiftDemo/Pods-SwiftDemo.debug.xcconfig"; sourceTree = "<group>"; };
		6802EC691CED883400D3BF22 /* AppDelegate.swift */ = {isa = PBXFileReference; fileEncoding = 4; lastKnownFileType = sourcecode.swift; path = AppDelegate.swift; sourceTree = "<group>"; };
		681005661E5C47160097BE26 /* LoginRadius.plist */ = {isa = PBXFileReference; fileEncoding = 4; lastKnownFileType = text.plist.xml; path = LoginRadius.plist; sourceTree = "<group>"; };
		682D115D1CEC5314009274E2 /* SwiftDemo.app */ = {isa = PBXFileReference; explicitFileType = wrapper.application; includeInIndex = 0; path = SwiftDemo.app; sourceTree = BUILT_PRODUCTS_DIR; };
		682D11621CEC5314009274E2 /* ViewController.swift */ = {isa = PBXFileReference; lastKnownFileType = sourcecode.swift; path = ViewController.swift; sourceTree = "<group>"; };
		682D11651CEC5314009274E2 /* Base */ = {isa = PBXFileReference; lastKnownFileType = file.storyboard; name = Base; path = Base.lproj/Main.storyboard; sourceTree = "<group>"; };
		682D11671CEC5314009274E2 /* Assets.xcassets */ = {isa = PBXFileReference; lastKnownFileType = folder.assetcatalog; path = Assets.xcassets; sourceTree = "<group>"; };
		682D116A1CEC5314009274E2 /* Base */ = {isa = PBXFileReference; lastKnownFileType = file.storyboard; name = Base; path = Base.lproj/LaunchScreen.storyboard; sourceTree = "<group>"; };
		682D116C1CEC5314009274E2 /* Info.plist */ = {isa = PBXFileReference; lastKnownFileType = text.plist.xml; path = Info.plist; sourceTree = "<group>"; };
		6830081E1CECF78A000E43DC /* DetailViewController.swift */ = {isa = PBXFileReference; fileEncoding = 4; lastKnownFileType = sourcecode.swift; path = DetailViewController.swift; sourceTree = "<group>"; };
		B1154E97D2B33DDB11D6CF44 /* Pods_SwiftDemo.framework */ = {isa = PBXFileReference; explicitFileType = wrapper.framework; includeInIndex = 0; path = Pods_SwiftDemo.framework; sourceTree = BUILT_PRODUCTS_DIR; };
/* End PBXFileReference section */

/* Begin PBXFrameworksBuildPhase section */
		682D115A1CEC5314009274E2 /* Frameworks */ = {
			isa = PBXFrameworksBuildPhase;
			buildActionMask = 2147483647;
			files = (
				C97F1F10CFF589D1288DC327 /* Pods_SwiftDemo.framework in Frameworks */,
			);
			runOnlyForDeploymentPostprocessing = 0;
		};
/* End PBXFrameworksBuildPhase section */

/* Begin PBXGroup section */
		1535D61B1EFC7E25005DDAD0 /* Social Provider Row */ = {
			isa = PBXGroup;
			children = (
				1535D61C1EFC7E3B005DDAD0 /* SocialProvidersPickerRow.swift */,
				1535D61D1EFC7E3B005DDAD0 /* SocialProviderIconCell.swift */,
				1535D61E1EFC7E3B005DDAD0 /* SocialProvider.swift */,
			);
			name = "Social Provider Row";
			sourceTree = "<group>";
		};
		1602FED2A5744A81FF9BF09C /* Frameworks */ = {
			isa = PBXGroup;
			children = (
				B1154E97D2B33DDB11D6CF44 /* Pods_SwiftDemo.framework */,
			);
			name = Frameworks;
			sourceTree = "<group>";
		};
		2B503FC71868783E50F5669B /* Pods */ = {
			isa = PBXGroup;
			children = (
				35A981D5162E3808D1245BEB /* Pods-SwiftDemo.debug.xcconfig */,
				10072D0034C6538C39D5F2D1 /* Pods-SwiftDemo.release.xcconfig */,
			);
			name = Pods;
			sourceTree = "<group>";
		};
		682D11541CEC5314009274E2 = {
			isa = PBXGroup;
			children = (
				682D115F1CEC5314009274E2 /* SwiftDemo */,
				682D115E1CEC5314009274E2 /* Products */,
				2B503FC71868783E50F5669B /* Pods */,
				1602FED2A5744A81FF9BF09C /* Frameworks */,
			);
			sourceTree = "<group>";
		};
		682D115E1CEC5314009274E2 /* Products */ = {
			isa = PBXGroup;
			children = (
				682D115D1CEC5314009274E2 /* SwiftDemo.app */,
			);
			name = Products;
			sourceTree = "<group>";
		};
		682D115F1CEC5314009274E2 /* SwiftDemo */ = {
			isa = PBXGroup;
			children = (
				15AAE7BB1EDCA4AC009F66F0 /* SwiftDemo.entitlements */,
				6802EC691CED883400D3BF22 /* AppDelegate.swift */,
				682D11621CEC5314009274E2 /* ViewController.swift */,
				15DF477D1EE621240074CD92 /* FormViewControllerExtension.swift */,
				6830081E1CECF78A000E43DC /* DetailViewController.swift */,
				15AFFD921ECF8F3F006C6485 /* DetailViewControllerUISetup.swift */,
				15AFFD8E1ECF4C73006C6485 /* FullDetailViewController.swift */,
				15DF47821EE8A80A0074CD92 /* MissingFieldsViewController.swift */,
				1535D61B1EFC7E25005DDAD0 /* Social Provider Row */,
				682D11641CEC5314009274E2 /* Main.storyboard */,
				682D11671CEC5314009274E2 /* Assets.xcassets */,
				682D11691CEC5314009274E2 /* LaunchScreen.storyboard */,
				682D116C1CEC5314009274E2 /* Info.plist */,
				681005661E5C47160097BE26 /* LoginRadius.plist */,
			);
			path = SwiftDemo;
			sourceTree = "<group>";
		};
/* End PBXGroup section */

/* Begin PBXNativeTarget section */
		682D115C1CEC5314009274E2 /* SwiftDemo */ = {
			isa = PBXNativeTarget;
			buildConfigurationList = 682D116F1CEC5314009274E2 /* Build configuration list for PBXNativeTarget "SwiftDemo" */;
			buildPhases = (
				266D474DDA4F4BAC075F2857 /* [CP] Check Pods Manifest.lock */,
				682D11591CEC5314009274E2 /* Sources */,
				682D115A1CEC5314009274E2 /* Frameworks */,
				682D115B1CEC5314009274E2 /* Resources */,
				682D11781CEC5383009274E2 /* Embed Frameworks */,
				BB995EF660B1948D1BC01F80 /* [CP] Embed Pods Frameworks */,
				387CE78499F9DD04C0A399F1 /* [CP] Copy Pods Resources */,
			);
			buildRules = (
			);
			dependencies = (
			);
			name = SwiftDemo;
			productName = SwiftDemo;
			productReference = 682D115D1CEC5314009274E2 /* SwiftDemo.app */;
			productType = "com.apple.product-type.application";
		};
/* End PBXNativeTarget section */

/* Begin PBXProject section */
		682D11551CEC5314009274E2 /* Project object */ = {
			isa = PBXProject;
			attributes = {
				LastSwiftUpdateCheck = 0730;
				LastUpgradeCheck = 0820;
				ORGANIZATIONNAME = "Raviteja Ghanta";
				TargetAttributes = {
					682D115C1CEC5314009274E2 = {
						CreatedOnToolsVersion = 7.3.1;
						LastSwiftMigration = 0820;
						SystemCapabilities = {
							com.apple.Keychain = {
								enabled = 1;
							};
						};
					};
				};
			};
			buildConfigurationList = 682D11581CEC5314009274E2 /* Build configuration list for PBXProject "SwiftDemo" */;
			compatibilityVersion = "Xcode 3.2";
			developmentRegion = English;
			hasScannedForEncodings = 0;
			knownRegions = (
				en,
				Base,
			);
			mainGroup = 682D11541CEC5314009274E2;
			productRefGroup = 682D115E1CEC5314009274E2 /* Products */;
			projectDirPath = "";
			projectRoot = "";
			targets = (
				682D115C1CEC5314009274E2 /* SwiftDemo */,
			);
		};
/* End PBXProject section */

/* Begin PBXResourcesBuildPhase section */
		682D115B1CEC5314009274E2 /* Resources */ = {
			isa = PBXResourcesBuildPhase;
			buildActionMask = 2147483647;
			files = (
				681005671E5C47160097BE26 /* LoginRadius.plist in Resources */,
				682D116B1CEC5314009274E2 /* LaunchScreen.storyboard in Resources */,
				682D11681CEC5314009274E2 /* Assets.xcassets in Resources */,
				682D11661CEC5314009274E2 /* Main.storyboard in Resources */,
			);
			runOnlyForDeploymentPostprocessing = 0;
		};
/* End PBXResourcesBuildPhase section */

/* Begin PBXShellScriptBuildPhase section */
		266D474DDA4F4BAC075F2857 /* [CP] Check Pods Manifest.lock */ = {
			isa = PBXShellScriptBuildPhase;
			buildActionMask = 2147483647;
			files = (
			);
			inputPaths = (
			);
			name = "[CP] Check Pods Manifest.lock";
			outputPaths = (
			);
			runOnlyForDeploymentPostprocessing = 0;
			shellPath = /bin/sh;
			shellScript = "diff \"${PODS_PODFILE_DIR_PATH}/Podfile.lock\" \"${PODS_ROOT}/Manifest.lock\" > /dev/null\nif [ $? != 0 ] ; then\n    # print error to STDERR\n    echo \"error: The sandbox is not in sync with the Podfile.lock. Run 'pod install' or update your CocoaPods installation.\" >&2\n    exit 1\nfi\n";
			showEnvVarsInLog = 0;
		};
		387CE78499F9DD04C0A399F1 /* [CP] Copy Pods Resources */ = {
			isa = PBXShellScriptBuildPhase;
			buildActionMask = 2147483647;
			files = (
			);
			inputPaths = (
			);
			name = "[CP] Copy Pods Resources";
			outputPaths = (
			);
			runOnlyForDeploymentPostprocessing = 0;
			shellPath = /bin/sh;
			shellScript = "\"${SRCROOT}/../../Pods/Target Support Files/Pods-SwiftDemo/Pods-SwiftDemo-resources.sh\"\n";
			showEnvVarsInLog = 0;
		};
		BB995EF660B1948D1BC01F80 /* [CP] Embed Pods Frameworks */ = {
			isa = PBXShellScriptBuildPhase;
			buildActionMask = 2147483647;
			files = (
			);
			inputPaths = (
			);
			name = "[CP] Embed Pods Frameworks";
			outputPaths = (
			);
			runOnlyForDeploymentPostprocessing = 0;
			shellPath = /bin/sh;
			shellScript = "\"${SRCROOT}/../../Pods/Target Support Files/Pods-SwiftDemo/Pods-SwiftDemo-frameworks.sh\"\n";
			showEnvVarsInLog = 0;
		};
/* End PBXShellScriptBuildPhase section */

/* Begin PBXSourcesBuildPhase section */
		682D11591CEC5314009274E2 /* Sources */ = {
			isa = PBXSourcesBuildPhase;
			buildActionMask = 2147483647;
			files = (
				1535D61F1EFC7E3B005DDAD0 /* SocialProvidersPickerRow.swift in Sources */,
				1535D6211EFC7E3B005DDAD0 /* SocialProvider.swift in Sources */,
				6802EC941CED883400D3BF22 /* AppDelegate.swift in Sources */,
				15DF47831EE8A80A0074CD92 /* MissingFieldsViewController.swift in Sources */,
				15AFFD931ECF8F3F006C6485 /* DetailViewControllerUISetup.swift in Sources */,
				15DF477E1EE621240074CD92 /* FormViewControllerExtension.swift in Sources */,
				1535D6201EFC7E3B005DDAD0 /* SocialProviderIconCell.swift in Sources */,
				6830081F1CECF78A000E43DC /* DetailViewController.swift in Sources */,
				15AFFD8F1ECF4C73006C6485 /* FullDetailViewController.swift in Sources */,
				682D11631CEC5314009274E2 /* ViewController.swift in Sources */,
			);
			runOnlyForDeploymentPostprocessing = 0;
		};
/* End PBXSourcesBuildPhase section */

/* Begin PBXVariantGroup section */
		682D11641CEC5314009274E2 /* Main.storyboard */ = {
			isa = PBXVariantGroup;
			children = (
				682D11651CEC5314009274E2 /* Base */,
			);
			name = Main.storyboard;
			sourceTree = "<group>";
		};
		682D11691CEC5314009274E2 /* LaunchScreen.storyboard */ = {
			isa = PBXVariantGroup;
			children = (
				682D116A1CEC5314009274E2 /* Base */,
			);
			name = LaunchScreen.storyboard;
			sourceTree = "<group>";
		};
/* End PBXVariantGroup section */

/* Begin XCBuildConfiguration section */
		682D116D1CEC5314009274E2 /* Debug */ = {
			isa = XCBuildConfiguration;
			buildSettings = {
				ALWAYS_SEARCH_USER_PATHS = NO;
				CLANG_ANALYZER_NONNULL = YES;
				CLANG_CXX_LANGUAGE_STANDARD = "gnu++0x";
				CLANG_CXX_LIBRARY = "libc++";
				CLANG_ENABLE_MODULES = YES;
				CLANG_ENABLE_OBJC_ARC = YES;
				CLANG_WARN_BOOL_CONVERSION = YES;
				CLANG_WARN_CONSTANT_CONVERSION = YES;
				CLANG_WARN_DIRECT_OBJC_ISA_USAGE = YES_ERROR;
				CLANG_WARN_EMPTY_BODY = YES;
				CLANG_WARN_ENUM_CONVERSION = YES;
				CLANG_WARN_INFINITE_RECURSION = YES;
				CLANG_WARN_INT_CONVERSION = YES;
				CLANG_WARN_OBJC_ROOT_CLASS = YES_ERROR;
				CLANG_WARN_SUSPICIOUS_MOVE = YES;
				CLANG_WARN_UNREACHABLE_CODE = YES;
				CLANG_WARN__DUPLICATE_METHOD_MATCH = YES;
				"CODE_SIGN_IDENTITY[sdk=iphoneos*]" = "iPhone Developer";
				COPY_PHASE_STRIP = NO;
				DEBUG_INFORMATION_FORMAT = dwarf;
				ENABLE_STRICT_OBJC_MSGSEND = YES;
				ENABLE_TESTABILITY = YES;
				GCC_C_LANGUAGE_STANDARD = gnu99;
				GCC_DYNAMIC_NO_PIC = NO;
				GCC_NO_COMMON_BLOCKS = YES;
				GCC_OPTIMIZATION_LEVEL = 0;
				GCC_PREPROCESSOR_DEFINITIONS = (
					"DEBUG=1",
					"$(inherited)",
				);
				GCC_WARN_64_TO_32_BIT_CONVERSION = YES;
				GCC_WARN_ABOUT_RETURN_TYPE = YES_ERROR;
				GCC_WARN_UNDECLARED_SELECTOR = YES;
				GCC_WARN_UNINITIALIZED_AUTOS = YES_AGGRESSIVE;
				GCC_WARN_UNUSED_FUNCTION = YES;
				GCC_WARN_UNUSED_VARIABLE = YES;
				IPHONEOS_DEPLOYMENT_TARGET = 9.3;
				MTL_ENABLE_DEBUG_INFO = YES;
				ONLY_ACTIVE_ARCH = YES;
				SDKROOT = iphoneos;
				SWIFT_OPTIMIZATION_LEVEL = "-Onone";
				TARGETED_DEVICE_FAMILY = "1,2";
			};
			name = Debug;
		};
		682D116E1CEC5314009274E2 /* Release */ = {
			isa = XCBuildConfiguration;
			buildSettings = {
				ALWAYS_SEARCH_USER_PATHS = NO;
				CLANG_ANALYZER_NONNULL = YES;
				CLANG_CXX_LANGUAGE_STANDARD = "gnu++0x";
				CLANG_CXX_LIBRARY = "libc++";
				CLANG_ENABLE_MODULES = YES;
				CLANG_ENABLE_OBJC_ARC = YES;
				CLANG_WARN_BOOL_CONVERSION = YES;
				CLANG_WARN_CONSTANT_CONVERSION = YES;
				CLANG_WARN_DIRECT_OBJC_ISA_USAGE = YES_ERROR;
				CLANG_WARN_EMPTY_BODY = YES;
				CLANG_WARN_ENUM_CONVERSION = YES;
				CLANG_WARN_INFINITE_RECURSION = YES;
				CLANG_WARN_INT_CONVERSION = YES;
				CLANG_WARN_OBJC_ROOT_CLASS = YES_ERROR;
				CLANG_WARN_SUSPICIOUS_MOVE = YES;
				CLANG_WARN_UNREACHABLE_CODE = YES;
				CLANG_WARN__DUPLICATE_METHOD_MATCH = YES;
				"CODE_SIGN_IDENTITY[sdk=iphoneos*]" = "iPhone Developer";
				COPY_PHASE_STRIP = NO;
				DEBUG_INFORMATION_FORMAT = "dwarf-with-dsym";
				ENABLE_NS_ASSERTIONS = NO;
				ENABLE_STRICT_OBJC_MSGSEND = YES;
				GCC_C_LANGUAGE_STANDARD = gnu99;
				GCC_NO_COMMON_BLOCKS = YES;
				GCC_WARN_64_TO_32_BIT_CONVERSION = YES;
				GCC_WARN_ABOUT_RETURN_TYPE = YES_ERROR;
				GCC_WARN_UNDECLARED_SELECTOR = YES;
				GCC_WARN_UNINITIALIZED_AUTOS = YES_AGGRESSIVE;
				GCC_WARN_UNUSED_FUNCTION = YES;
				GCC_WARN_UNUSED_VARIABLE = YES;
				IPHONEOS_DEPLOYMENT_TARGET = 9.3;
				MTL_ENABLE_DEBUG_INFO = NO;
				SDKROOT = iphoneos;
				SWIFT_OPTIMIZATION_LEVEL = "-Owholemodule";
				TARGETED_DEVICE_FAMILY = "1,2";
				VALIDATE_PRODUCT = YES;
			};
			name = Release;
		};
		682D11701CEC5314009274E2 /* Debug */ = {
			isa = XCBuildConfiguration;
			baseConfigurationReference = 35A981D5162E3808D1245BEB /* Pods-SwiftDemo.debug.xcconfig */;
			buildSettings = {
				ASSETCATALOG_COMPILER_APPICON_NAME = AppIcon;
				CLANG_ENABLE_MODULES = YES;
				CODE_SIGN_ENTITLEMENTS = SwiftDemo/SwiftDemo.entitlements;
				CODE_SIGN_IDENTITY = "iPhone Developer";
				FRAMEWORK_SEARCH_PATHS = (
					"$(inherited)",
					"$(PROJECT_DIR)",
				);
				INFOPLIST_FILE = SwiftDemo/Info.plist;
				LD_RUNPATH_SEARCH_PATHS = "$(inherited) @executable_path/Frameworks";
				PRODUCT_BUNDLE_IDENTIFIER = com.loginradius.SwiftDemo;
				PRODUCT_NAME = "$(TARGET_NAME)";
				SWIFT_INSTALL_OBJC_HEADER = NO;
				SWIFT_OPTIMIZATION_LEVEL = "-Onone";
				SWIFT_VERSION = 3.0;
			};
			name = Debug;
		};
		682D11711CEC5314009274E2 /* Release */ = {
			isa = XCBuildConfiguration;
			baseConfigurationReference = 10072D0034C6538C39D5F2D1 /* Pods-SwiftDemo.release.xcconfig */;
			buildSettings = {
				ASSETCATALOG_COMPILER_APPICON_NAME = AppIcon;
				CLANG_ENABLE_MODULES = YES;
				CODE_SIGN_ENTITLEMENTS = SwiftDemo/SwiftDemo.entitlements;
				CODE_SIGN_IDENTITY = "iPhone Developer";
				FRAMEWORK_SEARCH_PATHS = (
					"$(inherited)",
					"$(PROJECT_DIR)",
				);
				INFOPLIST_FILE = SwiftDemo/Info.plist;
				LD_RUNPATH_SEARCH_PATHS = "$(inherited) @executable_path/Frameworks";
				PRODUCT_BUNDLE_IDENTIFIER = com.loginradius.SwiftDemo;
				PRODUCT_NAME = "$(TARGET_NAME)";
				SWIFT_INSTALL_OBJC_HEADER = NO;
				SWIFT_VERSION = 3.0;
			};
			name = Release;
		};
/* End XCBuildConfiguration section */

/* Begin XCConfigurationList section */
		682D11581CEC5314009274E2 /* Build configuration list for PBXProject "SwiftDemo" */ = {
			isa = XCConfigurationList;
			buildConfigurations = (
				682D116D1CEC5314009274E2 /* Debug */,
				682D116E1CEC5314009274E2 /* Release */,
			);
			defaultConfigurationIsVisible = 0;
			defaultConfigurationName = Release;
		};
		682D116F1CEC5314009274E2 /* Build configuration list for PBXNativeTarget "SwiftDemo" */ = {
			isa = XCConfigurationList;
			buildConfigurations = (
				682D11701CEC5314009274E2 /* Debug */,
				682D11711CEC5314009274E2 /* Release */,
			);
			defaultConfigurationIsVisible = 0;
			defaultConfigurationName = Release;
		};
/* End XCConfigurationList section */
	};
	rootObject = 682D11551CEC5314009274E2 /* Project object */;
}
