// !$*UTF8*$!
{
	archiveVersion = 1;
	classes = {
	};
	objectVersion = 46;
	objects = {

/* Begin PBXBuildFile section */
		1E1E3896246333AA00D7B615 /* LRMutableDictionary.h in Headers */ = {isa = PBXBuildFile; fileRef = 1E1E385C246333AA00D7B615 /* LRMutableDictionary.h */; };
		1E1E3897246333AA00D7B615 /* ReachabilityCheck.h in Headers */ = {isa = PBXBuildFile; fileRef = 1E1E385D246333AA00D7B615 /* ReachabilityCheck.h */; };
		1E1E3898246333AA00D7B615 /* LRString.h in Headers */ = {isa = PBXBuildFile; fileRef = 1E1E385E246333AA00D7B615 /* LRString.h */; };
		1E1E3899246333AA00D7B615 /* LRDictionary.h in Headers */ = {isa = PBXBuildFile; fileRef = 1E1E385F246333AA00D7B615 /* LRDictionary.h */; };
		1E1E389A246333AA00D7B615 /* LRMutableDictionary.m in Sources */ = {isa = PBXBuildFile; fileRef = 1E1E3860246333AA00D7B615 /* LRMutableDictionary.m */; };
		1E1E389B246333AA00D7B615 /* ReachabilityCheck.m in Sources */ = {isa = PBXBuildFile; fileRef = 1E1E3861246333AA00D7B615 /* ReachabilityCheck.m */; };
		1E1E389C246333AA00D7B615 /* LRString.m in Sources */ = {isa = PBXBuildFile; fileRef = 1E1E3862246333AA00D7B615 /* LRString.m */; };
		1E1E389D246333AA00D7B615 /* LRDictionary.m in Sources */ = {isa = PBXBuildFile; fileRef = 1E1E3863246333AA00D7B615 /* LRDictionary.m */; };
		1E1E389E246333AA00D7B615 /* LoginRadiusREST.m in Sources */ = {isa = PBXBuildFile; fileRef = 1E1E3865246333AA00D7B615 /* LoginRadiusREST.m */; };
		1E1E389F246333AA00D7B615 /* LoginRadiusREST.h in Headers */ = {isa = PBXBuildFile; fileRef = 1E1E3866246333AA00D7B615 /* LoginRadiusREST.h */; };
		1E1E38A0246333AA00D7B615 /* LRSession.m in Sources */ = {isa = PBXBuildFile; fileRef = 1E1E3867246333AA00D7B615 /* LRSession.m */; };
		1E1E38A1246333AA00D7B615 /* LoginRadiusSDK.m in Sources */ = {isa = PBXBuildFile; fileRef = 1E1E3868246333AA00D7B615 /* LoginRadiusSDK.m */; };
		1E1E38A2246333AA00D7B615 /* LoginRadiusFacebookLogin.h in Headers */ = {isa = PBXBuildFile; fileRef = 1E1E386A246333AA00D7B615 /* LoginRadiusFacebookLogin.h */; };
		1E1E38A3246333AA00D7B615 /* LoginRadiusTwitterLogin.m in Sources */ = {isa = PBXBuildFile; fileRef = 1E1E386B246333AA00D7B615 /* LoginRadiusTwitterLogin.m */; };
		1E1E38A4246333AA00D7B615 /* LoginRadiusFacebookLogin.m in Sources */ = {isa = PBXBuildFile; fileRef = 1E1E386C246333AA00D7B615 /* LoginRadiusFacebookLogin.m */; };
		1E1E38A5246333AA00D7B615 /* LoginRadiusTwitterLogin.h in Headers */ = {isa = PBXBuildFile; fileRef = 1E1E386D246333AA00D7B615 /* LoginRadiusTwitterLogin.h */; };
		1E1E38A6246333AA00D7B615 /* LoginRadiusSafariLogin.h in Headers */ = {isa = PBXBuildFile; fileRef = 1E1E386F246333AA00D7B615 /* LoginRadiusSafariLogin.h */; };
		1E1E38A7246333AA00D7B615 /* LoginRadiusSocialLoginManager.m in Sources */ = {isa = PBXBuildFile; fileRef = 1E1E3870246333AA00D7B615 /* LoginRadiusSocialLoginManager.m */; };
		1E1E38A8246333AA00D7B615 /* LoginRadiusSafariLogin.m in Sources */ = {isa = PBXBuildFile; fileRef = 1E1E3871246333AA00D7B615 /* LoginRadiusSafariLogin.m */; };
		1E1E38A9246333AA00D7B615 /* LoginRadiusSocialLoginManager.h in Headers */ = {isa = PBXBuildFile; fileRef = 1E1E3872246333AA00D7B615 /* LoginRadiusSocialLoginManager.h */; };
		1E1E38AA246333AA00D7B615 /* LRSession.h in Headers */ = {isa = PBXBuildFile; fileRef = 1E1E3873246333AA00D7B615 /* LRSession.h */; };
		1E1E38AB246333AA00D7B615 /* LRTouchIDAuth.m in Sources */ = {isa = PBXBuildFile; fileRef = 1E1E3875246333AA00D7B615 /* LRTouchIDAuth.m */; };
		1E1E38AC246333AA00D7B615 /* LRTouchIDAuth.h in Headers */ = {isa = PBXBuildFile; fileRef = 1E1E3876246333AA00D7B615 /* LRTouchIDAuth.h */; };
		1E1E38AD246333AA00D7B615 /* CustomObjectAPI.h in Headers */ = {isa = PBXBuildFile; fileRef = 1E1E3878246333AA00D7B615 /* CustomObjectAPI.h */; };
		1E1E38AE246333AA00D7B615 /* AuthenticationAPI.h in Headers */ = {isa = PBXBuildFile; fileRef = 1E1E3879246333AA00D7B615 /* AuthenticationAPI.h */; };
		1E1E38AF246333AA00D7B615 /* PinAuthentication.m in Sources */ = {isa = PBXBuildFile; fileRef = 1E1E387A246333AA00D7B615 /* PinAuthentication.m */; };
		1E1E38B0246333AA00D7B615 /* SocialAPI.h in Headers */ = {isa = PBXBuildFile; fileRef = 1E1E387B246333AA00D7B615 /* SocialAPI.h */; };
		1E1E38B1246333AA00D7B615 /* ConfigurationAPI.m in Sources */ = {isa = PBXBuildFile; fileRef = 1E1E387C246333AA00D7B615 /* ConfigurationAPI.m */; };
		1E1E38B2246333AA00D7B615 /* SmartLoginAPI.m in Sources */ = {isa = PBXBuildFile; fileRef = 1E1E387D246333AA00D7B615 /* SmartLoginAPI.m */; };
		1E1E38B3246333AA00D7B615 /* OneTouchLoginAPI.m in Sources */ = {isa = PBXBuildFile; fileRef = 1E1E387E246333AA00D7B615 /* OneTouchLoginAPI.m */; };
		1E1E38B4246333AA00D7B615 /* PasswordlessLoginAPI.h in Headers */ = {isa = PBXBuildFile; fileRef = 1E1E387F246333AA00D7B615 /* PasswordlessLoginAPI.h */; };
		1E1E38B5246333AA00D7B615 /* SocialAPI.m in Sources */ = {isa = PBXBuildFile; fileRef = 1E1E3880246333AA00D7B615 /* SocialAPI.m */; };
		1E1E38B6246333AA00D7B615 /* PinAuthentication.h in Headers */ = {isa = PBXBuildFile; fileRef = 1E1E3881246333AA00D7B615 /* PinAuthentication.h */; };
		1E1E38B7246333AA00D7B615 /* CustomObjectAPI.m in Sources */ = {isa = PBXBuildFile; fileRef = 1E1E3882246333AA00D7B615 /* CustomObjectAPI.m */; };
		1E1E38B8246333AA00D7B615 /* AuthenticationAPI.m in Sources */ = {isa = PBXBuildFile; fileRef = 1E1E3883246333AA00D7B615 /* AuthenticationAPI.m */; };
		1E1E38B9246333AA00D7B615 /* OneTouchLoginAPI.h in Headers */ = {isa = PBXBuildFile; fileRef = 1E1E3884246333AA00D7B615 /* OneTouchLoginAPI.h */; };
		1E1E38BA246333AA00D7B615 /* SmartLoginAPI.h in Headers */ = {isa = PBXBuildFile; fileRef = 1E1E3885246333AA00D7B615 /* SmartLoginAPI.h */; };
		1E1E38BB246333AA00D7B615 /* ConfigurationAPI.h in Headers */ = {isa = PBXBuildFile; fileRef = 1E1E3886246333AA00D7B615 /* ConfigurationAPI.h */; };
		1E1E38BC246333AA00D7B615 /* PasswordlessLoginAPI.m in Sources */ = {isa = PBXBuildFile; fileRef = 1E1E3887246333AA00D7B615 /* PasswordlessLoginAPI.m */; };
		1E1E38BD246333AA00D7B615 /* LoginRadius.h in Headers */ = {isa = PBXBuildFile; fileRef = 1E1E3888246333AA00D7B615 /* LoginRadius.h */; };
		1E1E38BE246333AA00D7B615 /* LoginRadiusSDK.h in Headers */ = {isa = PBXBuildFile; fileRef = 1E1E3889246333AA00D7B615 /* LoginRadiusSDK.h */; };
		1E1E38BF246333AA00D7B615 /* LoginRadiusFieldRule.m in Sources */ = {isa = PBXBuildFile; fileRef = 1E1E388B246333AA00D7B615 /* LoginRadiusFieldRule.m */; };
		1E1E38C0246333AA00D7B615 /* LoginRadiusField.m in Sources */ = {isa = PBXBuildFile; fileRef = 1E1E388C246333AA00D7B615 /* LoginRadiusField.m */; };
		1E1E38C1246333AA00D7B615 /* LoginRadiusSchema.h in Headers */ = {isa = PBXBuildFile; fileRef = 1E1E388D246333AA00D7B615 /* LoginRadiusSchema.h */; };
		1E1E38C2246333AA00D7B615 /* LRErrors.m in Sources */ = {isa = PBXBuildFile; fileRef = 1E1E388E246333AA00D7B615 /* LRErrors.m */; };
		1E1E38C3246333AA00D7B615 /* LoginRadiusError.m in Sources */ = {isa = PBXBuildFile; fileRef = 1E1E388F246333AA00D7B615 /* LoginRadiusError.m */; };
		1E1E38C4246333AA00D7B615 /* LoginRadiusFieldRule.h in Headers */ = {isa = PBXBuildFile; fileRef = 1E1E3890246333AA00D7B615 /* LoginRadiusFieldRule.h */; };
		1E1E38C5246333AA00D7B615 /* LoginRadiusSchema.m in Sources */ = {isa = PBXBuildFile; fileRef = 1E1E3891246333AA00D7B615 /* LoginRadiusSchema.m */; };
		1E1E38C6246333AA00D7B615 /* LoginRadiusField.h in Headers */ = {isa = PBXBuildFile; fileRef = 1E1E3892246333AA00D7B615 /* LoginRadiusField.h */; };
		1E1E38C7246333AA00D7B615 /* LRErrorCode.h in Headers */ = {isa = PBXBuildFile; fileRef = 1E1E3893246333AA00D7B615 /* LRErrorCode.h */; };
		1E1E38C8246333AA00D7B615 /* LRErrors.h in Headers */ = {isa = PBXBuildFile; fileRef = 1E1E3894246333AA00D7B615 /* LRErrors.h */; };
		1E1E38C9246333AA00D7B615 /* LoginRadiusError.h in Headers */ = {isa = PBXBuildFile; fileRef = 1E1E3895246333AA00D7B615 /* LoginRadiusError.h */; };
		1E5AFCE02463C2510074E852 /* WebKit.framework in Frameworks */ = {isa = PBXBuildFile; fileRef = 1E5AFCDF2463C2510074E852 /* WebKit.framework */; };
		1E7741F32463598A0095C2B9 /* LoginRadiusWebLoginViewController.m in Sources */ = {isa = PBXBuildFile; fileRef = 1E7741F12463598A0095C2B9 /* LoginRadiusWebLoginViewController.m */; };
		1E7741F42463598A0095C2B9 /* LoginRadiusWebLoginViewController.h in Headers */ = {isa = PBXBuildFile; fileRef = 1E7741F22463598A0095C2B9 /* LoginRadiusWebLoginViewController.h */; };
		6896D6F61D2E6C4800937820 /* LoginRadiusSDK.podspec in Resources */ = {isa = PBXBuildFile; fileRef = 6896D6F51D2E6C4800937820 /* LoginRadiusSDK.podspec */; };
/* End PBXBuildFile section */

/* Begin PBXFileReference section */
		1E1E385C246333AA00D7B615 /* LRMutableDictionary.h */ = {isa = PBXFileReference; fileEncoding = 4; lastKnownFileType = sourcecode.c.h; path = LRMutableDictionary.h; sourceTree = "<group>"; };
		1E1E385D246333AA00D7B615 /* ReachabilityCheck.h */ = {isa = PBXFileReference; fileEncoding = 4; lastKnownFileType = sourcecode.c.h; path = ReachabilityCheck.h; sourceTree = "<group>"; };
		1E1E385E246333AA00D7B615 /* LRString.h */ = {isa = PBXFileReference; fileEncoding = 4; lastKnownFileType = sourcecode.c.h; path = LRString.h; sourceTree = "<group>"; };
		1E1E385F246333AA00D7B615 /* LRDictionary.h */ = {isa = PBXFileReference; fileEncoding = 4; lastKnownFileType = sourcecode.c.h; path = LRDictionary.h; sourceTree = "<group>"; };
		1E1E3860246333AA00D7B615 /* LRMutableDictionary.m */ = {isa = PBXFileReference; fileEncoding = 4; lastKnownFileType = sourcecode.c.objc; path = LRMutableDictionary.m; sourceTree = "<group>"; };
		1E1E3861246333AA00D7B615 /* ReachabilityCheck.m */ = {isa = PBXFileReference; fileEncoding = 4; lastKnownFileType = sourcecode.c.objc; path = ReachabilityCheck.m; sourceTree = "<group>"; };
		1E1E3862246333AA00D7B615 /* LRString.m */ = {isa = PBXFileReference; fileEncoding = 4; lastKnownFileType = sourcecode.c.objc; path = LRString.m; sourceTree = "<group>"; };
		1E1E3863246333AA00D7B615 /* LRDictionary.m */ = {isa = PBXFileReference; fileEncoding = 4; lastKnownFileType = sourcecode.c.objc; path = LRDictionary.m; sourceTree = "<group>"; };
		1E1E3865246333AA00D7B615 /* LoginRadiusREST.m */ = {isa = PBXFileReference; fileEncoding = 4; lastKnownFileType = sourcecode.c.objc; path = LoginRadiusREST.m; sourceTree = "<group>"; };
		1E1E3866246333AA00D7B615 /* LoginRadiusREST.h */ = {isa = PBXFileReference; fileEncoding = 4; lastKnownFileType = sourcecode.c.h; path = LoginRadiusREST.h; sourceTree = "<group>"; };
		1E1E3867246333AA00D7B615 /* LRSession.m */ = {isa = PBXFileReference; fileEncoding = 4; lastKnownFileType = sourcecode.c.objc; path = LRSession.m; sourceTree = "<group>"; };
		1E1E3868246333AA00D7B615 /* LoginRadiusSDK.m */ = {isa = PBXFileReference; fileEncoding = 4; lastKnownFileType = sourcecode.c.objc; path = LoginRadiusSDK.m; sourceTree = "<group>"; };
		1E1E386A246333AA00D7B615 /* LoginRadiusFacebookLogin.h */ = {isa = PBXFileReference; fileEncoding = 4; lastKnownFileType = sourcecode.c.h; path = LoginRadiusFacebookLogin.h; sourceTree = "<group>"; };
		1E1E386B246333AA00D7B615 /* LoginRadiusTwitterLogin.m */ = {isa = PBXFileReference; fileEncoding = 4; lastKnownFileType = sourcecode.c.objc; path = LoginRadiusTwitterLogin.m; sourceTree = "<group>"; };
		1E1E386C246333AA00D7B615 /* LoginRadiusFacebookLogin.m */ = {isa = PBXFileReference; fileEncoding = 4; lastKnownFileType = sourcecode.c.objc; path = LoginRadiusFacebookLogin.m; sourceTree = "<group>"; };
		1E1E386D246333AA00D7B615 /* LoginRadiusTwitterLogin.h */ = {isa = PBXFileReference; fileEncoding = 4; lastKnownFileType = sourcecode.c.h; path = LoginRadiusTwitterLogin.h; sourceTree = "<group>"; };
		1E1E386F246333AA00D7B615 /* LoginRadiusSafariLogin.h */ = {isa = PBXFileReference; fileEncoding = 4; lastKnownFileType = sourcecode.c.h; path = LoginRadiusSafariLogin.h; sourceTree = "<group>"; };
		1E1E3870246333AA00D7B615 /* LoginRadiusSocialLoginManager.m */ = {isa = PBXFileReference; fileEncoding = 4; lastKnownFileType = sourcecode.c.objc; path = LoginRadiusSocialLoginManager.m; sourceTree = "<group>"; };
		1E1E3871246333AA00D7B615 /* LoginRadiusSafariLogin.m */ = {isa = PBXFileReference; fileEncoding = 4; lastKnownFileType = sourcecode.c.objc; path = LoginRadiusSafariLogin.m; sourceTree = "<group>"; };
		1E1E3872246333AA00D7B615 /* LoginRadiusSocialLoginManager.h */ = {isa = PBXFileReference; fileEncoding = 4; lastKnownFileType = sourcecode.c.h; path = LoginRadiusSocialLoginManager.h; sourceTree = "<group>"; };
		1E1E3873246333AA00D7B615 /* LRSession.h */ = {isa = PBXFileReference; fileEncoding = 4; lastKnownFileType = sourcecode.c.h; path = LRSession.h; sourceTree = "<group>"; };
		1E1E3875246333AA00D7B615 /* LRTouchIDAuth.m */ = {isa = PBXFileReference; fileEncoding = 4; lastKnownFileType = sourcecode.c.objc; path = LRTouchIDAuth.m; sourceTree = "<group>"; };
		1E1E3876246333AA00D7B615 /* LRTouchIDAuth.h */ = {isa = PBXFileReference; fileEncoding = 4; lastKnownFileType = sourcecode.c.h; path = LRTouchIDAuth.h; sourceTree = "<group>"; };
		1E1E3878246333AA00D7B615 /* CustomObjectAPI.h */ = {isa = PBXFileReference; fileEncoding = 4; lastKnownFileType = sourcecode.c.h; path = CustomObjectAPI.h; sourceTree = "<group>"; };
		1E1E3879246333AA00D7B615 /* AuthenticationAPI.h */ = {isa = PBXFileReference; fileEncoding = 4; lastKnownFileType = sourcecode.c.h; path = AuthenticationAPI.h; sourceTree = "<group>"; };
		1E1E387A246333AA00D7B615 /* PinAuthentication.m */ = {isa = PBXFileReference; fileEncoding = 4; lastKnownFileType = sourcecode.c.objc; path = PinAuthentication.m; sourceTree = "<group>"; };
		1E1E387B246333AA00D7B615 /* SocialAPI.h */ = {isa = PBXFileReference; fileEncoding = 4; lastKnownFileType = sourcecode.c.h; path = SocialAPI.h; sourceTree = "<group>"; };
		1E1E387C246333AA00D7B615 /* ConfigurationAPI.m */ = {isa = PBXFileReference; fileEncoding = 4; lastKnownFileType = sourcecode.c.objc; path = ConfigurationAPI.m; sourceTree = "<group>"; };
		1E1E387D246333AA00D7B615 /* SmartLoginAPI.m */ = {isa = PBXFileReference; fileEncoding = 4; lastKnownFileType = sourcecode.c.objc; path = SmartLoginAPI.m; sourceTree = "<group>"; };
		1E1E387E246333AA00D7B615 /* OneTouchLoginAPI.m */ = {isa = PBXFileReference; fileEncoding = 4; lastKnownFileType = sourcecode.c.objc; path = OneTouchLoginAPI.m; sourceTree = "<group>"; };
		1E1E387F246333AA00D7B615 /* PasswordlessLoginAPI.h */ = {isa = PBXFileReference; fileEncoding = 4; lastKnownFileType = sourcecode.c.h; path = PasswordlessLoginAPI.h; sourceTree = "<group>"; };
		1E1E3880246333AA00D7B615 /* SocialAPI.m */ = {isa = PBXFileReference; fileEncoding = 4; lastKnownFileType = sourcecode.c.objc; path = SocialAPI.m; sourceTree = "<group>"; };
		1E1E3881246333AA00D7B615 /* PinAuthentication.h */ = {isa = PBXFileReference; fileEncoding = 4; lastKnownFileType = sourcecode.c.h; path = PinAuthentication.h; sourceTree = "<group>"; };
		1E1E3882246333AA00D7B615 /* CustomObjectAPI.m */ = {isa = PBXFileReference; fileEncoding = 4; lastKnownFileType = sourcecode.c.objc; path = CustomObjectAPI.m; sourceTree = "<group>"; };
		1E1E3883246333AA00D7B615 /* AuthenticationAPI.m */ = {isa = PBXFileReference; fileEncoding = 4; lastKnownFileType = sourcecode.c.objc; path = AuthenticationAPI.m; sourceTree = "<group>"; };
		1E1E3884246333AA00D7B615 /* OneTouchLoginAPI.h */ = {isa = PBXFileReference; fileEncoding = 4; lastKnownFileType = sourcecode.c.h; path = OneTouchLoginAPI.h; sourceTree = "<group>"; };
		1E1E3885246333AA00D7B615 /* SmartLoginAPI.h */ = {isa = PBXFileReference; fileEncoding = 4; lastKnownFileType = sourcecode.c.h; path = SmartLoginAPI.h; sourceTree = "<group>"; };
		1E1E3886246333AA00D7B615 /* ConfigurationAPI.h */ = {isa = PBXFileReference; fileEncoding = 4; lastKnownFileType = sourcecode.c.h; path = ConfigurationAPI.h; sourceTree = "<group>"; };
		1E1E3887246333AA00D7B615 /* PasswordlessLoginAPI.m */ = {isa = PBXFileReference; fileEncoding = 4; lastKnownFileType = sourcecode.c.objc; path = PasswordlessLoginAPI.m; sourceTree = "<group>"; };
		1E1E3888246333AA00D7B615 /* LoginRadius.h */ = {isa = PBXFileReference; fileEncoding = 4; lastKnownFileType = sourcecode.c.h; path = LoginRadius.h; sourceTree = "<group>"; };
		1E1E3889246333AA00D7B615 /* LoginRadiusSDK.h */ = {isa = PBXFileReference; fileEncoding = 4; lastKnownFileType = sourcecode.c.h; path = LoginRadiusSDK.h; sourceTree = "<group>"; };
		1E1E388B246333AA00D7B615 /* LoginRadiusFieldRule.m */ = {isa = PBXFileReference; fileEncoding = 4; lastKnownFileType = sourcecode.c.objc; path = LoginRadiusFieldRule.m; sourceTree = "<group>"; };
		1E1E388C246333AA00D7B615 /* LoginRadiusField.m */ = {isa = PBXFileReference; fileEncoding = 4; lastKnownFileType = sourcecode.c.objc; path = LoginRadiusField.m; sourceTree = "<group>"; };
		1E1E388D246333AA00D7B615 /* LoginRadiusSchema.h */ = {isa = PBXFileReference; fileEncoding = 4; lastKnownFileType = sourcecode.c.h; path = LoginRadiusSchema.h; sourceTree = "<group>"; };
		1E1E388E246333AA00D7B615 /* LRErrors.m */ = {isa = PBXFileReference; fileEncoding = 4; lastKnownFileType = sourcecode.c.objc; path = LRErrors.m; sourceTree = "<group>"; };
		1E1E388F246333AA00D7B615 /* LoginRadiusError.m */ = {isa = PBXFileReference; fileEncoding = 4; lastKnownFileType = sourcecode.c.objc; path = LoginRadiusError.m; sourceTree = "<group>"; };
		1E1E3890246333AA00D7B615 /* LoginRadiusFieldRule.h */ = {isa = PBXFileReference; fileEncoding = 4; lastKnownFileType = sourcecode.c.h; path = LoginRadiusFieldRule.h; sourceTree = "<group>"; };
		1E1E3891246333AA00D7B615 /* LoginRadiusSchema.m */ = {isa = PBXFileReference; fileEncoding = 4; lastKnownFileType = sourcecode.c.objc; path = LoginRadiusSchema.m; sourceTree = "<group>"; };
		1E1E3892246333AA00D7B615 /* LoginRadiusField.h */ = {isa = PBXFileReference; fileEncoding = 4; lastKnownFileType = sourcecode.c.h; path = LoginRadiusField.h; sourceTree = "<group>"; };
		1E1E3893246333AA00D7B615 /* LRErrorCode.h */ = {isa = PBXFileReference; fileEncoding = 4; lastKnownFileType = sourcecode.c.h; path = LRErrorCode.h; sourceTree = "<group>"; };
		1E1E3894246333AA00D7B615 /* LRErrors.h */ = {isa = PBXFileReference; fileEncoding = 4; lastKnownFileType = sourcecode.c.h; path = LRErrors.h; sourceTree = "<group>"; };
		1E1E3895246333AA00D7B615 /* LoginRadiusError.h */ = {isa = PBXFileReference; fileEncoding = 4; lastKnownFileType = sourcecode.c.h; path = LoginRadiusError.h; sourceTree = "<group>"; };
		1E5AFCDF2463C2510074E852 /* WebKit.framework */ = {isa = PBXFileReference; lastKnownFileType = wrapper.framework; name = WebKit.framework; path = Platforms/MacOSX.platform/Developer/SDKs/MacOSX10.15.sdk/System/Library/Frameworks/WebKit.framework; sourceTree = DEVELOPER_DIR; };
		1E7741E6246352780095C2B9 /* FBSDKCoreKit.framework */ = {isa = PBXFileReference; explicitFileType = wrapper.framework; path = FBSDKCoreKit.framework; sourceTree = BUILT_PRODUCTS_DIR; };
		1E7741E7246352780095C2B9 /* FBSDKLoginKit.framework */ = {isa = PBXFileReference; explicitFileType = wrapper.framework; path = FBSDKLoginKit.framework; sourceTree = BUILT_PRODUCTS_DIR; };
		1E7741E8246352780095C2B9 /* SimpleKeychain.framework */ = {isa = PBXFileReference; explicitFileType = wrapper.framework; path = SimpleKeychain.framework; sourceTree = BUILT_PRODUCTS_DIR; };
		1E7741F12463598A0095C2B9 /* LoginRadiusWebLoginViewController.m */ = {isa = PBXFileReference; fileEncoding = 4; lastKnownFileType = sourcecode.c.objc; path = LoginRadiusWebLoginViewController.m; sourceTree = "<group>"; };
		1E7741F22463598A0095C2B9 /* LoginRadiusWebLoginViewController.h */ = {isa = PBXFileReference; fileEncoding = 4; lastKnownFileType = sourcecode.c.h; path = LoginRadiusWebLoginViewController.h; sourceTree = "<group>"; };
		6809CDB81E49BE5F004017BB /* Info.plist */ = {isa = PBXFileReference; fileEncoding = 4; lastKnownFileType = text.plist.xml; path = Info.plist; sourceTree = "<group>"; };
		6884DF381CC9FC8A0071EFFB /* LoginRadiusSDK.framework */ = {isa = PBXFileReference; explicitFileType = wrapper.framework; includeInIndex = 0; path = LoginRadiusSDK.framework; sourceTree = BUILT_PRODUCTS_DIR; };
		6896D6F51D2E6C4800937820 /* LoginRadiusSDK.podspec */ = {isa = PBXFileReference; fileEncoding = 4; lastKnownFileType = text; path = LoginRadiusSDK.podspec; sourceTree = "<group>"; };
/* End PBXFileReference section */

/* Begin PBXFrameworksBuildPhase section */
		6884DF341CC9FC8A0071EFFB /* Frameworks */ = {
			isa = PBXFrameworksBuildPhase;
			buildActionMask = 2147483647;
			files = (
				1E5AFCE02463C2510074E852 /* WebKit.framework in Frameworks */,
			);
			runOnlyForDeploymentPostprocessing = 0;
		};
/* End PBXFrameworksBuildPhase section */

/* Begin PBXGroup section */
		1E1E385A246333AA00D7B615 /* Sources */ = {
			isa = PBXGroup;
			children = (
				1E1E385B246333AA00D7B615 /* Handler */,
				1E1E3864246333AA00D7B615 /* RestRequest */,
				1E1E3867246333AA00D7B615 /* LRSession.m */,
				1E1E3868246333AA00D7B615 /* LoginRadiusSDK.m */,
				1E1E3869246333AA00D7B615 /* NativeLogin */,
				1E1E386E246333AA00D7B615 /* SocialLogin */,
				1E1E3873246333AA00D7B615 /* LRSession.h */,
				1E1E3874246333AA00D7B615 /* TouchID */,
				1E1E3877246333AA00D7B615 /* Api */,
				1E1E3888246333AA00D7B615 /* LoginRadius.h */,
				1E1E3889246333AA00D7B615 /* LoginRadiusSDK.h */,
				1E1E388A246333AA00D7B615 /* Helper */,
			);
			path = Sources;
			sourceTree = "<group>";
		};
		1E1E385B246333AA00D7B615 /* Handler */ = {
			isa = PBXGroup;
			children = (
				1E1E385C246333AA00D7B615 /* LRMutableDictionary.h */,
				1E1E385D246333AA00D7B615 /* ReachabilityCheck.h */,
				1E1E385E246333AA00D7B615 /* LRString.h */,
				1E1E385F246333AA00D7B615 /* LRDictionary.h */,
				1E1E3860246333AA00D7B615 /* LRMutableDictionary.m */,
				1E1E3861246333AA00D7B615 /* ReachabilityCheck.m */,
				1E1E3862246333AA00D7B615 /* LRString.m */,
				1E1E3863246333AA00D7B615 /* LRDictionary.m */,
			);
			path = Handler;
			sourceTree = "<group>";
		};
		1E1E3864246333AA00D7B615 /* RestRequest */ = {
			isa = PBXGroup;
			children = (
				1E1E3865246333AA00D7B615 /* LoginRadiusREST.m */,
				1E1E3866246333AA00D7B615 /* LoginRadiusREST.h */,
			);
			path = RestRequest;
			sourceTree = "<group>";
		};
		1E1E3869246333AA00D7B615 /* NativeLogin */ = {
			isa = PBXGroup;
			children = (
				1E1E386A246333AA00D7B615 /* LoginRadiusFacebookLogin.h */,
				1E1E386B246333AA00D7B615 /* LoginRadiusTwitterLogin.m */,
				1E1E386C246333AA00D7B615 /* LoginRadiusFacebookLogin.m */,
				1E1E386D246333AA00D7B615 /* LoginRadiusTwitterLogin.h */,
			);
			path = NativeLogin;
			sourceTree = "<group>";
		};
		1E1E386E246333AA00D7B615 /* SocialLogin */ = {
			isa = PBXGroup;
			children = (
				1E7741F22463598A0095C2B9 /* LoginRadiusWebLoginViewController.h */,
				1E7741F12463598A0095C2B9 /* LoginRadiusWebLoginViewController.m */,
				1E1E386F246333AA00D7B615 /* LoginRadiusSafariLogin.h */,
				1E1E3870246333AA00D7B615 /* LoginRadiusSocialLoginManager.m */,
				1E1E3871246333AA00D7B615 /* LoginRadiusSafariLogin.m */,
				1E1E3872246333AA00D7B615 /* LoginRadiusSocialLoginManager.h */,
			);
			path = SocialLogin;
			sourceTree = "<group>";
		};
		1E1E3874246333AA00D7B615 /* TouchID */ = {
			isa = PBXGroup;
			children = (
				1E1E3875246333AA00D7B615 /* LRTouchIDAuth.m */,
				1E1E3876246333AA00D7B615 /* LRTouchIDAuth.h */,
			);
			path = TouchID;
			sourceTree = "<group>";
		};
		1E1E3877246333AA00D7B615 /* Api */ = {
			isa = PBXGroup;
			children = (
				1E1E3878246333AA00D7B615 /* CustomObjectAPI.h */,
				1E1E3879246333AA00D7B615 /* AuthenticationAPI.h */,
				1E1E387A246333AA00D7B615 /* PinAuthentication.m */,
				1E1E387B246333AA00D7B615 /* SocialAPI.h */,
				1E1E387C246333AA00D7B615 /* ConfigurationAPI.m */,
				1E1E387D246333AA00D7B615 /* SmartLoginAPI.m */,
				1E1E387E246333AA00D7B615 /* OneTouchLoginAPI.m */,
				1E1E387F246333AA00D7B615 /* PasswordlessLoginAPI.h */,
				1E1E3880246333AA00D7B615 /* SocialAPI.m */,
				1E1E3881246333AA00D7B615 /* PinAuthentication.h */,
				1E1E3882246333AA00D7B615 /* CustomObjectAPI.m */,
				1E1E3883246333AA00D7B615 /* AuthenticationAPI.m */,
				1E1E3884246333AA00D7B615 /* OneTouchLoginAPI.h */,
				1E1E3885246333AA00D7B615 /* SmartLoginAPI.h */,
				1E1E3886246333AA00D7B615 /* ConfigurationAPI.h */,
				1E1E3887246333AA00D7B615 /* PasswordlessLoginAPI.m */,
			);
			path = Api;
			sourceTree = "<group>";
		};
		1E1E388A246333AA00D7B615 /* Helper */ = {
			isa = PBXGroup;
			children = (
				1E1E388B246333AA00D7B615 /* LoginRadiusFieldRule.m */,
				1E1E388C246333AA00D7B615 /* LoginRadiusField.m */,
				1E1E388D246333AA00D7B615 /* LoginRadiusSchema.h */,
				1E1E388E246333AA00D7B615 /* LRErrors.m */,
				1E1E388F246333AA00D7B615 /* LoginRadiusError.m */,
				1E1E3890246333AA00D7B615 /* LoginRadiusFieldRule.h */,
				1E1E3891246333AA00D7B615 /* LoginRadiusSchema.m */,
				1E1E3892246333AA00D7B615 /* LoginRadiusField.h */,
				1E1E3893246333AA00D7B615 /* LRErrorCode.h */,
				1E1E3894246333AA00D7B615 /* LRErrors.h */,
				1E1E3895246333AA00D7B615 /* LoginRadiusError.h */,
			);
			path = Helper;
			sourceTree = "<group>";
		};
		1E7741E5246352780095C2B9 /* Frameworks */ = {
			isa = PBXGroup;
			children = (
				1E5AFCDF2463C2510074E852 /* WebKit.framework */,
				1E7741E6246352780095C2B9 /* FBSDKCoreKit.framework */,
				1E7741E7246352780095C2B9 /* FBSDKLoginKit.framework */,
				1E7741E8246352780095C2B9 /* SimpleKeychain.framework */,
			);
			name = Frameworks;
			sourceTree = "<group>";
		};
		6884DF2E1CC9FC8A0071EFFB = {
			isa = PBXGroup;
			children = (
				1E1E385A246333AA00D7B615 /* Sources */,
				6896D6F51D2E6C4800937820 /* LoginRadiusSDK.podspec */,
				6809CDB81E49BE5F004017BB /* Info.plist */,
				6884DF391CC9FC8A0071EFFB /* Products */,
				1E7741E5246352780095C2B9 /* Frameworks */,
			);
			sourceTree = "<group>";
		};
		6884DF391CC9FC8A0071EFFB /* Products */ = {
			isa = PBXGroup;
			children = (
				6884DF381CC9FC8A0071EFFB /* LoginRadiusSDK.framework */,
			);
			name = Products;
			sourceTree = "<group>";
		};
/* End PBXGroup section */

/* Begin PBXHeadersBuildPhase section */
		6884DF351CC9FC8A0071EFFB /* Headers */ = {
			isa = PBXHeadersBuildPhase;
			buildActionMask = 2147483647;
			files = (
				1E1E38C4246333AA00D7B615 /* LoginRadiusFieldRule.h in Headers */,
				1E1E38C9246333AA00D7B615 /* LoginRadiusError.h in Headers */,
				1E1E38B6246333AA00D7B615 /* PinAuthentication.h in Headers */,
				1E1E38B0246333AA00D7B615 /* SocialAPI.h in Headers */,
				1E1E38C7246333AA00D7B615 /* LRErrorCode.h in Headers */,
				1E1E38A9246333AA00D7B615 /* LoginRadiusSocialLoginManager.h in Headers */,
				1E1E38AE246333AA00D7B615 /* AuthenticationAPI.h in Headers */,
				1E1E3899246333AA00D7B615 /* LRDictionary.h in Headers */,
				1E1E38C8246333AA00D7B615 /* LRErrors.h in Headers */,
				1E1E3898246333AA00D7B615 /* LRString.h in Headers */,
				1E1E3897246333AA00D7B615 /* ReachabilityCheck.h in Headers */,
				1E1E389F246333AA00D7B615 /* LoginRadiusREST.h in Headers */,
				1E1E38BB246333AA00D7B615 /* ConfigurationAPI.h in Headers */,
				1E1E38AC246333AA00D7B615 /* LRTouchIDAuth.h in Headers */,
				1E1E38A2246333AA00D7B615 /* LoginRadiusFacebookLogin.h in Headers */,
				1E1E38B9246333AA00D7B615 /* OneTouchLoginAPI.h in Headers */,
				1E1E38C6246333AA00D7B615 /* LoginRadiusField.h in Headers */,
				1E1E38BA246333AA00D7B615 /* SmartLoginAPI.h in Headers */,
				1E1E38BE246333AA00D7B615 /* LoginRadiusSDK.h in Headers */,
				1E1E38A5246333AA00D7B615 /* LoginRadiusTwitterLogin.h in Headers */,
				1E7741F42463598A0095C2B9 /* LoginRadiusWebLoginViewController.h in Headers */,
				1E1E38C1246333AA00D7B615 /* LoginRadiusSchema.h in Headers */,
				1E1E38AA246333AA00D7B615 /* LRSession.h in Headers */,
				1E1E38A6246333AA00D7B615 /* LoginRadiusSafariLogin.h in Headers */,
				1E1E38BD246333AA00D7B615 /* LoginRadius.h in Headers */,
				1E1E3896246333AA00D7B615 /* LRMutableDictionary.h in Headers */,
				1E1E38AD246333AA00D7B615 /* CustomObjectAPI.h in Headers */,
				1E1E38B4246333AA00D7B615 /* PasswordlessLoginAPI.h in Headers */,
			);
			runOnlyForDeploymentPostprocessing = 0;
		};
/* End PBXHeadersBuildPhase section */

/* Begin PBXNativeTarget section */
		6884DF371CC9FC8A0071EFFB /* LoginRadiusSDK */ = {
			isa = PBXNativeTarget;
			buildConfigurationList = 6884DF4C1CC9FC8A0071EFFB /* Build configuration list for PBXNativeTarget "LoginRadiusSDK" */;
			buildPhases = (
				6884DF331CC9FC8A0071EFFB /* Sources */,
				6884DF341CC9FC8A0071EFFB /* Frameworks */,
				6884DF351CC9FC8A0071EFFB /* Headers */,
				6884DF361CC9FC8A0071EFFB /* Resources */,
				1E7741F0246352E30095C2B9 /* ShellScript */,
			);
			buildRules = (
			);
			dependencies = (
			);
			name = LoginRadiusSDK;
			productName = LRSDK;
			productReference = 6884DF381CC9FC8A0071EFFB /* LoginRadiusSDK.framework */;
			productType = "com.apple.product-type.framework";
		};
/* End PBXNativeTarget section */

/* Begin PBXProject section */
		6884DF2F1CC9FC8A0071EFFB /* Project object */ = {
			isa = PBXProject;
			attributes = {
				LastUpgradeCheck = 0800;
				ORGANIZATIONNAME = "LoginRadius Inc";
				TargetAttributes = {
					6884DF371CC9FC8A0071EFFB = {
						CreatedOnToolsVersion = 7.2;
						DevelopmentTeam = ALKGCW9CD6;
					};
				};
			};
			buildConfigurationList = 6884DF321CC9FC8A0071EFFB /* Build configuration list for PBXProject "LoginRadiusSDK" */;
			compatibilityVersion = "Xcode 3.2";
			developmentRegion = English;
			hasScannedForEncodings = 0;
			knownRegions = (
				English,
				en,
			);
			mainGroup = 6884DF2E1CC9FC8A0071EFFB;
			productRefGroup = 6884DF391CC9FC8A0071EFFB /* Products */;
			projectDirPath = "";
			projectRoot = "";
			targets = (
				6884DF371CC9FC8A0071EFFB /* LoginRadiusSDK */,
			);
		};
/* End PBXProject section */

/* Begin PBXResourcesBuildPhase section */
		6884DF361CC9FC8A0071EFFB /* Resources */ = {
			isa = PBXResourcesBuildPhase;
			buildActionMask = 2147483647;
			files = (
				6896D6F61D2E6C4800937820 /* LoginRadiusSDK.podspec in Resources */,
			);
			runOnlyForDeploymentPostprocessing = 0;
		};
/* End PBXResourcesBuildPhase section */

/* Begin PBXShellScriptBuildPhase section */
		1E7741F0246352E30095C2B9 /* ShellScript */ = {
			isa = PBXShellScriptBuildPhase;
			buildActionMask = 2147483647;
			files = (
			);
			inputFileListPaths = (
			);
			inputPaths = (
			);
			outputFileListPaths = (
			);
			outputPaths = (
			);
			runOnlyForDeploymentPostprocessing = 0;
			shellPath = /bin/sh;
			shellScript = "cd $BUILT_PRODUCTS_DIR\n\nmkdir $PROJECT_NAME.framework/Frameworks &>/dev/null\n\nfor framework in *.framework; do\nif [ $framework != $PROJECT_NAME.framework ]; then\ncp -r $framework $PROJECT_NAME.framework/Frameworks/ &>/dev/null\nfi\ndone\n";
		};
/* End PBXShellScriptBuildPhase section */

/* Begin PBXSourcesBuildPhase section */
		6884DF331CC9FC8A0071EFFB /* Sources */ = {
			isa = PBXSourcesBuildPhase;
			buildActionMask = 2147483647;
			files = (
				1E1E38AF246333AA00D7B615 /* PinAuthentication.m in Sources */,
				1E1E38A1246333AA00D7B615 /* LoginRadiusSDK.m in Sources */,
				1E1E38C5246333AA00D7B615 /* LoginRadiusSchema.m in Sources */,
				1E1E38B7246333AA00D7B615 /* CustomObjectAPI.m in Sources */,
				1E1E38B8246333AA00D7B615 /* AuthenticationAPI.m in Sources */,
				1E7741F32463598A0095C2B9 /* LoginRadiusWebLoginViewController.m in Sources */,
				1E1E38BF246333AA00D7B615 /* LoginRadiusFieldRule.m in Sources */,
				1E1E38B2246333AA00D7B615 /* SmartLoginAPI.m in Sources */,
				1E1E38C2246333AA00D7B615 /* LRErrors.m in Sources */,
				1E1E38A3246333AA00D7B615 /* LoginRadiusTwitterLogin.m in Sources */,
				1E1E38C3246333AA00D7B615 /* LoginRadiusError.m in Sources */,
				1E1E38A7246333AA00D7B615 /* LoginRadiusSocialLoginManager.m in Sources */,
				1E1E38B3246333AA00D7B615 /* OneTouchLoginAPI.m in Sources */,
				1E1E38A4246333AA00D7B615 /* LoginRadiusFacebookLogin.m in Sources */,
				1E1E38C0246333AA00D7B615 /* LoginRadiusField.m in Sources */,
				1E1E389A246333AA00D7B615 /* LRMutableDictionary.m in Sources */,
				1E1E389D246333AA00D7B615 /* LRDictionary.m in Sources */,
				1E1E38B5246333AA00D7B615 /* SocialAPI.m in Sources */,
				1E1E38A8246333AA00D7B615 /* LoginRadiusSafariLogin.m in Sources */,
				1E1E389C246333AA00D7B615 /* LRString.m in Sources */,
				1E1E38BC246333AA00D7B615 /* PasswordlessLoginAPI.m in Sources */,
				1E1E389E246333AA00D7B615 /* LoginRadiusREST.m in Sources */,
				1E1E38A0246333AA00D7B615 /* LRSession.m in Sources */,
				1E1E38B1246333AA00D7B615 /* ConfigurationAPI.m in Sources */,
				1E1E38AB246333AA00D7B615 /* LRTouchIDAuth.m in Sources */,
				1E1E389B246333AA00D7B615 /* ReachabilityCheck.m in Sources */,
			);
			runOnlyForDeploymentPostprocessing = 0;
		};
/* End PBXSourcesBuildPhase section */

/* Begin XCBuildConfiguration section */
		6884DF4A1CC9FC8A0071EFFB /* Debug */ = {
			isa = XCBuildConfiguration;
			buildSettings = {
				ALWAYS_SEARCH_USER_PATHS = NO;
				CLANG_CXX_LANGUAGE_STANDARD = "gnu++0x";
				CLANG_CXX_LIBRARY = "libc++";
				CLANG_ENABLE_MODULES = YES;
				CLANG_ENABLE_OBJC_ARC = YES;
				CLANG_WARN_BOOL_CONVERSION = YES;
				CLANG_WARN_CONSTANT_CONVERSION = YES;
				CLANG_WARN_DIRECT_OBJC_ISA_USAGE = YES_ERROR;
				CLANG_WARN_EMPTY_BODY = YES;
				CLANG_WARN_ENUM_CONVERSION = YES;
				CLANG_WARN_INFINITE_RECURSION = YES;
				CLANG_WARN_INT_CONVERSION = YES;
				CLANG_WARN_OBJC_ROOT_CLASS = YES_ERROR;
				CLANG_WARN_SUSPICIOUS_MOVE = YES;
				CLANG_WARN_UNREACHABLE_CODE = YES;
				CLANG_WARN__DUPLICATE_METHOD_MATCH = YES;
				"CODE_SIGN_IDENTITY[sdk=iphoneos*]" = "iPhone Developer";
				COPY_PHASE_STRIP = NO;
				CURRENT_PROJECT_VERSION = 1;
				DEBUG_INFORMATION_FORMAT = dwarf;
				ENABLE_STRICT_OBJC_MSGSEND = YES;
				ENABLE_TESTABILITY = YES;
				GCC_C_LANGUAGE_STANDARD = gnu99;
				GCC_DYNAMIC_NO_PIC = NO;
				GCC_NO_COMMON_BLOCKS = YES;
				GCC_OPTIMIZATION_LEVEL = 0;
				GCC_PREPROCESSOR_DEFINITIONS = (
					"DEBUG=1",
					"$(inherited)",
				);
				GCC_WARN_64_TO_32_BIT_CONVERSION = YES;
				GCC_WARN_ABOUT_RETURN_TYPE = YES_ERROR;
				GCC_WARN_UNDECLARED_SELECTOR = YES;
				GCC_WARN_UNINITIALIZED_AUTOS = YES_AGGRESSIVE;
				GCC_WARN_UNUSED_FUNCTION = YES;
				GCC_WARN_UNUSED_VARIABLE = YES;
				IPHONEOS_DEPLOYMENT_TARGET = 8.0;
				MTL_ENABLE_DEBUG_INFO = YES;
				ONLY_ACTIVE_ARCH = YES;
				SDKROOT = iphoneos;
				TARGETED_DEVICE_FAMILY = "1,2";
				VERSIONING_SYSTEM = "apple-generic";
				VERSION_INFO_PREFIX = "";
			};
			name = Debug;
		};
		6884DF4B1CC9FC8A0071EFFB /* Release */ = {
			isa = XCBuildConfiguration;
			buildSettings = {
				ALWAYS_SEARCH_USER_PATHS = NO;
				CLANG_CXX_LANGUAGE_STANDARD = "gnu++0x";
				CLANG_CXX_LIBRARY = "libc++";
				CLANG_ENABLE_MODULES = YES;
				CLANG_ENABLE_OBJC_ARC = YES;
				CLANG_WARN_BOOL_CONVERSION = YES;
				CLANG_WARN_CONSTANT_CONVERSION = YES;
				CLANG_WARN_DIRECT_OBJC_ISA_USAGE = YES_ERROR;
				CLANG_WARN_EMPTY_BODY = YES;
				CLANG_WARN_ENUM_CONVERSION = YES;
				CLANG_WARN_INFINITE_RECURSION = YES;
				CLANG_WARN_INT_CONVERSION = YES;
				CLANG_WARN_OBJC_ROOT_CLASS = YES_ERROR;
				CLANG_WARN_SUSPICIOUS_MOVE = YES;
				CLANG_WARN_UNREACHABLE_CODE = YES;
				CLANG_WARN__DUPLICATE_METHOD_MATCH = YES;
				"CODE_SIGN_IDENTITY[sdk=iphoneos*]" = "iPhone Developer";
				COPY_PHASE_STRIP = NO;
				CURRENT_PROJECT_VERSION = 1;
				DEBUG_INFORMATION_FORMAT = "dwarf-with-dsym";
				ENABLE_NS_ASSERTIONS = NO;
				ENABLE_STRICT_OBJC_MSGSEND = YES;
				GCC_C_LANGUAGE_STANDARD = gnu99;
				GCC_NO_COMMON_BLOCKS = YES;
				GCC_WARN_64_TO_32_BIT_CONVERSION = YES;
				GCC_WARN_ABOUT_RETURN_TYPE = YES_ERROR;
				GCC_WARN_UNDECLARED_SELECTOR = YES;
				GCC_WARN_UNINITIALIZED_AUTOS = YES_AGGRESSIVE;
				GCC_WARN_UNUSED_FUNCTION = YES;
				GCC_WARN_UNUSED_VARIABLE = YES;
				IPHONEOS_DEPLOYMENT_TARGET = 8.0;
				MTL_ENABLE_DEBUG_INFO = NO;
				SDKROOT = iphoneos;
				TARGETED_DEVICE_FAMILY = "1,2";
				VALIDATE_PRODUCT = YES;
				VERSIONING_SYSTEM = "apple-generic";
				VERSION_INFO_PREFIX = "";
			};
			name = Release;
		};
		6884DF4D1CC9FC8A0071EFFB /* Debug */ = {
			isa = XCBuildConfiguration;
			buildSettings = {
				CODE_SIGN_IDENTITY = "iPhone Developer";
				"CODE_SIGN_IDENTITY[sdk=iphoneos*]" = "";
				DEFINES_MODULE = YES;
				DYLIB_COMPATIBILITY_VERSION = 1;
				DYLIB_CURRENT_VERSION = 1;
				DYLIB_INSTALL_NAME_BASE = "@rpath";
				FRAMEWORK_SEARCH_PATHS = (
					"$(inherited)",
					"$(PROJECT_DIR)/LoginRadiusSDK",
					"$(PROJECT_DIR)/LoginRadiusSDK/Frameworks",
				);
				HEADER_SEARCH_PATHS = "$(inherited)";
				INFOPLIST_FILE = Info.plist;
				INSTALL_PATH = "$(LOCAL_LIBRARY_DIR)/Frameworks";
				IPHONEOS_DEPLOYMENT_TARGET = 8.0;
				LD_RUNPATH_SEARCH_PATHS = "$(inherited) @executable_path/Frameworks @loader_path/Frameworks";
				ONLY_ACTIVE_ARCH = YES;
				PRODUCT_BUNDLE_IDENTIFIER = com.loginradius.LoginRadiusSDK;
				PRODUCT_NAME = "$(TARGET_NAME)";
				SKIP_INSTALL = YES;
			};
			name = Debug;
		};
		6884DF4E1CC9FC8A0071EFFB /* Release */ = {
			isa = XCBuildConfiguration;
			buildSettings = {
				CODE_SIGN_IDENTITY = "iPhone Developer";
				"CODE_SIGN_IDENTITY[sdk=iphoneos*]" = "";
				DEFINES_MODULE = YES;
				DYLIB_COMPATIBILITY_VERSION = 1;
				DYLIB_CURRENT_VERSION = 1;
				DYLIB_INSTALL_NAME_BASE = "@rpath";
				FRAMEWORK_SEARCH_PATHS = (
					"$(inherited)",
					"$(PROJECT_DIR)/LoginRadiusSDK",
					"$(PROJECT_DIR)/LoginRadiusSDK/Frameworks",
				);
				HEADER_SEARCH_PATHS = "$(inherited)";
				INFOPLIST_FILE = Info.plist;
				INSTALL_PATH = "$(LOCAL_LIBRARY_DIR)/Frameworks";
				IPHONEOS_DEPLOYMENT_TARGET = 8.0;
				LD_RUNPATH_SEARCH_PATHS = "$(inherited) @executable_path/Frameworks @loader_path/Frameworks";
				PRODUCT_BUNDLE_IDENTIFIER = com.loginradius.LoginRadiusSDK;
				PRODUCT_NAME = "$(TARGET_NAME)";
				SKIP_INSTALL = YES;
			};
			name = Release;
		};
/* End XCBuildConfiguration section */

/* Begin XCConfigurationList section */
		6884DF321CC9FC8A0071EFFB /* Build configuration list for PBXProject "LoginRadiusSDK" */ = {
			isa = XCConfigurationList;
			buildConfigurations = (
				6884DF4A1CC9FC8A0071EFFB /* Debug */,
				6884DF4B1CC9FC8A0071EFFB /* Release */,
			);
			defaultConfigurationIsVisible = 0;
			defaultConfigurationName = Release;
		};
		6884DF4C1CC9FC8A0071EFFB /* Build configuration list for PBXNativeTarget "LoginRadiusSDK" */ = {
			isa = XCConfigurationList;
			buildConfigurations = (
				6884DF4D1CC9FC8A0071EFFB /* Debug */,
				6884DF4E1CC9FC8A0071EFFB /* Release */,
			);
			defaultConfigurationIsVisible = 0;
			defaultConfigurationName = Release;
		};
/* End XCConfigurationList section */
	};
	rootObject = 6884DF2F1CC9FC8A0071EFFB /* Project object */;
}
