// !$*UTF8*$!
{
	archiveVersion = 1;
	classes = {
	};
	objectVersion = 46;
	objects = {

/* Begin PBXBuildFile section */
		099BC4B3B02C343C6007D470 /* Pods_ObjCDemo.framework in Frameworks */ = {isa = PBXBuildFile; fileRef = 84063B8378AC28BA2F5D4FA9 /* Pods_ObjCDemo.framework */; };
		152C02D51EEAF7B100E4AF97 /* XLFormViewControllerExtension.m in Sources */ = {isa = PBXBuildFile; fileRef = 152C02D41EEAF7B100E4AF97 /* XLFormViewControllerExtension.m */; };
		682D11381CEC500B009274E2 /* main.m in Sources */ = {isa = PBXBuildFile; fileRef = 682D11371CEC500B009274E2 /* main.m */; };
		682D113B1CEC500B009274E2 /* AppDelegate.m in Sources */ = {isa = PBXBuildFile; fileRef = 682D113A1CEC500B009274E2 /* AppDelegate.m */; };
		682D113E1CEC500B009274E2 /* ViewController.m in Sources */ = {isa = PBXBuildFile; fileRef = 682D113D1CEC500B009274E2 /* ViewController.m */; };
		682D11411CEC500B009274E2 /* Main.storyboard in Resources */ = {isa = PBXBuildFile; fileRef = 682D113F1CEC500B009274E2 /* Main.storyboard */; };
		682D11431CEC500B009274E2 /* Assets.xcassets in Resources */ = {isa = PBXBuildFile; fileRef = 682D11421CEC500B009274E2 /* Assets.xcassets */; };
		682D11461CEC500B009274E2 /* LaunchScreen.storyboard in Resources */ = {isa = PBXBuildFile; fileRef = 682D11441CEC500B009274E2 /* LaunchScreen.storyboard */; };
		682D11531CEC50CA009274E2 /* DetailViewController.m in Sources */ = {isa = PBXBuildFile; fileRef = 682D11521CEC50CA009274E2 /* DetailViewController.m */; };
		FE1428DE1FE3A16300390A47 /* LoginRadius.plist in Resources */ = {isa = PBXBuildFile; fileRef = FE1428DD1FE3A16300390A47 /* LoginRadius.plist */; };
/* End PBXBuildFile section */

/* Begin PBXCopyFilesBuildPhase section */
		6830081D1CECF460000E43DC /* Embed Frameworks */ = {
			isa = PBXCopyFilesBuildPhase;
			buildActionMask = 2147483647;
			dstPath = "";
			dstSubfolderSpec = 10;
			files = (
			);
			name = "Embed Frameworks";
			runOnlyForDeploymentPostprocessing = 0;
		};
/* End PBXCopyFilesBuildPhase section */

/* Begin PBXFileReference section */
		152C02D31EEAF5ED00E4AF97 /* XLFormViewControllerExtension.h */ = {isa = PBXFileReference; lastKnownFileType = sourcecode.c.h; path = XLFormViewControllerExtension.h; sourceTree = "<group>"; };
		152C02D41EEAF7B100E4AF97 /* XLFormViewControllerExtension.m */ = {isa = PBXFileReference; fileEncoding = 4; lastKnownFileType = sourcecode.c.objc; path = XLFormViewControllerExtension.m; sourceTree = "<group>"; };
		15AAE7BA1EDCA42D009F66F0 /* ObjCDemo.entitlements */ = {isa = PBXFileReference; lastKnownFileType = text.plist.entitlements; path = ObjCDemo.entitlements; sourceTree = "<group>"; };
		682D11331CEC500B009274E2 /* ObjCDemo.app */ = {isa = PBXFileReference; explicitFileType = wrapper.application; includeInIndex = 0; path = ObjCDemo.app; sourceTree = BUILT_PRODUCTS_DIR; };
		682D11371CEC500B009274E2 /* main.m */ = {isa = PBXFileReference; lastKnownFileType = sourcecode.c.objc; path = main.m; sourceTree = "<group>"; };
		682D11391CEC500B009274E2 /* AppDelegate.h */ = {isa = PBXFileReference; lastKnownFileType = sourcecode.c.h; path = AppDelegate.h; sourceTree = "<group>"; };
		682D113A1CEC500B009274E2 /* AppDelegate.m */ = {isa = PBXFileReference; lastKnownFileType = sourcecode.c.objc; path = AppDelegate.m; sourceTree = "<group>"; };
		682D113C1CEC500B009274E2 /* ViewController.h */ = {isa = PBXFileReference; lastKnownFileType = sourcecode.c.h; path = ViewController.h; sourceTree = "<group>"; };
		682D113D1CEC500B009274E2 /* ViewController.m */ = {isa = PBXFileReference; lastKnownFileType = sourcecode.c.objc; path = ViewController.m; sourceTree = "<group>"; };
		682D11401CEC500B009274E2 /* Base */ = {isa = PBXFileReference; lastKnownFileType = file.storyboard; name = Base; path = Base.lproj/Main.storyboard; sourceTree = "<group>"; };
		682D11421CEC500B009274E2 /* Assets.xcassets */ = {isa = PBXFileReference; lastKnownFileType = folder.assetcatalog; path = Assets.xcassets; sourceTree = "<group>"; };
		682D11451CEC500B009274E2 /* Base */ = {isa = PBXFileReference; lastKnownFileType = file.storyboard; name = Base; path = Base.lproj/LaunchScreen.storyboard; sourceTree = "<group>"; };
		682D11471CEC500B009274E2 /* Info.plist */ = {isa = PBXFileReference; lastKnownFileType = text.plist.xml; path = Info.plist; sourceTree = "<group>"; };
		682D11511CEC50CA009274E2 /* DetailViewController.h */ = {isa = PBXFileReference; fileEncoding = 4; lastKnownFileType = sourcecode.c.h; path = DetailViewController.h; sourceTree = "<group>"; };
		682D11521CEC50CA009274E2 /* DetailViewController.m */ = {isa = PBXFileReference; fileEncoding = 4; lastKnownFileType = sourcecode.c.objc; path = DetailViewController.m; sourceTree = "<group>"; };
		84063B8378AC28BA2F5D4FA9 /* Pods_ObjCDemo.framework */ = {isa = PBXFileReference; explicitFileType = wrapper.framework; includeInIndex = 0; path = Pods_ObjCDemo.framework; sourceTree = BUILT_PRODUCTS_DIR; };
		A89FC4B7E46D47424B5808E1 /* Pods-ObjCDemo.debug.xcconfig */ = {isa = PBXFileReference; includeInIndex = 1; lastKnownFileType = text.xcconfig; name = "Pods-ObjCDemo.debug.xcconfig"; path = "../../Pods/Target Support Files/Pods-ObjCDemo/Pods-ObjCDemo.debug.xcconfig"; sourceTree = "<group>"; };
		E92A2AB1EFE5992533D85141 /* Pods-ObjCDemo.release.xcconfig */ = {isa = PBXFileReference; includeInIndex = 1; lastKnownFileType = text.xcconfig; name = "Pods-ObjCDemo.release.xcconfig"; path = "../../Pods/Target Support Files/Pods-ObjCDemo/Pods-ObjCDemo.release.xcconfig"; sourceTree = "<group>"; };
		FE1428DD1FE3A16300390A47 /* LoginRadius.plist */ = {isa = PBXFileReference; fileEncoding = 4; lastKnownFileType = text.plist.xml; path = LoginRadius.plist; sourceTree = "<group>"; };
/* End PBXFileReference section */

/* Begin PBXFrameworksBuildPhase section */
		682D11301CEC500B009274E2 /* Frameworks */ = {
			isa = PBXFrameworksBuildPhase;
			buildActionMask = 2147483647;
			files = (
				099BC4B3B02C343C6007D470 /* Pods_ObjCDemo.framework in Frameworks */,
			);
			runOnlyForDeploymentPostprocessing = 0;
		};
/* End PBXFrameworksBuildPhase section */

/* Begin PBXGroup section */
		682D112A1CEC500B009274E2 = {
			isa = PBXGroup;
			children = (
				682D11351CEC500B009274E2 /* ObjCDemo */,
				682D11341CEC500B009274E2 /* Products */,
				B1E7DA7E5D14B7524549F47A /* Pods */,
				9B063E2B7E59643CD72D2D26 /* Frameworks */,
			);
			sourceTree = "<group>";
		};
		682D11341CEC500B009274E2 /* Products */ = {
			isa = PBXGroup;
			children = (
				682D11331CEC500B009274E2 /* ObjCDemo.app */,
			);
			name = Products;
			sourceTree = "<group>";
		};
		682D11351CEC500B009274E2 /* ObjCDemo */ = {
			isa = PBXGroup;
			children = (
				15AAE7BA1EDCA42D009F66F0 /* ObjCDemo.entitlements */,
				682D11391CEC500B009274E2 /* AppDelegate.h */,
				682D113A1CEC500B009274E2 /* AppDelegate.m */,
				682D113C1CEC500B009274E2 /* ViewController.h */,
				682D113D1CEC500B009274E2 /* ViewController.m */,
				152C02D31EEAF5ED00E4AF97 /* XLFormViewControllerExtension.h */,
				152C02D41EEAF7B100E4AF97 /* XLFormViewControllerExtension.m */,
				682D11511CEC50CA009274E2 /* DetailViewController.h */,
				682D11521CEC50CA009274E2 /* DetailViewController.m */,
				682D113F1CEC500B009274E2 /* Main.storyboard */,
				682D11421CEC500B009274E2 /* Assets.xcassets */,
				682D11441CEC500B009274E2 /* LaunchScreen.storyboard */,
				FE1428DD1FE3A16300390A47 /* LoginRadius.plist */,
				682D11471CEC500B009274E2 /* Info.plist */,
				682D11361CEC500B009274E2 /* Supporting Files */,
			);
			path = ObjCDemo;
			sourceTree = "<group>";
		};
		682D11361CEC500B009274E2 /* Supporting Files */ = {
			isa = PBXGroup;
			children = (
				682D11371CEC500B009274E2 /* main.m */,
			);
			name = "Supporting Files";
			sourceTree = "<group>";
		};
		9B063E2B7E59643CD72D2D26 /* Frameworks */ = {
			isa = PBXGroup;
			children = (
				84063B8378AC28BA2F5D4FA9 /* Pods_ObjCDemo.framework */,
			);
			name = Frameworks;
			sourceTree = "<group>";
		};
		B1E7DA7E5D14B7524549F47A /* Pods */ = {
			isa = PBXGroup;
			children = (
				A89FC4B7E46D47424B5808E1 /* Pods-ObjCDemo.debug.xcconfig */,
				E92A2AB1EFE5992533D85141 /* Pods-ObjCDemo.release.xcconfig */,
			);
			name = Pods;
			sourceTree = "<group>";
		};
/* End PBXGroup section */

/* Begin PBXNativeTarget section */
		682D11321CEC500B009274E2 /* ObjCDemo */ = {
			isa = PBXNativeTarget;
			buildConfigurationList = 682D114A1CEC500B009274E2 /* Build configuration list for PBXNativeTarget "ObjCDemo" */;
			buildPhases = (
				82C9B6A239D3B3EFECDDBE8A /* [CP] Check Pods Manifest.lock */,
				D70AB3EE4E5F11D00D8DC4F6 /* [CP] Check Pods Manifest.lock */,
				682D112F1CEC500B009274E2 /* Sources */,
				682D11301CEC500B009274E2 /* Frameworks */,
				682D11311CEC500B009274E2 /* Resources */,
				6830081D1CECF460000E43DC /* Embed Frameworks */,
				F25119E5CD27D149EE2BCAD3 /* [CP] Embed Pods Frameworks */,
				DC346ED173EE075AE5371AB6 /* [CP] Copy Pods Resources */,
				90B8420AC29E61F97ACA3E4C /* 📦 Embed Pods Frameworks */,
				CA05527C79ECA7B093429F53 /* 📦 Copy Pods Resources */,
			);
			buildRules = (
			);
			dependencies = (
			);
			name = ObjCDemo;
			productName = ObjCDemo;
			productReference = 682D11331CEC500B009274E2 /* ObjCDemo.app */;
			productType = "com.apple.product-type.application";
		};
/* End PBXNativeTarget section */

/* Begin PBXProject section */
		682D112B1CEC500B009274E2 /* Project object */ = {
			isa = PBXProject;
			attributes = {
				LastUpgradeCheck = 0900;
				ORGANIZATIONNAME = "Raviteja Ghanta";
				TargetAttributes = {
					682D11321CEC500B009274E2 = {
						CreatedOnToolsVersion = 7.3.1;
						LastSwiftMigration = 0820;
						SystemCapabilities = {
							com.apple.Keychain = {
								enabled = 1;
							};
						};
					};
				};
			};
			buildConfigurationList = 682D112E1CEC500B009274E2 /* Build configuration list for PBXProject "ObjCDemo" */;
			compatibilityVersion = "Xcode 3.2";
			developmentRegion = English;
			hasScannedForEncodings = 0;
			knownRegions = (
				en,
				Base,
			);
			mainGroup = 682D112A1CEC500B009274E2;
			productRefGroup = 682D11341CEC500B009274E2 /* Products */;
			projectDirPath = "";
			projectRoot = "";
			targets = (
				682D11321CEC500B009274E2 /* ObjCDemo */,
			);
		};
/* End PBXProject section */

/* Begin PBXResourcesBuildPhase section */
		682D11311CEC500B009274E2 /* Resources */ = {
			isa = PBXResourcesBuildPhase;
			buildActionMask = 2147483647;
			files = (
				FE1428DE1FE3A16300390A47 /* LoginRadius.plist in Resources */,
				682D11461CEC500B009274E2 /* LaunchScreen.storyboard in Resources */,
				682D11431CEC500B009274E2 /* Assets.xcassets in Resources */,
				682D11411CEC500B009274E2 /* Main.storyboard in Resources */,
			);
			runOnlyForDeploymentPostprocessing = 0;
		};
/* End PBXResourcesBuildPhase section */

/* Begin PBXShellScriptBuildPhase section */
		82C9B6A239D3B3EFECDDBE8A /* [CP] Check Pods Manifest.lock */ = {
			isa = PBXShellScriptBuildPhase;
			buildActionMask = 2147483647;
			files = (
			);
			inputPaths = (
				"${PODS_PODFILE_DIR_PATH}/Podfile.lock",
				"${PODS_ROOT}/Manifest.lock",
			);
			name = "[CP] Check Pods Manifest.lock";
			outputPaths = (
				"$(DERIVED_FILE_DIR)/Pods-ObjCDemo-checkManifestLockResult.txt",
			);
			runOnlyForDeploymentPostprocessing = 0;
			shellPath = /bin/sh;
			shellScript = "diff \"${PODS_PODFILE_DIR_PATH}/Podfile.lock\" \"${PODS_ROOT}/Manifest.lock\" > /dev/null\nif [ $? != 0 ] ; then\n    # print error to STDERR\n    echo \"error: The sandbox is not in sync with the Podfile.lock. Run 'pod install' or update your CocoaPods installation.\" >&2\n    exit 1\nfi\n# This output is used by Xcode 'outputs' to avoid re-running this script phase.\necho \"SUCCESS\" > \"${SCRIPT_OUTPUT_FILE_0}\"\n";
			showEnvVarsInLog = 0;
		};
		90B8420AC29E61F97ACA3E4C /* 📦 Embed Pods Frameworks */ = {
			isa = PBXShellScriptBuildPhase;
			buildActionMask = 2147483647;
			files = (
			);
			inputPaths = (
			);
			name = "📦 Embed Pods Frameworks";
			outputPaths = (
			);
			runOnlyForDeploymentPostprocessing = 0;
			shellPath = /bin/sh;
			shellScript = "\"${SRCROOT}/../../Pods/Target Support Files/Pods-ObjCDemo/Pods-ObjCDemo-frameworks.sh\"\n";
			showEnvVarsInLog = 0;
		};
		CA05527C79ECA7B093429F53 /* 📦 Copy Pods Resources */ = {
			isa = PBXShellScriptBuildPhase;
			buildActionMask = 2147483647;
			files = (
			);
			inputPaths = (
			);
			name = "📦 Copy Pods Resources";
			outputPaths = (
			);
			runOnlyForDeploymentPostprocessing = 0;
			shellPath = /bin/sh;
			shellScript = "\"${SRCROOT}/../../Pods/Target Support Files/Pods-ObjCDemo/Pods-ObjCDemo-resources.sh\"\n";
			showEnvVarsInLog = 0;
		};
		D70AB3EE4E5F11D00D8DC4F6 /* [CP] Check Pods Manifest.lock */ = {
			isa = PBXShellScriptBuildPhase;
			buildActionMask = 2147483647;
			files = (
			);
			inputPaths = (
			);
			name = "[CP] Check Pods Manifest.lock";
			outputPaths = (
			);
			runOnlyForDeploymentPostprocessing = 0;
			shellPath = /bin/sh;
			shellScript = "diff \"${PODS_ROOT}/../Podfile.lock\" \"${PODS_ROOT}/Manifest.lock\" > /dev/null\nif [ $? != 0 ] ; then\n    # print error to STDERR\n    echo \"error: The sandbox is not in sync with the Podfile.lock. Run 'pod install' or update your CocoaPods installation.\" >&2\n    exit 1\nfi\n";
			showEnvVarsInLog = 0;
		};
		DC346ED173EE075AE5371AB6 /* [CP] Copy Pods Resources */ = {
			isa = PBXShellScriptBuildPhase;
			buildActionMask = 2147483647;
			files = (
			);
			inputPaths = (
				"${SRCROOT}/../../Pods/Target Support Files/Pods-ObjCDemo/Pods-ObjCDemo-resources.sh",
				"${PODS_ROOT}/GoogleSignIn/Resources/GoogleSignIn.bundle",
				"${PODS_ROOT}/TwitterKit/iOS/TwitterKit.framework/TwitterKitResources.bundle",
				"${PODS_ROOT}/TwitterKit/iOS/TwitterKit.framework/TwitterShareExtensionUIResources.bundle",
			);
			name = "[CP] Copy Pods Resources";
			outputPaths = (
				"${TARGET_BUILD_DIR}/${UNLOCALIZED_RESOURCES_FOLDER_PATH}",
			);
			runOnlyForDeploymentPostprocessing = 0;
			shellPath = /bin/sh;
			shellScript = "\"${SRCROOT}/../../Pods/Target Support Files/Pods-ObjCDemo/Pods-ObjCDemo-resources.sh\"\n";
			showEnvVarsInLog = 0;
		};
		F25119E5CD27D149EE2BCAD3 /* [CP] Embed Pods Frameworks */ = {
			isa = PBXShellScriptBuildPhase;
			buildActionMask = 2147483647;
			files = (
			);
			inputPaths = (
				"${SRCROOT}/../../Pods/Target Support Files/Pods-ObjCDemo/Pods-ObjCDemo-frameworks.sh",
				"${BUILT_PRODUCTS_DIR}/Bolts/Bolts.framework",
				"${BUILT_PRODUCTS_DIR}/FBSDKCoreKit/FBSDKCoreKit.framework",
				"${BUILT_PRODUCTS_DIR}/FBSDKLoginKit/FBSDKLoginKit.framework",
				"${BUILT_PRODUCTS_DIR}/LoginRadiusSDK/LoginRadiusSDK.framework",
				"${BUILT_PRODUCTS_DIR}/NSData+Base64/NSData_Base64.framework",
				"${BUILT_PRODUCTS_DIR}/OAuthCore/OAuthCore.framework",
				"${BUILT_PRODUCTS_DIR}/SimpleKeychain/SimpleKeychain.framework",
				"${BUILT_PRODUCTS_DIR}/XLForm/XLForm.framework",
			);
			name = "[CP] Embed Pods Frameworks";
			outputPaths = (
				"${TARGET_BUILD_DIR}/${FRAMEWORKS_FOLDER_PATH}/Bolts.framework",
				"${TARGET_BUILD_DIR}/${FRAMEWORKS_FOLDER_PATH}/FBSDKCoreKit.framework",
				"${TARGET_BUILD_DIR}/${FRAMEWORKS_FOLDER_PATH}/FBSDKLoginKit.framework",
				"${TARGET_BUILD_DIR}/${FRAMEWORKS_FOLDER_PATH}/LoginRadiusSDK.framework",
				"${TARGET_BUILD_DIR}/${FRAMEWORKS_FOLDER_PATH}/NSData_Base64.framework",
				"${TARGET_BUILD_DIR}/${FRAMEWORKS_FOLDER_PATH}/OAuthCore.framework",
				"${TARGET_BUILD_DIR}/${FRAMEWORKS_FOLDER_PATH}/SimpleKeychain.framework",
				"${TARGET_BUILD_DIR}/${FRAMEWORKS_FOLDER_PATH}/XLForm.framework",
			);
			runOnlyForDeploymentPostprocessing = 0;
			shellPath = /bin/sh;
			shellScript = "\"${SRCROOT}/../../Pods/Target Support Files/Pods-ObjCDemo/Pods-ObjCDemo-frameworks.sh\"\n";
			showEnvVarsInLog = 0;
		};
/* End PBXShellScriptBuildPhase section */

/* Begin PBXSourcesBuildPhase section */
		682D112F1CEC500B009274E2 /* Sources */ = {
			isa = PBXSourcesBuildPhase;
			buildActionMask = 2147483647;
			files = (
				682D113E1CEC500B009274E2 /* ViewController.m in Sources */,
				682D113B1CEC500B009274E2 /* AppDelegate.m in Sources */,
				152C02D51EEAF7B100E4AF97 /* XLFormViewControllerExtension.m in Sources */,
				682D11381CEC500B009274E2 /* main.m in Sources */,
				682D11531CEC50CA009274E2 /* DetailViewController.m in Sources */,
			);
			runOnlyForDeploymentPostprocessing = 0;
		};
/* End PBXSourcesBuildPhase section */

/* Begin PBXVariantGroup section */
		682D113F1CEC500B009274E2 /* Main.storyboard */ = {
			isa = PBXVariantGroup;
			children = (
				682D11401CEC500B009274E2 /* Base */,
			);
			name = Main.storyboard;
			sourceTree = "<group>";
		};
		682D11441CEC500B009274E2 /* LaunchScreen.storyboard */ = {
			isa = PBXVariantGroup;
			children = (
				682D11451CEC500B009274E2 /* Base */,
			);
			name = LaunchScreen.storyboard;
			sourceTree = "<group>";
		};
/* End PBXVariantGroup section */

/* Begin XCBuildConfiguration section */
		682D11481CEC500B009274E2 /* Debug */ = {
			isa = XCBuildConfiguration;
			buildSettings = {
				ALWAYS_SEARCH_USER_PATHS = NO;
				CLANG_ANALYZER_NONNULL = YES;
				CLANG_CXX_LANGUAGE_STANDARD = "gnu++0x";
				CLANG_CXX_LIBRARY = "libc++";
				CLANG_ENABLE_MODULES = YES;
				CLANG_ENABLE_OBJC_ARC = YES;
				CLANG_WARN_BLOCK_CAPTURE_AUTORELEASING = YES;
				CLANG_WARN_BOOL_CONVERSION = YES;
				CLANG_WARN_COMMA = YES;
				CLANG_WARN_CONSTANT_CONVERSION = YES;
				CLANG_WARN_DIRECT_OBJC_ISA_USAGE = YES_ERROR;
				CLANG_WARN_EMPTY_BODY = YES;
				CLANG_WARN_ENUM_CONVERSION = YES;
				CLANG_WARN_INFINITE_RECURSION = YES;
				CLANG_WARN_INT_CONVERSION = YES;
				CLANG_WARN_NON_LITERAL_NULL_CONVERSION = YES;
				CLANG_WARN_OBJC_LITERAL_CONVERSION = YES;
				CLANG_WARN_OBJC_ROOT_CLASS = YES_ERROR;
				CLANG_WARN_RANGE_LOOP_ANALYSIS = YES;
				CLANG_WARN_STRICT_PROTOTYPES = YES;
				CLANG_WARN_SUSPICIOUS_MOVE = YES;
				CLANG_WARN_UNREACHABLE_CODE = YES;
				CLANG_WARN__DUPLICATE_METHOD_MATCH = YES;
				"CODE_SIGN_IDENTITY[sdk=iphoneos*]" = "iPhone Developer";
				COPY_PHASE_STRIP = NO;
				DEBUG_INFORMATION_FORMAT = dwarf;
				ENABLE_STRICT_OBJC_MSGSEND = YES;
				ENABLE_TESTABILITY = YES;
				GCC_C_LANGUAGE_STANDARD = gnu99;
				GCC_DYNAMIC_NO_PIC = NO;
				GCC_NO_COMMON_BLOCKS = YES;
				GCC_OPTIMIZATION_LEVEL = 0;
				GCC_PREPROCESSOR_DEFINITIONS = (
					"DEBUG=1",
					"$(inherited)",
				);
				GCC_WARN_64_TO_32_BIT_CONVERSION = YES;
				GCC_WARN_ABOUT_RETURN_TYPE = YES_ERROR;
				GCC_WARN_UNDECLARED_SELECTOR = YES;
				GCC_WARN_UNINITIALIZED_AUTOS = YES_AGGRESSIVE;
				GCC_WARN_UNUSED_FUNCTION = YES;
				GCC_WARN_UNUSED_VARIABLE = YES;
				IPHONEOS_DEPLOYMENT_TARGET = 9.3;
				MTL_ENABLE_DEBUG_INFO = YES;
				ONLY_ACTIVE_ARCH = YES;
				SDKROOT = iphoneos;
				TARGETED_DEVICE_FAMILY = "1,2";
			};
			name = Debug;
		};
		682D11491CEC500B009274E2 /* Release */ = {
			isa = XCBuildConfiguration;
			buildSettings = {
				ALWAYS_SEARCH_USER_PATHS = NO;
				CLANG_ANALYZER_NONNULL = YES;
				CLANG_CXX_LANGUAGE_STANDARD = "gnu++0x";
				CLANG_CXX_LIBRARY = "libc++";
				CLANG_ENABLE_MODULES = YES;
				CLANG_ENABLE_OBJC_ARC = YES;
				CLANG_WARN_BLOCK_CAPTURE_AUTORELEASING = YES;
				CLANG_WARN_BOOL_CONVERSION = YES;
				CLANG_WARN_COMMA = YES;
				CLANG_WARN_CONSTANT_CONVERSION = YES;
				CLANG_WARN_DIRECT_OBJC_ISA_USAGE = YES_ERROR;
				CLANG_WARN_EMPTY_BODY = YES;
				CLANG_WARN_ENUM_CONVERSION = YES;
				CLANG_WARN_INFINITE_RECURSION = YES;
				CLANG_WARN_INT_CONVERSION = YES;
				CLANG_WARN_NON_LITERAL_NULL_CONVERSION = YES;
				CLANG_WARN_OBJC_LITERAL_CONVERSION = YES;
				CLANG_WARN_OBJC_ROOT_CLASS = YES_ERROR;
				CLANG_WARN_RANGE_LOOP_ANALYSIS = YES;
				CLANG_WARN_STRICT_PROTOTYPES = YES;
				CLANG_WARN_SUSPICIOUS_MOVE = YES;
				CLANG_WARN_UNREACHABLE_CODE = YES;
				CLANG_WARN__DUPLICATE_METHOD_MATCH = YES;
				"CODE_SIGN_IDENTITY[sdk=iphoneos*]" = "iPhone Developer";
				COPY_PHASE_STRIP = NO;
				DEBUG_INFORMATION_FORMAT = "dwarf-with-dsym";
				ENABLE_NS_ASSERTIONS = NO;
				ENABLE_STRICT_OBJC_MSGSEND = YES;
				GCC_C_LANGUAGE_STANDARD = gnu99;
				GCC_NO_COMMON_BLOCKS = YES;
				GCC_WARN_64_TO_32_BIT_CONVERSION = YES;
				GCC_WARN_ABOUT_RETURN_TYPE = YES_ERROR;
				GCC_WARN_UNDECLARED_SELECTOR = YES;
				GCC_WARN_UNINITIALIZED_AUTOS = YES_AGGRESSIVE;
				GCC_WARN_UNUSED_FUNCTION = YES;
				GCC_WARN_UNUSED_VARIABLE = YES;
				IPHONEOS_DEPLOYMENT_TARGET = 9.3;
				MTL_ENABLE_DEBUG_INFO = NO;
				SDKROOT = iphoneos;
				TARGETED_DEVICE_FAMILY = "1,2";
				VALIDATE_PRODUCT = YES;
			};
			name = Release;
		};
		682D114B1CEC500B009274E2 /* Debug */ = {
			isa = XCBuildConfiguration;
			baseConfigurationReference = A89FC4B7E46D47424B5808E1 /* Pods-ObjCDemo.debug.xcconfig */;
			buildSettings = {
				ASSETCATALOG_COMPILER_APPICON_NAME = AppIcon;
				CODE_SIGN_ENTITLEMENTS = ObjCDemo/ObjCDemo.entitlements;
				CODE_SIGN_IDENTITY = "iPhone Developer";
				DEVELOPMENT_TEAM = "";
				FRAMEWORK_SEARCH_PATHS = (
					"$(inherited)",
					"$(PROJECT_DIR)",
					"$(PROJECT_DIR)/ObjCDemo",
				);
				INFOPLIST_FILE = ObjCDemo/Info.plist;
				LD_GENERATE_MAP_FILE = NO;
				LD_RUNPATH_SEARCH_PATHS = "$(inherited) @executable_path/Frameworks";
				PRODUCT_BUNDLE_IDENTIFIER = com.loginradius.ObjCDemo;
				PRODUCT_NAME = "$(TARGET_NAME)";
				SWIFT_VERSION = 3.0;
			};
			name = Debug;
		};
		682D114C1CEC500B009274E2 /* Release */ = {
			isa = XCBuildConfiguration;
			baseConfigurationReference = E92A2AB1EFE5992533D85141 /* Pods-ObjCDemo.release.xcconfig */;
			buildSettings = {
				ASSETCATALOG_COMPILER_APPICON_NAME = AppIcon;
				CODE_SIGN_ENTITLEMENTS = ObjCDemo/ObjCDemo.entitlements;
				CODE_SIGN_IDENTITY = "iPhone Developer";
				DEVELOPMENT_TEAM = "";
				FRAMEWORK_SEARCH_PATHS = (
					"$(inherited)",
					"$(PROJECT_DIR)",
					"$(PROJECT_DIR)/ObjCDemo",
				);
				INFOPLIST_FILE = ObjCDemo/Info.plist;
				LD_GENERATE_MAP_FILE = NO;
				LD_RUNPATH_SEARCH_PATHS = "$(inherited) @executable_path/Frameworks";
				PRODUCT_BUNDLE_IDENTIFIER = com.loginradius.ObjCDemo;
				PRODUCT_NAME = "$(TARGET_NAME)";
				SWIFT_VERSION = 3.0;
			};
			name = Release;
		};
/* End XCBuildConfiguration section */

/* Begin XCConfigurationList section */
		682D112E1CEC500B009274E2 /* Build configuration list for PBXProject "ObjCDemo" */ = {
			isa = XCConfigurationList;
			buildConfigurations = (
				682D11481CEC500B009274E2 /* Debug */,
				682D11491CEC500B009274E2 /* Release */,
			);
			defaultConfigurationIsVisible = 0;
			defaultConfigurationName = Release;
		};
		682D114A1CEC500B009274E2 /* Build configuration list for PBXNativeTarget "ObjCDemo" */ = {
			isa = XCConfigurationList;
			buildConfigurations = (
				682D114B1CEC500B009274E2 /* Debug */,
				682D114C1CEC500B009274E2 /* Release */,
			);
			defaultConfigurationIsVisible = 0;
			defaultConfigurationName = Release;
		};
/* End XCConfigurationList section */
	};
	rootObject = 682D112B1CEC500B009274E2 /* Project object */;
}
